
Microsoft Visual Studio Solution File, Format Version 12.00
# Visual Studio 2012
VisualStudioVersion = 14.0.23107.0
MinimumVisualStudioVersion = 10.0.40219.1
Project("{2150E333-8FDC-42A3-9474-1A3956D46DE8}") = ".paket", ".paket", "{63297B98-5CED-492C-A5B7-A5B4F73CF142}"
	ProjectSection(SolutionItems) = preProject
		paket.dependencies = paket.dependencies
		paket.lock = paket.lock
	EndProjectSection
EndProject
Project("{2150E333-8FDC-42A3-9474-1A3956D46DE8}") = "docs", "docs", "{A6A6AF7D-D6E3-442D-9B1E-58CC91879BE1}"
EndProject
Project("{2150E333-8FDC-42A3-9474-1A3956D46DE8}") = "tools", "tools", "{83F16175-43B1-4C90-A1EE-8E351C33435D}"
	ProjectSection(SolutionItems) = preProject
		docs\tools\generate.fsx = docs\tools\generate.fsx
		docs\tools\templates\template.cshtml = docs\tools\templates\template.cshtml
	EndProjectSection
EndProject
Project("{2150E333-8FDC-42A3-9474-1A3956D46DE8}") = "content", "content", "{8E6D5255-776D-4B61-85F9-73C37AA1FB9A}"
	ProjectSection(SolutionItems) = preProject
		docs\content\index.fsx = docs\content\index.fsx
		docs\content\tutorial.fsx = docs\content\tutorial.fsx
	EndProjectSection
EndProject
Project("{2150E333-8FDC-42A3-9474-1A3956D46DE8}") = "project", "project", "{BF60BC93-E09B-4E5F-9D85-95A519479D54}"
	ProjectSection(SolutionItems) = preProject
		build.fsx = build.fsx
		README.md = README.md
		RELEASE_NOTES.md = RELEASE_NOTES.md
	EndProjectSection
EndProject
Project("{2150E333-8FDC-42A3-9474-1A3956D46DE8}") = "tests", "tests", "{ED8079DD-2B06-4030-9F0F-DC548F98E1C4}"
EndProject
Project("{f2a71f9b-5d33-465a-a702-920d77279786}") = "MallabaevAzamatHW.Tests", "tests\MallabaevAzamatHW.Tests\MallabaevAzamatHW.Tests.fsproj", "{3704D9ED-05DC-4CF4-BDB4-6BA36A283B72}"
EndProject
Project("{f2a71f9b-5d33-465a-a702-920d77279786}") = "Task2.Tests", "tests\Task2.Tests\Task2.Tests.fsproj", "{826A9ADE-30A6-42A5-B721-77BCCD9740EB}"
EndProject
Project("{f2a71f9b-5d33-465a-a702-920d77279786}") = "Task3.Tests", "tests\Task3.Tests\Task3.Tests.fsproj", "{787BC4E1-C153-4A1A-96EA-BCB87BBF6B75}"
EndProject
Project("{f2a71f9b-5d33-465a-a702-920d77279786}") = "Task4.Tests", "tests\Task4.Tests\Task4.Tests.fsproj", "{3E1D71B2-9598-4258-99BA-3C7E69E44366}"
EndProject
Project("{f2a71f9b-5d33-465a-a702-920d77279786}") = "Task5.Tests", "tests\Task5.Tests\Task5.Tests.fsproj", "{A27A7F73-7698-4FA7-A087-11224B260947}"
EndProject
Project("{f2a71f9b-5d33-465a-a702-920d77279786}") = "Task7.Tests", "tests\Task7.Tests\Task7.Tests.fsproj", "{931F33FC-3C0D-4017-A1CD-C131A5F906E2}"
EndProject
Project("{f2a71f9b-5d33-465a-a702-920d77279786}") = "Task6.Tests", "tests\Task6.Tests\Task6.Tests.fsproj", "{A5474309-FF1A-42F8-97B0-7E43D107E3DC}"
EndProject
Project("{f2a71f9b-5d33-465a-a702-920d77279786}") = "Task8.Tests", "tests\Task8.Tests\Task8.Tests.fsproj", "{DC74967D-3C3D-4FCA-BCCB-4BD23BA54EDF}"
EndProject
Project("{f2a71f9b-5d33-465a-a702-920d77279786}") = "Task9.Tests", "tests\Task9.Tests\Task9.Tests.fsproj", "{A29AD293-A506-47B1-A747-81DE93A99481}"
EndProject
Project("{f2a71f9b-5d33-465a-a702-920d77279786}") = "TaskA.Tests", "tests\TaskA.Tests\TaskA.Tests.fsproj", "{3E638C6C-7046-4020-9724-5D63318B3973}"
EndProject
Project("{f2a71f9b-5d33-465a-a702-920d77279786}") = "TaskB.Tests", "tests\TaskB.Tests\TaskB.Tests.fsproj", "{06424E69-87DD-4710-B1D9-D5B2ED7AF541}"
EndProject
Project("{f2a71f9b-5d33-465a-a702-920d77279786}") = "TaskC.Tests", "tests\TaskC.Tests\TaskC.Tests.fsproj", "{27F71D62-D82F-4A53-B276-C74476DE4684}"
EndProject
Project("{f2a71f9b-5d33-465a-a702-920d77279786}") = "TaskD.Tests", "tests\TaskD.Tests\TaskD.Tests.fsproj", "{BFA6D8FF-6491-4D4B-9758-7F3549F55179}"
EndProject
Project("{f2a71f9b-5d33-465a-a702-920d77279786}") = "Task21.Tests", "tests\Task21.Tests\Task21.Tests.fsproj", "{B18A63F6-E2A6-496C-9035-9EDDC85F6592}"
EndProject
Project("{f2a71f9b-5d33-465a-a702-920d77279786}") = "Task18.Tests", "tests\Task18.Tests\Task18.Tests.fsproj", "{A4A09B18-FCC2-4AF2-9F2D-F7860560C387}"
EndProject
Project("{2150E333-8FDC-42A3-9474-1A3956D46DE8}") = "src", "src", "{78558732-FEE8-4B71-B880-953C4CFC4963}"
EndProject
Project("{f2a71f9b-5d33-465a-a702-920d77279786}") = "MallabaevAzamatHW", "src\MallabaevAzamatHW\MallabaevAzamatHW.fsproj", "{3287B8A3-7C91-404B-8DF8-674B005A012F}"
EndProject
Project("{f2a71f9b-5d33-465a-a702-920d77279786}") = "Task2", "src\Task2\Task2.fsproj", "{BF72CD30-570C-4224-9C5C-6F6A0F5E77AF}"
EndProject
Project("{f2a71f9b-5d33-465a-a702-920d77279786}") = "Task3", "src\Task3\Task3.fsproj", "{CA012D7B-E15D-4F65-B34F-5AA36AF27F51}"
EndProject
Project("{f2a71f9b-5d33-465a-a702-920d77279786}") = "Task4", "src\Task4\Task4.fsproj", "{98713A2E-0D45-435C-8E86-8F6B91A55E7B}"
EndProject
Project("{f2a71f9b-5d33-465a-a702-920d77279786}") = "Task5", "src\Task5\Task5.fsproj", "{BF2004EC-A72C-4202-A2C8-433108FEDDAB}"
EndProject
Project("{f2a71f9b-5d33-465a-a702-920d77279786}") = "Task6", "src\Task6\Task6.fsproj", "{191F6043-80F0-4240-A980-E35DF9947CB4}"
EndProject
Project("{f2a71f9b-5d33-465a-a702-920d77279786}") = "Task7", "src\Task7\Task7.fsproj", "{6F2BF3DD-D188-4BAC-8389-98573A884DC5}"
EndProject
Project("{f2a71f9b-5d33-465a-a702-920d77279786}") = "Task8", "src\Task8\Task8.fsproj", "{93B80711-2E2E-4171-B73C-A19FCE0E1456}"
EndProject
Project("{f2a71f9b-5d33-465a-a702-920d77279786}") = "Task9", "src\Task9\Task9.fsproj", "{2C5D96E1-44B4-4263-BF8B-3CAEE22DFE3A}"
EndProject
Project("{f2a71f9b-5d33-465a-a702-920d77279786}") = "TaskA", "src\TaskA\TaskA.fsproj", "{7FB7C9E2-F530-4803-B260-06B158046549}"
EndProject
Project("{f2a71f9b-5d33-465a-a702-920d77279786}") = "TaskB", "src\TaskB\TaskB.fsproj", "{1777BB8A-0FCA-4706-867F-B077E98F5C1B}"
EndProject
Project("{f2a71f9b-5d33-465a-a702-920d77279786}") = "TaskC", "src\TaskC\TaskC.fsproj", "{C2696D20-2AA1-4DE5-A0EF-EAE78EE42872}"
EndProject
Project("{f2a71f9b-5d33-465a-a702-920d77279786}") = "TaskD", "src\TaskD\TaskD.fsproj", "{EF8D723C-3CE8-4544-AF0F-51772712812A}"
EndProject
Project("{f2a71f9b-5d33-465a-a702-920d77279786}") = "Task14", "src\Task14\Task14.fsproj", "{AFEF7CBC-1AB3-4E05-B644-D91B05A44561}"
EndProject
Project("{f2a71f9b-5d33-465a-a702-920d77279786}") = "Task32", "src\Task32\Task32.fsproj", "{CC2EC5AB-93CC-4E0D-8090-89F24503C2CB}"
EndProject
Project("{f2a71f9b-5d33-465a-a702-920d77279786}") = "Task21", "src\Task21\Task21.fsproj", "{FDC8B74C-537D-4692-BB26-407FFAFC378F}"
EndProject
Project("{f2a71f9b-5d33-465a-a702-920d77279786}") = "Task15", "src\Task15\Task15.fsproj", "{D6E6C092-2468-4610-919E-E5A7F33937B7}"
EndProject
Project("{f2a71f9b-5d33-465a-a702-920d77279786}") = "Task30", "src\Task30\Task30.fsproj", "{E6BEEA5D-D7C1-40C6-AAC6-1B17019E789A}"
EndProject
Project("{f2a71f9b-5d33-465a-a702-920d77279786}") = "Task31", "src\Task31\Task31.fsproj", "{5005260D-37EE-4B47-A736-F3CE58814352}"
EndProject
Project("{f2a71f9b-5d33-465a-a702-920d77279786}") = "common", "src\common\common.fsproj", "{D753AFFD-9FBB-4B66-8156-C2B666795F26}"
EndProject
Project("{f2a71f9b-5d33-465a-a702-920d77279786}") = "Task27", "src\Task27\Task27.fsproj", "{6C3DB9B4-4A95-430A-8994-478C8AF14F64}"
EndProject
Project("{f2a71f9b-5d33-465a-a702-920d77279786}") = "Task28", "src\Task28\Task28.fsproj", "{94BBE0DE-467B-4E1E-9178-9DDBAC820A9E}"
EndProject
Project("{f2a71f9b-5d33-465a-a702-920d77279786}") = "Task29", "src\Task29\Task29.fsproj", "{057B7A84-3A6B-4CB6-9C01-7FDF1A64D8D3}"
EndProject
Project("{f2a71f9b-5d33-465a-a702-920d77279786}") = "Task24", "src\Task24\Task24.fsproj", "{A4DA9E5E-1C8E-4D74-BF9C-45E38EE48F43}"
EndProject
Project("{f2a71f9b-5d33-465a-a702-920d77279786}") = "Task18", "src\Task18\Task18.fsproj", "{A7EBA196-12A3-426B-A4AC-3652AE3CF222}"
EndProject
Global
	GlobalSection(SolutionConfigurationPlatforms) = preSolution
		Debug|Any CPU = Debug|Any CPU
		Release|Any CPU = Release|Any CPU
	EndGlobalSection
	GlobalSection(ProjectConfigurationPlatforms) = postSolution
		{057B7A84-3A6B-4CB6-9C01-7FDF1A64D8D3}.Debug|Any CPU.ActiveCfg = Debug|Any CPU
		{057B7A84-3A6B-4CB6-9C01-7FDF1A64D8D3}.Debug|Any CPU.Build.0 = Debug|Any CPU
		{057B7A84-3A6B-4CB6-9C01-7FDF1A64D8D3}.Release|Any CPU.ActiveCfg = Release|Any CPU
		{057B7A84-3A6B-4CB6-9C01-7FDF1A64D8D3}.Release|Any CPU.Build.0 = Release|Any CPU
		{06424E69-87DD-4710-B1D9-D5B2ED7AF541}.Debug|Any CPU.ActiveCfg = Debug|Any CPU
		{06424E69-87DD-4710-B1D9-D5B2ED7AF541}.Debug|Any CPU.Build.0 = Debug|Any CPU
		{06424E69-87DD-4710-B1D9-D5B2ED7AF541}.Release|Any CPU.ActiveCfg = Release|Any CPU
		{06424E69-87DD-4710-B1D9-D5B2ED7AF541}.Release|Any CPU.Build.0 = Release|Any CPU
		{1777BB8A-0FCA-4706-867F-B077E98F5C1B}.Debug|Any CPU.ActiveCfg = Debug|Any CPU
		{1777BB8A-0FCA-4706-867F-B077E98F5C1B}.Debug|Any CPU.Build.0 = Debug|Any CPU
		{1777BB8A-0FCA-4706-867F-B077E98F5C1B}.Release|Any CPU.ActiveCfg = Release|Any CPU
		{1777BB8A-0FCA-4706-867F-B077E98F5C1B}.Release|Any CPU.Build.0 = Release|Any CPU
		{191F6043-80F0-4240-A980-E35DF9947CB4}.Debug|Any CPU.ActiveCfg = Debug|Any CPU
		{191F6043-80F0-4240-A980-E35DF9947CB4}.Debug|Any CPU.Build.0 = Debug|Any CPU
		{191F6043-80F0-4240-A980-E35DF9947CB4}.Release|Any CPU.ActiveCfg = Release|Any CPU
		{191F6043-80F0-4240-A980-E35DF9947CB4}.Release|Any CPU.Build.0 = Release|Any CPU
		{27F71D62-D82F-4A53-B276-C74476DE4684}.Debug|Any CPU.ActiveCfg = Debug|Any CPU
		{27F71D62-D82F-4A53-B276-C74476DE4684}.Debug|Any CPU.Build.0 = Debug|Any CPU
		{27F71D62-D82F-4A53-B276-C74476DE4684}.Release|Any CPU.ActiveCfg = Release|Any CPU
		{27F71D62-D82F-4A53-B276-C74476DE4684}.Release|Any CPU.Build.0 = Release|Any CPU
		{2C5D96E1-44B4-4263-BF8B-3CAEE22DFE3A}.Debug|Any CPU.ActiveCfg = Debug|Any CPU
		{2C5D96E1-44B4-4263-BF8B-3CAEE22DFE3A}.Debug|Any CPU.Build.0 = Debug|Any CPU
		{2C5D96E1-44B4-4263-BF8B-3CAEE22DFE3A}.Release|Any CPU.ActiveCfg = Release|Any CPU
		{2C5D96E1-44B4-4263-BF8B-3CAEE22DFE3A}.Release|Any CPU.Build.0 = Release|Any CPU
		{3287B8A3-7C91-404B-8DF8-674B005A012F}.Debug|Any CPU.ActiveCfg = Debug|Any CPU
		{3287B8A3-7C91-404B-8DF8-674B005A012F}.Debug|Any CPU.Build.0 = Debug|Any CPU
		{3287B8A3-7C91-404B-8DF8-674B005A012F}.Release|Any CPU.ActiveCfg = Release|Any CPU
		{3287B8A3-7C91-404B-8DF8-674B005A012F}.Release|Any CPU.Build.0 = Release|Any CPU
		{3704D9ED-05DC-4CF4-BDB4-6BA36A283B72}.Debug|Any CPU.ActiveCfg = Debug|Any CPU
		{3704D9ED-05DC-4CF4-BDB4-6BA36A283B72}.Debug|Any CPU.Build.0 = Debug|Any CPU
		{3704D9ED-05DC-4CF4-BDB4-6BA36A283B72}.Release|Any CPU.ActiveCfg = Release|Any CPU
		{3704D9ED-05DC-4CF4-BDB4-6BA36A283B72}.Release|Any CPU.Build.0 = Release|Any CPU
		{3E1D71B2-9598-4258-99BA-3C7E69E44366}.Debug|Any CPU.ActiveCfg = Debug|Any CPU
		{3E1D71B2-9598-4258-99BA-3C7E69E44366}.Debug|Any CPU.Build.0 = Debug|Any CPU
		{3E1D71B2-9598-4258-99BA-3C7E69E44366}.Release|Any CPU.ActiveCfg = Release|Any CPU
		{3E1D71B2-9598-4258-99BA-3C7E69E44366}.Release|Any CPU.Build.0 = Release|Any CPU
		{3E638C6C-7046-4020-9724-5D63318B3973}.Debug|Any CPU.ActiveCfg = Debug|Any CPU
		{3E638C6C-7046-4020-9724-5D63318B3973}.Debug|Any CPU.Build.0 = Debug|Any CPU
		{3E638C6C-7046-4020-9724-5D63318B3973}.Release|Any CPU.ActiveCfg = Release|Any CPU
		{3E638C6C-7046-4020-9724-5D63318B3973}.Release|Any CPU.Build.0 = Release|Any CPU
		{5005260D-37EE-4B47-A736-F3CE58814352}.Debug|Any CPU.ActiveCfg = Debug|Any CPU
		{5005260D-37EE-4B47-A736-F3CE58814352}.Debug|Any CPU.Build.0 = Debug|Any CPU
		{5005260D-37EE-4B47-A736-F3CE58814352}.Release|Any CPU.ActiveCfg = Release|Any CPU
		{5005260D-37EE-4B47-A736-F3CE58814352}.Release|Any CPU.Build.0 = Release|Any CPU
		{6C3DB9B4-4A95-430A-8994-478C8AF14F64}.Debug|Any CPU.ActiveCfg = Debug|Any CPU
		{6C3DB9B4-4A95-430A-8994-478C8AF14F64}.Debug|Any CPU.Build.0 = Debug|Any CPU
		{6C3DB9B4-4A95-430A-8994-478C8AF14F64}.Release|Any CPU.ActiveCfg = Release|Any CPU
		{6C3DB9B4-4A95-430A-8994-478C8AF14F64}.Release|Any CPU.Build.0 = Release|Any CPU
		{6F2BF3DD-D188-4BAC-8389-98573A884DC5}.Debug|Any CPU.ActiveCfg = Debug|Any CPU
		{6F2BF3DD-D188-4BAC-8389-98573A884DC5}.Debug|Any CPU.Build.0 = Debug|Any CPU
		{6F2BF3DD-D188-4BAC-8389-98573A884DC5}.Release|Any CPU.ActiveCfg = Release|Any CPU
		{6F2BF3DD-D188-4BAC-8389-98573A884DC5}.Release|Any CPU.Build.0 = Release|Any CPU
		{787BC4E1-C153-4A1A-96EA-BCB87BBF6B75}.Debug|Any CPU.ActiveCfg = Debug|Any CPU
		{787BC4E1-C153-4A1A-96EA-BCB87BBF6B75}.Debug|Any CPU.Build.0 = Debug|Any CPU
		{787BC4E1-C153-4A1A-96EA-BCB87BBF6B75}.Release|Any CPU.ActiveCfg = Release|Any CPU
		{787BC4E1-C153-4A1A-96EA-BCB87BBF6B75}.Release|Any CPU.Build.0 = Release|Any CPU
		{7FB7C9E2-F530-4803-B260-06B158046549}.Debug|Any CPU.ActiveCfg = Debug|Any CPU
		{7FB7C9E2-F530-4803-B260-06B158046549}.Debug|Any CPU.Build.0 = Debug|Any CPU
		{7FB7C9E2-F530-4803-B260-06B158046549}.Release|Any CPU.ActiveCfg = Release|Any CPU
		{7FB7C9E2-F530-4803-B260-06B158046549}.Release|Any CPU.Build.0 = Release|Any CPU
		{826A9ADE-30A6-42A5-B721-77BCCD9740EB}.Debug|Any CPU.ActiveCfg = Debug|Any CPU
		{826A9ADE-30A6-42A5-B721-77BCCD9740EB}.Debug|Any CPU.Build.0 = Debug|Any CPU
		{826A9ADE-30A6-42A5-B721-77BCCD9740EB}.Release|Any CPU.ActiveCfg = Release|Any CPU
		{826A9ADE-30A6-42A5-B721-77BCCD9740EB}.Release|Any CPU.Build.0 = Release|Any CPU
		{931F33FC-3C0D-4017-A1CD-C131A5F906E2}.Debug|Any CPU.ActiveCfg = Debug|Any CPU
		{931F33FC-3C0D-4017-A1CD-C131A5F906E2}.Debug|Any CPU.Build.0 = Debug|Any CPU
		{931F33FC-3C0D-4017-A1CD-C131A5F906E2}.Release|Any CPU.ActiveCfg = Release|Any CPU
		{931F33FC-3C0D-4017-A1CD-C131A5F906E2}.Release|Any CPU.Build.0 = Release|Any CPU
		{93B80711-2E2E-4171-B73C-A19FCE0E1456}.Debug|Any CPU.ActiveCfg = Debug|Any CPU
		{93B80711-2E2E-4171-B73C-A19FCE0E1456}.Debug|Any CPU.Build.0 = Debug|Any CPU
		{93B80711-2E2E-4171-B73C-A19FCE0E1456}.Release|Any CPU.ActiveCfg = Release|Any CPU
		{93B80711-2E2E-4171-B73C-A19FCE0E1456}.Release|Any CPU.Build.0 = Release|Any CPU
		{94BBE0DE-467B-4E1E-9178-9DDBAC820A9E}.Debug|Any CPU.ActiveCfg = Debug|Any CPU
		{94BBE0DE-467B-4E1E-9178-9DDBAC820A9E}.Debug|Any CPU.Build.0 = Debug|Any CPU
		{94BBE0DE-467B-4E1E-9178-9DDBAC820A9E}.Release|Any CPU.ActiveCfg = Release|Any CPU
		{94BBE0DE-467B-4E1E-9178-9DDBAC820A9E}.Release|Any CPU.Build.0 = Release|Any CPU
		{98713A2E-0D45-435C-8E86-8F6B91A55E7B}.Debug|Any CPU.ActiveCfg = Debug|Any CPU
		{98713A2E-0D45-435C-8E86-8F6B91A55E7B}.Debug|Any CPU.Build.0 = Debug|Any CPU
		{98713A2E-0D45-435C-8E86-8F6B91A55E7B}.Release|Any CPU.ActiveCfg = Release|Any CPU
		{98713A2E-0D45-435C-8E86-8F6B91A55E7B}.Release|Any CPU.Build.0 = Release|Any CPU
		{A27A7F73-7698-4FA7-A087-11224B260947}.Debug|Any CPU.ActiveCfg = Debug|Any CPU
		{A27A7F73-7698-4FA7-A087-11224B260947}.Debug|Any CPU.Build.0 = Debug|Any CPU
		{A27A7F73-7698-4FA7-A087-11224B260947}.Release|Any CPU.ActiveCfg = Release|Any CPU
		{A27A7F73-7698-4FA7-A087-11224B260947}.Release|Any CPU.Build.0 = Release|Any CPU
		{A29AD293-A506-47B1-A747-81DE93A99481}.Debug|Any CPU.ActiveCfg = Debug|Any CPU
		{A29AD293-A506-47B1-A747-81DE93A99481}.Debug|Any CPU.Build.0 = Debug|Any CPU
		{A29AD293-A506-47B1-A747-81DE93A99481}.Release|Any CPU.ActiveCfg = Release|Any CPU
		{A29AD293-A506-47B1-A747-81DE93A99481}.Release|Any CPU.Build.0 = Release|Any CPU
		{A4A09B18-FCC2-4AF2-9F2D-F7860560C387}.Debug|Any CPU.ActiveCfg = Debug|Any CPU
		{A4A09B18-FCC2-4AF2-9F2D-F7860560C387}.Debug|Any CPU.Build.0 = Debug|Any CPU
		{A4A09B18-FCC2-4AF2-9F2D-F7860560C387}.Release|Any CPU.ActiveCfg = Release|Any CPU
		{A4A09B18-FCC2-4AF2-9F2D-F7860560C387}.Release|Any CPU.Build.0 = Release|Any CPU
		{A4DA9E5E-1C8E-4D74-BF9C-45E38EE48F43}.Debug|Any CPU.ActiveCfg = Debug|Any CPU
		{A4DA9E5E-1C8E-4D74-BF9C-45E38EE48F43}.Debug|Any CPU.Build.0 = Debug|Any CPU
		{A4DA9E5E-1C8E-4D74-BF9C-45E38EE48F43}.Release|Any CPU.ActiveCfg = Release|Any CPU
		{A4DA9E5E-1C8E-4D74-BF9C-45E38EE48F43}.Release|Any CPU.Build.0 = Release|Any CPU
		{A5474309-FF1A-42F8-97B0-7E43D107E3DC}.Debug|Any CPU.ActiveCfg = Debug|Any CPU
		{A5474309-FF1A-42F8-97B0-7E43D107E3DC}.Debug|Any CPU.Build.0 = Debug|Any CPU
		{A5474309-FF1A-42F8-97B0-7E43D107E3DC}.Release|Any CPU.ActiveCfg = Release|Any CPU
		{A5474309-FF1A-42F8-97B0-7E43D107E3DC}.Release|Any CPU.Build.0 = Release|Any CPU
		{A7EBA196-12A3-426B-A4AC-3652AE3CF222}.Debug|Any CPU.ActiveCfg = Debug|Any CPU
		{A7EBA196-12A3-426B-A4AC-3652AE3CF222}.Debug|Any CPU.Build.0 = Debug|Any CPU
		{A7EBA196-12A3-426B-A4AC-3652AE3CF222}.Release|Any CPU.ActiveCfg = Release|Any CPU
		{A7EBA196-12A3-426B-A4AC-3652AE3CF222}.Release|Any CPU.Build.0 = Release|Any CPU
		{AFEF7CBC-1AB3-4E05-B644-D91B05A44561}.Debug|Any CPU.ActiveCfg = Debug|Any CPU
		{AFEF7CBC-1AB3-4E05-B644-D91B05A44561}.Debug|Any CPU.Build.0 = Debug|Any CPU
		{AFEF7CBC-1AB3-4E05-B644-D91B05A44561}.Release|Any CPU.ActiveCfg = Release|Any CPU
		{AFEF7CBC-1AB3-4E05-B644-D91B05A44561}.Release|Any CPU.Build.0 = Release|Any CPU
		{B18A63F6-E2A6-496C-9035-9EDDC85F6592}.Debug|Any CPU.ActiveCfg = Debug|Any CPU
		{B18A63F6-E2A6-496C-9035-9EDDC85F6592}.Debug|Any CPU.Build.0 = Debug|Any CPU
		{B18A63F6-E2A6-496C-9035-9EDDC85F6592}.Release|Any CPU.ActiveCfg = Release|Any CPU
		{B18A63F6-E2A6-496C-9035-9EDDC85F6592}.Release|Any CPU.Build.0 = Release|Any CPU
		{BF2004EC-A72C-4202-A2C8-433108FEDDAB}.Debug|Any CPU.ActiveCfg = Debug|Any CPU
		{BF2004EC-A72C-4202-A2C8-433108FEDDAB}.Debug|Any CPU.Build.0 = Debug|Any CPU
		{BF2004EC-A72C-4202-A2C8-433108FEDDAB}.Release|Any CPU.ActiveCfg = Release|Any CPU
		{BF2004EC-A72C-4202-A2C8-433108FEDDAB}.Release|Any CPU.Build.0 = Release|Any CPU
		{BF72CD30-570C-4224-9C5C-6F6A0F5E77AF}.Debug|Any CPU.ActiveCfg = Debug|Any CPU
		{BF72CD30-570C-4224-9C5C-6F6A0F5E77AF}.Debug|Any CPU.Build.0 = Debug|Any CPU
		{BF72CD30-570C-4224-9C5C-6F6A0F5E77AF}.Release|Any CPU.ActiveCfg = Release|Any CPU
		{BF72CD30-570C-4224-9C5C-6F6A0F5E77AF}.Release|Any CPU.Build.0 = Release|Any CPU
		{BFA6D8FF-6491-4D4B-9758-7F3549F55179}.Debug|Any CPU.ActiveCfg = Debug|Any CPU
		{BFA6D8FF-6491-4D4B-9758-7F3549F55179}.Debug|Any CPU.Build.0 = Debug|Any CPU
		{BFA6D8FF-6491-4D4B-9758-7F3549F55179}.Release|Any CPU.ActiveCfg = Release|Any CPU
		{BFA6D8FF-6491-4D4B-9758-7F3549F55179}.Release|Any CPU.Build.0 = Release|Any CPU
		{C2696D20-2AA1-4DE5-A0EF-EAE78EE42872}.Debug|Any CPU.ActiveCfg = Debug|Any CPU
		{C2696D20-2AA1-4DE5-A0EF-EAE78EE42872}.Debug|Any CPU.Build.0 = Debug|Any CPU
		{C2696D20-2AA1-4DE5-A0EF-EAE78EE42872}.Release|Any CPU.ActiveCfg = Release|Any CPU
		{C2696D20-2AA1-4DE5-A0EF-EAE78EE42872}.Release|Any CPU.Build.0 = Release|Any CPU
		{CA012D7B-E15D-4F65-B34F-5AA36AF27F51}.Debug|Any CPU.ActiveCfg = Debug|Any CPU
		{CA012D7B-E15D-4F65-B34F-5AA36AF27F51}.Debug|Any CPU.Build.0 = Debug|Any CPU
		{CA012D7B-E15D-4F65-B34F-5AA36AF27F51}.Release|Any CPU.ActiveCfg = Release|Any CPU
		{CA012D7B-E15D-4F65-B34F-5AA36AF27F51}.Release|Any CPU.Build.0 = Release|Any CPU
		{CC2EC5AB-93CC-4E0D-8090-89F24503C2CB}.Debug|Any CPU.ActiveCfg = Debug|Any CPU
		{CC2EC5AB-93CC-4E0D-8090-89F24503C2CB}.Debug|Any CPU.Build.0 = Debug|Any CPU
		{CC2EC5AB-93CC-4E0D-8090-89F24503C2CB}.Release|Any CPU.ActiveCfg = Release|Any CPU
		{CC2EC5AB-93CC-4E0D-8090-89F24503C2CB}.Release|Any CPU.Build.0 = Release|Any CPU
		{D6E6C092-2468-4610-919E-E5A7F33937B7}.Debug|Any CPU.ActiveCfg = Debug|Any CPU
		{D6E6C092-2468-4610-919E-E5A7F33937B7}.Debug|Any CPU.Build.0 = Debug|Any CPU
		{D6E6C092-2468-4610-919E-E5A7F33937B7}.Release|Any CPU.ActiveCfg = Release|Any CPU
		{D6E6C092-2468-4610-919E-E5A7F33937B7}.Release|Any CPU.Build.0 = Release|Any CPU
		{D753AFFD-9FBB-4B66-8156-C2B666795F26}.Debug|Any CPU.ActiveCfg = Debug|Any CPU
		{D753AFFD-9FBB-4B66-8156-C2B666795F26}.Debug|Any CPU.Build.0 = Debug|Any CPU
		{D753AFFD-9FBB-4B66-8156-C2B666795F26}.Release|Any CPU.ActiveCfg = Release|Any CPU
		{D753AFFD-9FBB-4B66-8156-C2B666795F26}.Release|Any CPU.Build.0 = Release|Any CPU
		{DC74967D-3C3D-4FCA-BCCB-4BD23BA54EDF}.Debug|Any CPU.ActiveCfg = Debug|Any CPU
		{DC74967D-3C3D-4FCA-BCCB-4BD23BA54EDF}.Debug|Any CPU.Build.0 = Debug|Any CPU
		{DC74967D-3C3D-4FCA-BCCB-4BD23BA54EDF}.Release|Any CPU.ActiveCfg = Release|Any CPU
		{DC74967D-3C3D-4FCA-BCCB-4BD23BA54EDF}.Release|Any CPU.Build.0 = Release|Any CPU
		{E6BEEA5D-D7C1-40C6-AAC6-1B17019E789A}.Debug|Any CPU.ActiveCfg = Debug|Any CPU
		{E6BEEA5D-D7C1-40C6-AAC6-1B17019E789A}.Debug|Any CPU.Build.0 = Debug|Any CPU
		{E6BEEA5D-D7C1-40C6-AAC6-1B17019E789A}.Release|Any CPU.ActiveCfg = Release|Any CPU
		{E6BEEA5D-D7C1-40C6-AAC6-1B17019E789A}.Release|Any CPU.Build.0 = Release|Any CPU
		{EF8D723C-3CE8-4544-AF0F-51772712812A}.Debug|Any CPU.ActiveCfg = Debug|Any CPU
		{EF8D723C-3CE8-4544-AF0F-51772712812A}.Debug|Any CPU.Build.0 = Debug|Any CPU
		{EF8D723C-3CE8-4544-AF0F-51772712812A}.Release|Any CPU.ActiveCfg = Release|Any CPU
		{EF8D723C-3CE8-4544-AF0F-51772712812A}.Release|Any CPU.Build.0 = Release|Any CPU
		{FDC8B74C-537D-4692-BB26-407FFAFC378F}.Debug|Any CPU.ActiveCfg = Debug|Any CPU
		{FDC8B74C-537D-4692-BB26-407FFAFC378F}.Debug|Any CPU.Build.0 = Debug|Any CPU
		{FDC8B74C-537D-4692-BB26-407FFAFC378F}.Release|Any CPU.ActiveCfg = Release|Any CPU
		{FDC8B74C-537D-4692-BB26-407FFAFC378F}.Release|Any CPU.Build.0 = Release|Any CPU
	EndGlobalSection
	GlobalSection(NestedProjects) = preSolution
		{83F16175-43B1-4C90-A1EE-8E351C33435D} = {A6A6AF7D-D6E3-442D-9B1E-58CC91879BE1}
		{8E6D5255-776D-4B61-85F9-73C37AA1FB9A} = {A6A6AF7D-D6E3-442D-9B1E-58CC91879BE1}
		{3704D9ED-05DC-4CF4-BDB4-6BA36A283B72} = {ED8079DD-2B06-4030-9F0F-DC548F98E1C4}
		{826A9ADE-30A6-42A5-B721-77BCCD9740EB} = {ED8079DD-2B06-4030-9F0F-DC548F98E1C4}
		{787BC4E1-C153-4A1A-96EA-BCB87BBF6B75} = {ED8079DD-2B06-4030-9F0F-DC548F98E1C4}
		{3E1D71B2-9598-4258-99BA-3C7E69E44366} = {ED8079DD-2B06-4030-9F0F-DC548F98E1C4}
		{A27A7F73-7698-4FA7-A087-11224B260947} = {ED8079DD-2B06-4030-9F0F-DC548F98E1C4}
		{931F33FC-3C0D-4017-A1CD-C131A5F906E2} = {ED8079DD-2B06-4030-9F0F-DC548F98E1C4}
		{A5474309-FF1A-42F8-97B0-7E43D107E3DC} = {ED8079DD-2B06-4030-9F0F-DC548F98E1C4}
		{DC74967D-3C3D-4FCA-BCCB-4BD23BA54EDF} = {ED8079DD-2B06-4030-9F0F-DC548F98E1C4}
		{A29AD293-A506-47B1-A747-81DE93A99481} = {ED8079DD-2B06-4030-9F0F-DC548F98E1C4}
		{3E638C6C-7046-4020-9724-5D63318B3973} = {ED8079DD-2B06-4030-9F0F-DC548F98E1C4}
		{06424E69-87DD-4710-B1D9-D5B2ED7AF541} = {ED8079DD-2B06-4030-9F0F-DC548F98E1C4}
		{27F71D62-D82F-4A53-B276-C74476DE4684} = {ED8079DD-2B06-4030-9F0F-DC548F98E1C4}
		{BFA6D8FF-6491-4D4B-9758-7F3549F55179} = {ED8079DD-2B06-4030-9F0F-DC548F98E1C4}
		{B18A63F6-E2A6-496C-9035-9EDDC85F6592} = {ED8079DD-2B06-4030-9F0F-DC548F98E1C4}
		{A4A09B18-FCC2-4AF2-9F2D-F7860560C387} = {ED8079DD-2B06-4030-9F0F-DC548F98E1C4}
		{3287B8A3-7C91-404B-8DF8-674B005A012F} = {78558732-FEE8-4B71-B880-953C4CFC4963}
		{BF72CD30-570C-4224-9C5C-6F6A0F5E77AF} = {78558732-FEE8-4B71-B880-953C4CFC4963}
		{CA012D7B-E15D-4F65-B34F-5AA36AF27F51} = {78558732-FEE8-4B71-B880-953C4CFC4963}
		{98713A2E-0D45-435C-8E86-8F6B91A55E7B} = {78558732-FEE8-4B71-B880-953C4CFC4963}
		{BF2004EC-A72C-4202-A2C8-433108FEDDAB} = {78558732-FEE8-4B71-B880-953C4CFC4963}
		{191F6043-80F0-4240-A980-E35DF9947CB4} = {78558732-FEE8-4B71-B880-953C4CFC4963}
		{6F2BF3DD-D188-4BAC-8389-98573A884DC5} = {78558732-FEE8-4B71-B880-953C4CFC4963}
		{93B80711-2E2E-4171-B73C-A19FCE0E1456} = {78558732-FEE8-4B71-B880-953C4CFC4963}
		{2C5D96E1-44B4-4263-BF8B-3CAEE22DFE3A} = {78558732-FEE8-4B71-B880-953C4CFC4963}
		{7FB7C9E2-F530-4803-B260-06B158046549} = {78558732-FEE8-4B71-B880-953C4CFC4963}
		{1777BB8A-0FCA-4706-867F-B077E98F5C1B} = {78558732-FEE8-4B71-B880-953C4CFC4963}
		{C2696D20-2AA1-4DE5-A0EF-EAE78EE42872} = {78558732-FEE8-4B71-B880-953C4CFC4963}
		{EF8D723C-3CE8-4544-AF0F-51772712812A} = {78558732-FEE8-4B71-B880-953C4CFC4963}
		{AFEF7CBC-1AB3-4E05-B644-D91B05A44561} = {78558732-FEE8-4B71-B880-953C4CFC4963}
		{CC2EC5AB-93CC-4E0D-8090-89F24503C2CB} = {78558732-FEE8-4B71-B880-953C4CFC4963}
		{FDC8B74C-537D-4692-BB26-407FFAFC378F} = {78558732-FEE8-4B71-B880-953C4CFC4963}
		{D6E6C092-2468-4610-919E-E5A7F33937B7} = {78558732-FEE8-4B71-B880-953C4CFC4963}
		{E6BEEA5D-D7C1-40C6-AAC6-1B17019E789A} = {78558732-FEE8-4B71-B880-953C4CFC4963}
		{5005260D-37EE-4B47-A736-F3CE58814352} = {78558732-FEE8-4B71-B880-953C4CFC4963}
		{D753AFFD-9FBB-4B66-8156-C2B666795F26} = {78558732-FEE8-4B71-B880-953C4CFC4963}
		{6C3DB9B4-4A95-430A-8994-478C8AF14F64} = {78558732-FEE8-4B71-B880-953C4CFC4963}
		{94BBE0DE-467B-4E1E-9178-9DDBAC820A9E} = {78558732-FEE8-4B71-B880-953C4CFC4963}
		{057B7A84-3A6B-4CB6-9C01-7FDF1A64D8D3} = {78558732-FEE8-4B71-B880-953C4CFC4963}
		{A4DA9E5E-1C8E-4D74-BF9C-45E38EE48F43} = {78558732-FEE8-4B71-B880-953C4CFC4963}
		{A7EBA196-12A3-426B-A4AC-3652AE3CF222} = {78558732-FEE8-4B71-B880-953C4CFC4963}
	EndGlobalSection
	GlobalSection(SolutionProperties) = preSolution
		HideSolutionNode = FALSE
	EndGlobalSection
EndGlobal
