Microsoft Visual Studio Solution File, Format Version 12.00
# Visual Studio 2013
VisualStudioVersion = 12.0.31101.0
MinimumVisualStudioVersion = 10.0.40219.1
Project("{2150E333-8FDC-42A3-9474-1A3956D46DE8}") = ".paket", ".paket", "{63297B98-5CED-492C-A5B7-A5B4F73CF142}"
	ProjectSection(SolutionItems) = preProject
		paket.dependencies = paket.dependencies
		paket.lock = paket.lock
	EndProjectSection
EndProject
Project("{2150E333-8FDC-42A3-9474-1A3956D46DE8}") = "docs", "docs", "{A6A6AF7D-D6E3-442D-9B1E-58CC91879BE1}"
EndProject
Project("{F2A71F9B-5D33-465A-A702-920D77279786}") = "ArtyomovEgorHW", "src\ArtyomovEgorHW\ArtyomovEgorHW.fsproj", "{B10FC712-C6E3-43F2-A9DB-10216DF5FE4F}"
EndProject
Project("{2150E333-8FDC-42A3-9474-1A3956D46DE8}") = "project", "project", "{BF60BC93-E09B-4E5F-9D85-95A519479D54}"
	ProjectSection(SolutionItems) = preProject
		build.fsx = build.fsx
		README.md = README.md
		RELEASE_NOTES.md = RELEASE_NOTES.md
	EndProjectSection
EndProject
Project("{2150E333-8FDC-42A3-9474-1A3956D46DE8}") = "tools", "tools", "{83F16175-43B1-4C90-A1EE-8E351C33435D}"
	ProjectSection(SolutionItems) = preProject
		docs\tools\generate.fsx = docs\tools\generate.fsx
		docs\tools\templates\template.cshtml = docs\tools\templates\template.cshtml
	EndProjectSection
EndProject
Project("{2150E333-8FDC-42A3-9474-1A3956D46DE8}") = "content", "content", "{8E6D5255-776D-4B61-85F9-73C37AA1FB9A}"
	ProjectSection(SolutionItems) = preProject
		docs\content\index.fsx = docs\content\index.fsx
		docs\content\tutorial.fsx = docs\content\tutorial.fsx
	EndProjectSection
EndProject
Project("{2150E333-8FDC-42A3-9474-1A3956D46DE8}") = "tests", "tests", "{ED8079DD-2B06-4030-9F0F-DC548F98E1C4}"
EndProject
Project("{F2A71F9B-5D33-465A-A702-920D77279786}") = "ArtyomovEgorHW.Tests", "tests\ArtyomovEgorHW.Tests\ArtyomovEgorHW.Tests.fsproj", "{5012DCE7-5CB2-408B-B3EA-D6F1A28796AB}"
EndProject
Project("{2150E333-8FDC-42A3-9474-1A3956D46DE8}") = "src", "src", "{6A465A92-77C9-49AE-96EA-013B890D0F6E}"
EndProject
Project("{F2A71F9B-5D33-465A-A702-920D77279786}") = "Task2", "src\Task2\Task2.fsproj", "{AB104CB1-643C-43B7-9736-E6DAB0A75CF1}"
EndProject
Project("{F2A71F9B-5D33-465A-A702-920D77279786}") = "Task2.Tests", "tests\Task2.Tests\Task2.Tests.fsproj", "{EBBB0411-96AE-456C-8D6F-87455ECF5B4A}"
EndProject
Project("{F2A71F9B-5D33-465A-A702-920D77279786}") = "Task3", "src\Task3\Task3.fsproj", "{313FBFB1-4CE8-4133-988B-089EC565A067}"
EndProject
Project("{F2A71F9B-5D33-465A-A702-920D77279786}") = "Task3.Tests", "tests\Task3.Tests\Task3.Tests.fsproj", "{206A423C-F483-4CE6-B00D-6AF3F507AD8F}"
EndProject
Project("{F2A71F9B-5D33-465A-A702-920D77279786}") = "Task4", "src\Task4\Task4.fsproj", "{54D7D809-EF2B-419D-BA15-33B2ABF324A4}"
EndProject
Project("{F2A71F9B-5D33-465A-A702-920D77279786}") = "Task4.Tests", "tests\Task4.Tests\Task4.Tests.fsproj", "{B4791BD1-A783-4980-B856-B3CE779E4FD3}"
EndProject
Project("{F2A71F9B-5D33-465A-A702-920D77279786}") = "Task5", "src\Task5\Task5.fsproj", "{13D437F1-FFBC-4196-B5B1-A752DF04233A}"
EndProject
Project("{F2A71F9B-5D33-465A-A702-920D77279786}") = "Task5.Tests", "tests\Task5.Tests\Task5.Tests.fsproj", "{3BB5231D-F78E-446B-9B91-6535DF517253}"
EndProject
Project("{F2A71F9B-5D33-465A-A702-920D77279786}") = "Task6", "src\Task6\Task6.fsproj", "{15767D9F-6CEB-4E7C-8CC7-80A3DE4DE8EC}"
EndProject
Project("{F2A71F9B-5D33-465A-A702-920D77279786}") = "Task6.Tests", "tests\Task6.Tests\Task6.Tests.fsproj", "{521245DB-4751-4BA6-B17A-10F6475EEBF3}"
EndProject
Project("{F2A71F9B-5D33-465A-A702-920D77279786}") = "Task7", "src\Task7\Task7.fsproj", "{5ABC4ED1-4715-43FC-879B-44D7925B5ECD}"
EndProject
Project("{F2A71F9B-5D33-465A-A702-920D77279786}") = "Task7.Tests", "tests\Task7.Tests\Task7.Tests.fsproj", "{D4B01F88-320F-41D8-A49F-AF77272B07E4}"
EndProject
Project("{F2A71F9B-5D33-465A-A702-920D77279786}") = "Task8", "src\Task8\Task8.fsproj", "{D95F8463-41B4-4BBC-92ED-6AB67CC4CCA8}"
EndProject
Project("{F2A71F9B-5D33-465A-A702-920D77279786}") = "Task8.Tests", "tests\Task8.Tests\Task8.Tests.fsproj", "{211D5208-EC4A-4334-9DB6-53CDEFAE13B0}"
EndProject
Project("{F2A71F9B-5D33-465A-A702-920D77279786}") = "Task9", "src\Task9\Task9.fsproj", "{E9A89B90-051D-4AAB-934A-C932E30849AD}"
EndProject
Project("{F2A71F9B-5D33-465A-A702-920D77279786}") = "Task9.Tests", "tests\Task9.Tests\Task9.Tests.fsproj", "{FC799E8A-1EB9-4F0B-89F4-28680253EEB1}"
EndProject
Project("{F2A71F9B-5D33-465A-A702-920D77279786}") = "Task10", "src\Task10\Task10.fsproj", "{C42C90B3-C882-4B60-9D02-68DB228B428F}"
EndProject
Project("{F2A71F9B-5D33-465A-A702-920D77279786}") = "Task10.Tests", "tests\Task10.Tests\Task10.Tests.fsproj", "{2366E9C5-939C-4FF2-AB60-9BA7CA0B1298}"
EndProject
Project("{F2A71F9B-5D33-465A-A702-920D77279786}") = "Task15", "src\Task15\Task15.fsproj", "{F9DC4D61-CB43-4F3E-9C61-41DE7AD78359}"
EndProject
Project("{F2A71F9B-5D33-465A-A702-920D77279786}") = "Task15.Tests", "tests\Task15.Tests\Task15.Tests.fsproj", "{87049678-EC79-4284-9D28-9187ACB3A7D4}"
EndProject
Project("{F2A71F9B-5D33-465A-A702-920D77279786}") = "Task11", "src\Task11\Task11.fsproj", "{44DF9972-CFB8-4933-A33E-6FEDDBDC3063}"
EndProject
Project("{F2A71F9B-5D33-465A-A702-920D77279786}") = "Task11.Tests", "tests\Task11.Tests\Task11.Tests.fsproj", "{C6A28916-BF59-4DBE-AFA5-32D4B6B21C95}"
EndProject
Global
	GlobalSection(SolutionConfigurationPlatforms) = preSolution
		Debug|Any CPU = Debug|Any CPU
		Release|Any CPU = Release|Any CPU
	EndGlobalSection
	GlobalSection(ProjectConfigurationPlatforms) = postSolution
		{B10FC712-C6E3-43F2-A9DB-10216DF5FE4F}.Debug|Any CPU.ActiveCfg = Debug|Any CPU
		{B10FC712-C6E3-43F2-A9DB-10216DF5FE4F}.Debug|Any CPU.Build.0 = Debug|Any CPU
		{B10FC712-C6E3-43F2-A9DB-10216DF5FE4F}.Release|Any CPU.ActiveCfg = Release|Any CPU
		{B10FC712-C6E3-43F2-A9DB-10216DF5FE4F}.Release|Any CPU.Build.0 = Release|Any CPU
		{5012DCE7-5CB2-408B-B3EA-D6F1A28796AB}.Debug|Any CPU.ActiveCfg = Debug|Any CPU
		{5012DCE7-5CB2-408B-B3EA-D6F1A28796AB}.Debug|Any CPU.Build.0 = Debug|Any CPU
		{5012DCE7-5CB2-408B-B3EA-D6F1A28796AB}.Release|Any CPU.ActiveCfg = Release|Any CPU
		{5012DCE7-5CB2-408B-B3EA-D6F1A28796AB}.Release|Any CPU.Build.0 = Release|Any CPU
		{AB104CB1-643C-43B7-9736-E6DAB0A75CF1}.Debug|Any CPU.ActiveCfg = Debug|Any CPU
		{AB104CB1-643C-43B7-9736-E6DAB0A75CF1}.Debug|Any CPU.Build.0 = Debug|Any CPU
		{AB104CB1-643C-43B7-9736-E6DAB0A75CF1}.Release|Any CPU.ActiveCfg = Release|Any CPU
		{AB104CB1-643C-43B7-9736-E6DAB0A75CF1}.Release|Any CPU.Build.0 = Release|Any CPU
		{EBBB0411-96AE-456C-8D6F-87455ECF5B4A}.Debug|Any CPU.ActiveCfg = Debug|Any CPU
		{EBBB0411-96AE-456C-8D6F-87455ECF5B4A}.Debug|Any CPU.Build.0 = Debug|Any CPU
		{EBBB0411-96AE-456C-8D6F-87455ECF5B4A}.Release|Any CPU.ActiveCfg = Release|Any CPU
		{EBBB0411-96AE-456C-8D6F-87455ECF5B4A}.Release|Any CPU.Build.0 = Release|Any CPU
		{313FBFB1-4CE8-4133-988B-089EC565A067}.Debug|Any CPU.ActiveCfg = Debug|Any CPU
		{313FBFB1-4CE8-4133-988B-089EC565A067}.Debug|Any CPU.Build.0 = Debug|Any CPU
		{313FBFB1-4CE8-4133-988B-089EC565A067}.Release|Any CPU.ActiveCfg = Release|Any CPU
		{313FBFB1-4CE8-4133-988B-089EC565A067}.Release|Any CPU.Build.0 = Release|Any CPU
		{206A423C-F483-4CE6-B00D-6AF3F507AD8F}.Debug|Any CPU.ActiveCfg = Debug|Any CPU
		{206A423C-F483-4CE6-B00D-6AF3F507AD8F}.Debug|Any CPU.Build.0 = Debug|Any CPU
		{206A423C-F483-4CE6-B00D-6AF3F507AD8F}.Release|Any CPU.ActiveCfg = Release|Any CPU
		{206A423C-F483-4CE6-B00D-6AF3F507AD8F}.Release|Any CPU.Build.0 = Release|Any CPU
		{54D7D809-EF2B-419D-BA15-33B2ABF324A4}.Debug|Any CPU.ActiveCfg = Debug|Any CPU
		{54D7D809-EF2B-419D-BA15-33B2ABF324A4}.Debug|Any CPU.Build.0 = Debug|Any CPU
		{54D7D809-EF2B-419D-BA15-33B2ABF324A4}.Release|Any CPU.ActiveCfg = Release|Any CPU
		{54D7D809-EF2B-419D-BA15-33B2ABF324A4}.Release|Any CPU.Build.0 = Release|Any CPU
		{B4791BD1-A783-4980-B856-B3CE779E4FD3}.Debug|Any CPU.ActiveCfg = Debug|Any CPU
		{B4791BD1-A783-4980-B856-B3CE779E4FD3}.Debug|Any CPU.Build.0 = Debug|Any CPU
		{B4791BD1-A783-4980-B856-B3CE779E4FD3}.Release|Any CPU.ActiveCfg = Release|Any CPU
		{B4791BD1-A783-4980-B856-B3CE779E4FD3}.Release|Any CPU.Build.0 = Release|Any CPU
		{13D437F1-FFBC-4196-B5B1-A752DF04233A}.Debug|Any CPU.ActiveCfg = Debug|Any CPU
		{13D437F1-FFBC-4196-B5B1-A752DF04233A}.Debug|Any CPU.Build.0 = Debug|Any CPU
		{13D437F1-FFBC-4196-B5B1-A752DF04233A}.Release|Any CPU.ActiveCfg = Release|Any CPU
		{13D437F1-FFBC-4196-B5B1-A752DF04233A}.Release|Any CPU.Build.0 = Release|Any CPU
		{3BB5231D-F78E-446B-9B91-6535DF517253}.Debug|Any CPU.ActiveCfg = Debug|Any CPU
		{3BB5231D-F78E-446B-9B91-6535DF517253}.Debug|Any CPU.Build.0 = Debug|Any CPU
		{3BB5231D-F78E-446B-9B91-6535DF517253}.Release|Any CPU.ActiveCfg = Release|Any CPU
		{3BB5231D-F78E-446B-9B91-6535DF517253}.Release|Any CPU.Build.0 = Release|Any CPU
		{15767D9F-6CEB-4E7C-8CC7-80A3DE4DE8EC}.Debug|Any CPU.ActiveCfg = Debug|Any CPU
		{15767D9F-6CEB-4E7C-8CC7-80A3DE4DE8EC}.Debug|Any CPU.Build.0 = Debug|Any CPU
		{15767D9F-6CEB-4E7C-8CC7-80A3DE4DE8EC}.Release|Any CPU.ActiveCfg = Release|Any CPU
		{15767D9F-6CEB-4E7C-8CC7-80A3DE4DE8EC}.Release|Any CPU.Build.0 = Release|Any CPU
		{521245DB-4751-4BA6-B17A-10F6475EEBF3}.Debug|Any CPU.ActiveCfg = Debug|Any CPU
		{521245DB-4751-4BA6-B17A-10F6475EEBF3}.Debug|Any CPU.Build.0 = Debug|Any CPU
		{521245DB-4751-4BA6-B17A-10F6475EEBF3}.Release|Any CPU.ActiveCfg = Release|Any CPU
		{521245DB-4751-4BA6-B17A-10F6475EEBF3}.Release|Any CPU.Build.0 = Release|Any CPU
		{5ABC4ED1-4715-43FC-879B-44D7925B5ECD}.Debug|Any CPU.ActiveCfg = Debug|Any CPU
		{5ABC4ED1-4715-43FC-879B-44D7925B5ECD}.Debug|Any CPU.Build.0 = Debug|Any CPU
		{5ABC4ED1-4715-43FC-879B-44D7925B5ECD}.Release|Any CPU.ActiveCfg = Release|Any CPU
		{5ABC4ED1-4715-43FC-879B-44D7925B5ECD}.Release|Any CPU.Build.0 = Release|Any CPU
		{D4B01F88-320F-41D8-A49F-AF77272B07E4}.Debug|Any CPU.ActiveCfg = Debug|Any CPU
		{D4B01F88-320F-41D8-A49F-AF77272B07E4}.Debug|Any CPU.Build.0 = Debug|Any CPU
		{D4B01F88-320F-41D8-A49F-AF77272B07E4}.Release|Any CPU.ActiveCfg = Release|Any CPU
		{D4B01F88-320F-41D8-A49F-AF77272B07E4}.Release|Any CPU.Build.0 = Release|Any CPU
		{D95F8463-41B4-4BBC-92ED-6AB67CC4CCA8}.Debug|Any CPU.ActiveCfg = Debug|Any CPU
		{D95F8463-41B4-4BBC-92ED-6AB67CC4CCA8}.Debug|Any CPU.Build.0 = Debug|Any CPU
		{D95F8463-41B4-4BBC-92ED-6AB67CC4CCA8}.Release|Any CPU.ActiveCfg = Release|Any CPU
		{D95F8463-41B4-4BBC-92ED-6AB67CC4CCA8}.Release|Any CPU.Build.0 = Release|Any CPU
		{211D5208-EC4A-4334-9DB6-53CDEFAE13B0}.Debug|Any CPU.ActiveCfg = Debug|Any CPU
		{211D5208-EC4A-4334-9DB6-53CDEFAE13B0}.Debug|Any CPU.Build.0 = Debug|Any CPU
		{211D5208-EC4A-4334-9DB6-53CDEFAE13B0}.Release|Any CPU.ActiveCfg = Release|Any CPU
		{211D5208-EC4A-4334-9DB6-53CDEFAE13B0}.Release|Any CPU.Build.0 = Release|Any CPU
		{E9A89B90-051D-4AAB-934A-C932E30849AD}.Debug|Any CPU.ActiveCfg = Debug|Any CPU
		{E9A89B90-051D-4AAB-934A-C932E30849AD}.Debug|Any CPU.Build.0 = Debug|Any CPU
		{E9A89B90-051D-4AAB-934A-C932E30849AD}.Release|Any CPU.ActiveCfg = Release|Any CPU
		{E9A89B90-051D-4AAB-934A-C932E30849AD}.Release|Any CPU.Build.0 = Release|Any CPU
		{FC799E8A-1EB9-4F0B-89F4-28680253EEB1}.Debug|Any CPU.ActiveCfg = Debug|Any CPU
		{FC799E8A-1EB9-4F0B-89F4-28680253EEB1}.Debug|Any CPU.Build.0 = Debug|Any CPU
		{FC799E8A-1EB9-4F0B-89F4-28680253EEB1}.Release|Any CPU.ActiveCfg = Release|Any CPU
		{FC799E8A-1EB9-4F0B-89F4-28680253EEB1}.Release|Any CPU.Build.0 = Release|Any CPU
		{C42C90B3-C882-4B60-9D02-68DB228B428F}.Debug|Any CPU.ActiveCfg = Debug|Any CPU
		{C42C90B3-C882-4B60-9D02-68DB228B428F}.Debug|Any CPU.Build.0 = Debug|Any CPU
		{C42C90B3-C882-4B60-9D02-68DB228B428F}.Release|Any CPU.ActiveCfg = Release|Any CPU
		{C42C90B3-C882-4B60-9D02-68DB228B428F}.Release|Any CPU.Build.0 = Release|Any CPU
		{2366E9C5-939C-4FF2-AB60-9BA7CA0B1298}.Debug|Any CPU.ActiveCfg = Debug|Any CPU
		{2366E9C5-939C-4FF2-AB60-9BA7CA0B1298}.Debug|Any CPU.Build.0 = Debug|Any CPU
		{2366E9C5-939C-4FF2-AB60-9BA7CA0B1298}.Release|Any CPU.ActiveCfg = Release|Any CPU
		{2366E9C5-939C-4FF2-AB60-9BA7CA0B1298}.Release|Any CPU.Build.0 = Release|Any CPU
		{F9DC4D61-CB43-4F3E-9C61-41DE7AD78359}.Debug|Any CPU.ActiveCfg = Debug|Any CPU
		{F9DC4D61-CB43-4F3E-9C61-41DE7AD78359}.Debug|Any CPU.Build.0 = Debug|Any CPU
		{F9DC4D61-CB43-4F3E-9C61-41DE7AD78359}.Release|Any CPU.ActiveCfg = Release|Any CPU
		{F9DC4D61-CB43-4F3E-9C61-41DE7AD78359}.Release|Any CPU.Build.0 = Release|Any CPU
		{87049678-EC79-4284-9D28-9187ACB3A7D4}.Debug|Any CPU.ActiveCfg = Debug|Any CPU
		{87049678-EC79-4284-9D28-9187ACB3A7D4}.Debug|Any CPU.Build.0 = Debug|Any CPU
		{87049678-EC79-4284-9D28-9187ACB3A7D4}.Release|Any CPU.ActiveCfg = Release|Any CPU
		{87049678-EC79-4284-9D28-9187ACB3A7D4}.Release|Any CPU.Build.0 = Release|Any CPU
		{44DF9972-CFB8-4933-A33E-6FEDDBDC3063}.Debug|Any CPU.ActiveCfg = Debug|Any CPU
		{44DF9972-CFB8-4933-A33E-6FEDDBDC3063}.Debug|Any CPU.Build.0 = Debug|Any CPU
		{44DF9972-CFB8-4933-A33E-6FEDDBDC3063}.Release|Any CPU.ActiveCfg = Release|Any CPU
		{44DF9972-CFB8-4933-A33E-6FEDDBDC3063}.Release|Any CPU.Build.0 = Release|Any CPU
		{C6A28916-BF59-4DBE-AFA5-32D4B6B21C95}.Debug|Any CPU.ActiveCfg = Debug|Any CPU
		{C6A28916-BF59-4DBE-AFA5-32D4B6B21C95}.Debug|Any CPU.Build.0 = Debug|Any CPU
		{C6A28916-BF59-4DBE-AFA5-32D4B6B21C95}.Release|Any CPU.ActiveCfg = Release|Any CPU
		{C6A28916-BF59-4DBE-AFA5-32D4B6B21C95}.Release|Any CPU.Build.0 = Release|Any CPU
	EndGlobalSection
	GlobalSection(SolutionProperties) = preSolution
		HideSolutionNode = FALSE
	EndGlobalSection
	GlobalSection(NestedProjects) = preSolution
		{83F16175-43B1-4C90-A1EE-8E351C33435D} = {A6A6AF7D-D6E3-442D-9B1E-58CC91879BE1}
		{8E6D5255-776D-4B61-85F9-73C37AA1FB9A} = {A6A6AF7D-D6E3-442D-9B1E-58CC91879BE1}
		{5012DCE7-5CB2-408B-B3EA-D6F1A28796AB} = {ED8079DD-2B06-4030-9F0F-DC548F98E1C4}
		{AB104CB1-643C-43B7-9736-E6DAB0A75CF1} = {6A465A92-77C9-49AE-96EA-013B890D0F6E}
		{EBBB0411-96AE-456C-8D6F-87455ECF5B4A} = {ED8079DD-2B06-4030-9F0F-DC548F98E1C4}
		{313FBFB1-4CE8-4133-988B-089EC565A067} = {6A465A92-77C9-49AE-96EA-013B890D0F6E}
		{206A423C-F483-4CE6-B00D-6AF3F507AD8F} = {ED8079DD-2B06-4030-9F0F-DC548F98E1C4}
		{54D7D809-EF2B-419D-BA15-33B2ABF324A4} = {6A465A92-77C9-49AE-96EA-013B890D0F6E}
		{B4791BD1-A783-4980-B856-B3CE779E4FD3} = {ED8079DD-2B06-4030-9F0F-DC548F98E1C4}
		{13D437F1-FFBC-4196-B5B1-A752DF04233A} = {6A465A92-77C9-49AE-96EA-013B890D0F6E}
		{3BB5231D-F78E-446B-9B91-6535DF517253} = {ED8079DD-2B06-4030-9F0F-DC548F98E1C4}
		{15767D9F-6CEB-4E7C-8CC7-80A3DE4DE8EC} = {6A465A92-77C9-49AE-96EA-013B890D0F6E}
		{521245DB-4751-4BA6-B17A-10F6475EEBF3} = {ED8079DD-2B06-4030-9F0F-DC548F98E1C4}
		{5ABC4ED1-4715-43FC-879B-44D7925B5ECD} = {6A465A92-77C9-49AE-96EA-013B890D0F6E}
		{D4B01F88-320F-41D8-A49F-AF77272B07E4} = {ED8079DD-2B06-4030-9F0F-DC548F98E1C4}
		{D95F8463-41B4-4BBC-92ED-6AB67CC4CCA8} = {6A465A92-77C9-49AE-96EA-013B890D0F6E}
		{211D5208-EC4A-4334-9DB6-53CDEFAE13B0} = {ED8079DD-2B06-4030-9F0F-DC548F98E1C4}
		{E9A89B90-051D-4AAB-934A-C932E30849AD} = {6A465A92-77C9-49AE-96EA-013B890D0F6E}
		{FC799E8A-1EB9-4F0B-89F4-28680253EEB1} = {ED8079DD-2B06-4030-9F0F-DC548F98E1C4}
		{C42C90B3-C882-4B60-9D02-68DB228B428F} = {6A465A92-77C9-49AE-96EA-013B890D0F6E}
		{2366E9C5-939C-4FF2-AB60-9BA7CA0B1298} = {ED8079DD-2B06-4030-9F0F-DC548F98E1C4}
		{F9DC4D61-CB43-4F3E-9C61-41DE7AD78359} = {6A465A92-77C9-49AE-96EA-013B890D0F6E}
		{87049678-EC79-4284-9D28-9187ACB3A7D4} = {ED8079DD-2B06-4030-9F0F-DC548F98E1C4}
		{44DF9972-CFB8-4933-A33E-6FEDDBDC3063} = {6A465A92-77C9-49AE-96EA-013B890D0F6E}
		{C6A28916-BF59-4DBE-AFA5-32D4B6B21C95} = {ED8079DD-2B06-4030-9F0F-DC548F98E1C4}
	EndGlobalSection
EndGlobal
