Microsoft Visual Studio Solution File, Format Version 12.00
# Visual Studio 2013
VisualStudioVersion = 12.0.31101.0
MinimumVisualStudioVersion = 10.0.40219.1
Project("{2150E333-8FDC-42A3-9474-1A3956D46DE8}") = ".paket", ".paket", "{63297B98-5CED-492C-A5B7-A5B4F73CF142}"
	ProjectSection(SolutionItems) = preProject
		paket.dependencies = paket.dependencies
		paket.lock = paket.lock
	EndProjectSection
EndProject
Project("{2150E333-8FDC-42A3-9474-1A3956D46DE8}") = "docs", "docs", "{A6A6AF7D-D6E3-442D-9B1E-58CC91879BE1}"
EndProject
Project("{F2A71F9B-5D33-465A-A702-920D77279786}") = "ArtyomovEgorHW", "src\ArtyomovEgorHW\ArtyomovEgorHW.fsproj", "{B10FC712-C6E3-43F2-A9DB-10216DF5FE4F}"
EndProject
Project("{2150E333-8FDC-42A3-9474-1A3956D46DE8}") = "project", "project", "{BF60BC93-E09B-4E5F-9D85-95A519479D54}"
	ProjectSection(SolutionItems) = preProject
		build.fsx = build.fsx
		README.md = README.md
		RELEASE_NOTES.md = RELEASE_NOTES.md
	EndProjectSection
EndProject
Project("{2150E333-8FDC-42A3-9474-1A3956D46DE8}") = "tools", "tools", "{83F16175-43B1-4C90-A1EE-8E351C33435D}"
	ProjectSection(SolutionItems) = preProject
		docs\tools\generate.fsx = docs\tools\generate.fsx
		docs\tools\templates\template.cshtml = docs\tools\templates\template.cshtml
	EndProjectSection
EndProject
Project("{2150E333-8FDC-42A3-9474-1A3956D46DE8}") = "content", "content", "{8E6D5255-776D-4B61-85F9-73C37AA1FB9A}"
	ProjectSection(SolutionItems) = preProject
		docs\content\index.fsx = docs\content\index.fsx
		docs\content\tutorial.fsx = docs\content\tutorial.fsx
	EndProjectSection
EndProject
Project("{2150E333-8FDC-42A3-9474-1A3956D46DE8}") = "tests", "tests", "{ED8079DD-2B06-4030-9F0F-DC548F98E1C4}"
EndProject
Project("{F2A71F9B-5D33-465A-A702-920D77279786}") = "ArtyomovEgorHW.Tests", "tests\ArtyomovEgorHW.Tests\ArtyomovEgorHW.Tests.fsproj", "{5012DCE7-5CB2-408B-B3EA-D6F1A28796AB}"
EndProject
Project("{2150E333-8FDC-42A3-9474-1A3956D46DE8}") = "src", "src", "{6A465A92-77C9-49AE-96EA-013B890D0F6E}"
EndProject
Project("{F2A71F9B-5D33-465A-A702-920D77279786}") = "Task2", "src\Task2\Task2.fsproj", "{AB104CB1-643C-43B7-9736-E6DAB0A75CF1}"
EndProject
Project("{F2A71F9B-5D33-465A-A702-920D77279786}") = "Task2.Tests", "tests\Task2.Tests\Task2.Tests.fsproj", "{EBBB0411-96AE-456C-8D6F-87455ECF5B4A}"
EndProject
Project("{F2A71F9B-5D33-465A-A702-920D77279786}") = "Task3", "src\Task3\Task3.fsproj", "{313FBFB1-4CE8-4133-988B-089EC565A067}"
EndProject
Project("{F2A71F9B-5D33-465A-A702-920D77279786}") = "Task3.Tests", "tests\Task3.Tests\Task3.Tests.fsproj", "{206A423C-F483-4CE6-B00D-6AF3F507AD8F}"
EndProject
Project("{F2A71F9B-5D33-465A-A702-920D77279786}") = "Task4", "src\Task4\Task4.fsproj", "{54D7D809-EF2B-419D-BA15-33B2ABF324A4}"
EndProject
Project("{F2A71F9B-5D33-465A-A702-920D77279786}") = "Task4.Tests", "tests\Task4.Tests\Task4.Tests.fsproj", "{B4791BD1-A783-4980-B856-B3CE779E4FD3}"
EndProject
Project("{F2A71F9B-5D33-465A-A702-920D77279786}") = "Task5", "src\Task5\Task5.fsproj", "{13D437F1-FFBC-4196-B5B1-A752DF04233A}"
EndProject
Project("{F2A71F9B-5D33-465A-A702-920D77279786}") = "Task5.Tests", "tests\Task5.Tests\Task5.Tests.fsproj", "{3BB5231D-F78E-446B-9B91-6535DF517253}"
EndProject
Project("{F2A71F9B-5D33-465A-A702-920D77279786}") = "Task6", "src\Task6\Task6.fsproj", "{15767D9F-6CEB-4E7C-8CC7-80A3DE4DE8EC}"
EndProject
Project("{F2A71F9B-5D33-465A-A702-920D77279786}") = "Task6.Tests", "tests\Task6.Tests\Task6.Tests.fsproj", "{521245DB-4751-4BA6-B17A-10F6475EEBF3}"
EndProject
Project("{F2A71F9B-5D33-465A-A702-920D77279786}") = "Task7", "src\Task7\Task7.fsproj", "{5ABC4ED1-4715-43FC-879B-44D7925B5ECD}"
EndProject
Project("{F2A71F9B-5D33-465A-A702-920D77279786}") = "Task7.Tests", "tests\Task7.Tests\Task7.Tests.fsproj", "{D4B01F88-320F-41D8-A49F-AF77272B07E4}"
EndProject
Project("{F2A71F9B-5D33-465A-A702-920D77279786}") = "Task8", "src\Task8\Task8.fsproj", "{D95F8463-41B4-4BBC-92ED-6AB67CC4CCA8}"
EndProject
Project("{F2A71F9B-5D33-465A-A702-920D77279786}") = "Task8.Tests", "tests\Task8.Tests\Task8.Tests.fsproj", "{211D5208-EC4A-4334-9DB6-53CDEFAE13B0}"
EndProject
Project("{F2A71F9B-5D33-465A-A702-920D77279786}") = "Task9", "src\Task9\Task9.fsproj", "{E9A89B90-051D-4AAB-934A-C932E30849AD}"
EndProject
Project("{F2A71F9B-5D33-465A-A702-920D77279786}") = "Task9.Tests", "tests\Task9.Tests\Task9.Tests.fsproj", "{FC799E8A-1EB9-4F0B-89F4-28680253EEB1}"
EndProject
Project("{F2A71F9B-5D33-465A-A702-920D77279786}") = "Task10", "src\Task10\Task10.fsproj", "{C42C90B3-C882-4B60-9D02-68DB228B428F}"
EndProject
Project("{F2A71F9B-5D33-465A-A702-920D77279786}") = "Task10.Tests", "tests\Task10.Tests\Task10.Tests.fsproj", "{2366E9C5-939C-4FF2-AB60-9BA7CA0B1298}"
EndProject
Project("{F2A71F9B-5D33-465A-A702-920D77279786}") = "Task15", "src\Task15\Task15.fsproj", "{F9DC4D61-CB43-4F3E-9C61-41DE7AD78359}"
EndProject
Project("{F2A71F9B-5D33-465A-A702-920D77279786}") = "Task11", "src\Task11\Task11.fsproj", "{44DF9972-CFB8-4933-A33E-6FEDDBDC3063}"
EndProject
Project("{F2A71F9B-5D33-465A-A702-920D77279786}") = "Task11.Tests", "tests\Task11.Tests\Task11.Tests.fsproj", "{C6A28916-BF59-4DBE-AFA5-32D4B6B21C95}"
EndProject
Project("{F2A71F9B-5D33-465A-A702-920D77279786}") = "Task12", "src\Task12\Task12.fsproj", "{96417D7B-7728-469D-936D-5008836D4604}"
EndProject
Project("{F2A71F9B-5D33-465A-A702-920D77279786}") = "Task12.Tests", "tests\Task12.Tests\Task12.Tests.fsproj", "{8A21E983-C2CE-4B34-A5C8-EFECDA955845}"
EndProject
Project("{F2A71F9B-5D33-465A-A702-920D77279786}") = "Task13", "src\Task13\Task13.fsproj", "{88A2263D-001B-4027-B6AA-1A6143CCB24E}"
EndProject
Project("{F2A71F9B-5D33-465A-A702-920D77279786}") = "Task13.Tests", "tests\Task13.Tests\Task13.Tests.fsproj", "{5AA4E73B-FADF-45E0-BAC2-4EDA28C9829D}"
EndProject
Project("{F2A71F9B-5D33-465A-A702-920D77279786}") = "Task16", "src\Task16\Task16.fsproj", "{78DB546F-5527-4EA5-885E-566A76351436}"
EndProject
Project("{F2A71F9B-5D33-465A-A702-920D77279786}") = "Task16.Tests", "tests\Task16.Tests\Task16.Tests.fsproj", "{3DF2E646-17BB-4A6F-BE2C-8EF168AFF89B}"
EndProject
Project("{F2A71F9B-5D33-465A-A702-920D77279786}") = "Task17", "src\Task17\Task17.fsproj", "{2DD41B40-B17A-43A4-A267-04F84F5D290F}"
EndProject
Project("{F2A71F9B-5D33-465A-A702-920D77279786}") = "Task18", "src\Task18\Task18.fsproj", "{0488AB9A-6088-4319-9D5D-8DCD5D56A507}"
EndProject
Project("{F2A71F9B-5D33-465A-A702-920D77279786}") = "Task18.Tests", "tests\Task18.Tests\Task18.Tests.fsproj", "{47E4CA68-C46A-485A-B768-9CB484F65BE0}"
EndProject
Project("{F2A71F9B-5D33-465A-A702-920D77279786}") = "Task19", "src\Task19\Task19.fsproj", "{89664D0F-8C8A-4966-A2AB-FA5F91794E72}"
EndProject
Project("{F2A71F9B-5D33-465A-A702-920D77279786}") = "Task19.Tests", "tests\Task19.Tests\Task19.Tests.fsproj", "{4287E5D7-805F-4CA9-8282-AE7B5E61360D}"
EndProject
Project("{F2A71F9B-5D33-465A-A702-920D77279786}") = "Task21", "src\Task21\Task21.fsproj", "{6FCFF4DA-397B-404B-92F0-38837B5F2DB9}"
EndProject
Project("{F2A71F9B-5D33-465A-A702-920D77279786}") = "Task21.Tests", "tests\Task21.Tests\Task21.Tests.fsproj", "{AF7C9CA4-E762-46D7-A53A-861F137ED3E1}"
EndProject
Project("{F2A71F9B-5D33-465A-A702-920D77279786}") = "Task22", "src\Task22\Task22.fsproj", "{7DB4AEAD-7F3D-441F-9E67-17379A78160B}"
EndProject
Project("{F2A71F9B-5D33-465A-A702-920D77279786}") = "Task22.Tests", "tests\Task22.Tests\Task22.Tests.fsproj", "{8439DC0D-E178-45C9-BEFA-3D036885FF50}"
EndProject
Project("{F2A71F9B-5D33-465A-A702-920D77279786}") = "Task14", "src\Task14\Task14.fsproj", "{5BDD7091-3229-4B5B-8CFD-7822F24F0F8A}"
EndProject
Project("{F2A71F9B-5D33-465A-A702-920D77279786}") = "Task23", "src\Task23\Task23.fsproj", "{F985B72B-647E-4558-AA80-C6F765FEF9AF}"
EndProject
Project("{F2A71F9B-5D33-465A-A702-920D77279786}") = "Task23.Tests", "tests\Task23.Tests\Task23.Tests.fsproj", "{06D76B04-22A5-46D4-972D-42217FF1B3FF}"
EndProject
Project("{F2A71F9B-5D33-465A-A702-920D77279786}") = "Task28", "src\Task28\Task28.fsproj", "{0FBB2037-8EF9-48D4-990D-DE9D59D4BEF9}"
EndProject
Project("{F2A71F9B-5D33-465A-A702-920D77279786}") = "Task28.Tests", "tests\Task28.Tests\Task28.Tests.fsproj", "{0C456960-C220-413E-9C97-5656A526E61D}"
EndProject
Project("{F2A71F9B-5D33-465A-A702-920D77279786}") = "Task29", "src\Task29\Task29.fsproj", "{F3E9E3F1-FC95-46E5-BD0B-1A433FA2D7A0}"
EndProject
Project("{F2A71F9B-5D33-465A-A702-920D77279786}") = "Task29.Tests", "tests\Task29.Tests\Task29.Tests.fsproj", "{9806A834-C5CF-41CA-A175-2EF1882BBBB0}"
EndProject
Project("{F2A71F9B-5D33-465A-A702-920D77279786}") = "Task26", "src\Task26\Task26.fsproj", "{9A902F09-32AE-4174-97FE-48EE3E143E41}"
EndProject
Project("{F2A71F9B-5D33-465A-A702-920D77279786}") = "Task27", "src\Task27\Task27.fsproj", "{D61C381E-2854-47CF-A2DC-A015160F3C75}"
EndProject
Project("{F2A71F9B-5D33-465A-A702-920D77279786}") = "Task27.Tests", "tests\Task27.Tests\Task27.Tests.fsproj", "{00E3C1C1-0834-4CAC-9394-EB8545764B87}"
EndProject
Project("{F2A71F9B-5D33-465A-A702-920D77279786}") = "Task30", "src\Task30\Task30.fsproj", "{6C3E9208-7A3F-4EA8-B833-7F37E4481873}"
EndProject
Project("{F2A71F9B-5D33-465A-A702-920D77279786}") = "Task24", "src\Task24\Task24.fsproj", "{1C350628-8916-4D15-9699-DBA31AFAAC4F}"
EndProject
Project("{F2A71F9B-5D33-465A-A702-920D77279786}") = "Task26.Tests", "tests\Task26.Tests\Task26.Tests.fsproj", "{64FE45F7-64EF-430D-BDED-9A0ADE696957}"
EndProject
Project("{F2A71F9B-5D33-465A-A702-920D77279786}") = "Task30.Tests", "tests\Task30.Tests\Task30.Tests.fsproj", "{8080FDBA-6246-49B7-8AEA-283D7B5A0037}"
EndProject
Project("{F2A71F9B-5D33-465A-A702-920D77279786}") = "Task31", "src\Task31\Task31.fsproj", "{D259052F-71EC-4B44-9F41-53140253D113}"
EndProject
Project("{F2A71F9B-5D33-465A-A702-920D77279786}") = "Task31.Tests", "tests\Task31.Tests\Task31.Tests.fsproj", "{94B0B144-D98A-4E4E-A1E8-A9CFAB9DA300}"
EndProject
Project("{F2A71F9B-5D33-465A-A702-920D77279786}") = "Task32", "src\Task32\Task32.fsproj", "{7468683A-33F1-4719-8FF3-9B0600BA8A3B}"
EndProject
Project("{F2A71F9B-5D33-465A-A702-920D77279786}") = "Task34", "src\Task34\Task34.fsproj", "{7ADF524D-4CB2-4FAC-8735-E56484671812}"
EndProject
Project("{F2A71F9B-5D33-465A-A702-920D77279786}") = "Task32.Tests", "tests\Task32.Tests\Task32.Tests.fsproj", "{CA0F7D09-2D42-400A-9B42-56B6F87963B9}"
EndProject
Global
	GlobalSection(SolutionConfigurationPlatforms) = preSolution
		Debug|Any CPU = Debug|Any CPU
		Release|Any CPU = Release|Any CPU
	EndGlobalSection
	GlobalSection(ProjectConfigurationPlatforms) = postSolution
		{B10FC712-C6E3-43F2-A9DB-10216DF5FE4F}.Debug|Any CPU.ActiveCfg = Debug|Any CPU
		{B10FC712-C6E3-43F2-A9DB-10216DF5FE4F}.Debug|Any CPU.Build.0 = Debug|Any CPU
		{B10FC712-C6E3-43F2-A9DB-10216DF5FE4F}.Release|Any CPU.ActiveCfg = Release|Any CPU
		{B10FC712-C6E3-43F2-A9DB-10216DF5FE4F}.Release|Any CPU.Build.0 = Release|Any CPU
		{5012DCE7-5CB2-408B-B3EA-D6F1A28796AB}.Debug|Any CPU.ActiveCfg = Debug|Any CPU
		{5012DCE7-5CB2-408B-B3EA-D6F1A28796AB}.Debug|Any CPU.Build.0 = Debug|Any CPU
		{5012DCE7-5CB2-408B-B3EA-D6F1A28796AB}.Release|Any CPU.ActiveCfg = Release|Any CPU
		{5012DCE7-5CB2-408B-B3EA-D6F1A28796AB}.Release|Any CPU.Build.0 = Release|Any CPU
		{AB104CB1-643C-43B7-9736-E6DAB0A75CF1}.Debug|Any CPU.ActiveCfg = Debug|Any CPU
		{AB104CB1-643C-43B7-9736-E6DAB0A75CF1}.Debug|Any CPU.Build.0 = Debug|Any CPU
		{AB104CB1-643C-43B7-9736-E6DAB0A75CF1}.Release|Any CPU.ActiveCfg = Release|Any CPU
		{AB104CB1-643C-43B7-9736-E6DAB0A75CF1}.Release|Any CPU.Build.0 = Release|Any CPU
		{EBBB0411-96AE-456C-8D6F-87455ECF5B4A}.Debug|Any CPU.ActiveCfg = Debug|Any CPU
		{EBBB0411-96AE-456C-8D6F-87455ECF5B4A}.Debug|Any CPU.Build.0 = Debug|Any CPU
		{EBBB0411-96AE-456C-8D6F-87455ECF5B4A}.Release|Any CPU.ActiveCfg = Release|Any CPU
		{EBBB0411-96AE-456C-8D6F-87455ECF5B4A}.Release|Any CPU.Build.0 = Release|Any CPU
		{313FBFB1-4CE8-4133-988B-089EC565A067}.Debug|Any CPU.ActiveCfg = Debug|Any CPU
		{313FBFB1-4CE8-4133-988B-089EC565A067}.Debug|Any CPU.Build.0 = Debug|Any CPU
		{313FBFB1-4CE8-4133-988B-089EC565A067}.Release|Any CPU.ActiveCfg = Release|Any CPU
		{313FBFB1-4CE8-4133-988B-089EC565A067}.Release|Any CPU.Build.0 = Release|Any CPU
		{206A423C-F483-4CE6-B00D-6AF3F507AD8F}.Debug|Any CPU.ActiveCfg = Debug|Any CPU
		{206A423C-F483-4CE6-B00D-6AF3F507AD8F}.Debug|Any CPU.Build.0 = Debug|Any CPU
		{206A423C-F483-4CE6-B00D-6AF3F507AD8F}.Release|Any CPU.ActiveCfg = Release|Any CPU
		{206A423C-F483-4CE6-B00D-6AF3F507AD8F}.Release|Any CPU.Build.0 = Release|Any CPU
		{54D7D809-EF2B-419D-BA15-33B2ABF324A4}.Debug|Any CPU.ActiveCfg = Debug|Any CPU
		{54D7D809-EF2B-419D-BA15-33B2ABF324A4}.Debug|Any CPU.Build.0 = Debug|Any CPU
		{54D7D809-EF2B-419D-BA15-33B2ABF324A4}.Release|Any CPU.ActiveCfg = Release|Any CPU
		{54D7D809-EF2B-419D-BA15-33B2ABF324A4}.Release|Any CPU.Build.0 = Release|Any CPU
		{B4791BD1-A783-4980-B856-B3CE779E4FD3}.Debug|Any CPU.ActiveCfg = Debug|Any CPU
		{B4791BD1-A783-4980-B856-B3CE779E4FD3}.Debug|Any CPU.Build.0 = Debug|Any CPU
		{B4791BD1-A783-4980-B856-B3CE779E4FD3}.Release|Any CPU.ActiveCfg = Release|Any CPU
		{B4791BD1-A783-4980-B856-B3CE779E4FD3}.Release|Any CPU.Build.0 = Release|Any CPU
		{13D437F1-FFBC-4196-B5B1-A752DF04233A}.Debug|Any CPU.ActiveCfg = Debug|Any CPU
		{13D437F1-FFBC-4196-B5B1-A752DF04233A}.Debug|Any CPU.Build.0 = Debug|Any CPU
		{13D437F1-FFBC-4196-B5B1-A752DF04233A}.Release|Any CPU.ActiveCfg = Release|Any CPU
		{13D437F1-FFBC-4196-B5B1-A752DF04233A}.Release|Any CPU.Build.0 = Release|Any CPU
		{3BB5231D-F78E-446B-9B91-6535DF517253}.Debug|Any CPU.ActiveCfg = Debug|Any CPU
		{3BB5231D-F78E-446B-9B91-6535DF517253}.Debug|Any CPU.Build.0 = Debug|Any CPU
		{3BB5231D-F78E-446B-9B91-6535DF517253}.Release|Any CPU.ActiveCfg = Release|Any CPU
		{3BB5231D-F78E-446B-9B91-6535DF517253}.Release|Any CPU.Build.0 = Release|Any CPU
		{15767D9F-6CEB-4E7C-8CC7-80A3DE4DE8EC}.Debug|Any CPU.ActiveCfg = Debug|Any CPU
		{15767D9F-6CEB-4E7C-8CC7-80A3DE4DE8EC}.Debug|Any CPU.Build.0 = Debug|Any CPU
		{15767D9F-6CEB-4E7C-8CC7-80A3DE4DE8EC}.Release|Any CPU.ActiveCfg = Release|Any CPU
		{15767D9F-6CEB-4E7C-8CC7-80A3DE4DE8EC}.Release|Any CPU.Build.0 = Release|Any CPU
		{521245DB-4751-4BA6-B17A-10F6475EEBF3}.Debug|Any CPU.ActiveCfg = Debug|Any CPU
		{521245DB-4751-4BA6-B17A-10F6475EEBF3}.Debug|Any CPU.Build.0 = Debug|Any CPU
		{521245DB-4751-4BA6-B17A-10F6475EEBF3}.Release|Any CPU.ActiveCfg = Release|Any CPU
		{521245DB-4751-4BA6-B17A-10F6475EEBF3}.Release|Any CPU.Build.0 = Release|Any CPU
		{5ABC4ED1-4715-43FC-879B-44D7925B5ECD}.Debug|Any CPU.ActiveCfg = Debug|Any CPU
		{5ABC4ED1-4715-43FC-879B-44D7925B5ECD}.Debug|Any CPU.Build.0 = Debug|Any CPU
		{5ABC4ED1-4715-43FC-879B-44D7925B5ECD}.Release|Any CPU.ActiveCfg = Release|Any CPU
		{5ABC4ED1-4715-43FC-879B-44D7925B5ECD}.Release|Any CPU.Build.0 = Release|Any CPU
		{D4B01F88-320F-41D8-A49F-AF77272B07E4}.Debug|Any CPU.ActiveCfg = Debug|Any CPU
		{D4B01F88-320F-41D8-A49F-AF77272B07E4}.Debug|Any CPU.Build.0 = Debug|Any CPU
		{D4B01F88-320F-41D8-A49F-AF77272B07E4}.Release|Any CPU.ActiveCfg = Release|Any CPU
		{D4B01F88-320F-41D8-A49F-AF77272B07E4}.Release|Any CPU.Build.0 = Release|Any CPU
		{D95F8463-41B4-4BBC-92ED-6AB67CC4CCA8}.Debug|Any CPU.ActiveCfg = Debug|Any CPU
		{D95F8463-41B4-4BBC-92ED-6AB67CC4CCA8}.Debug|Any CPU.Build.0 = Debug|Any CPU
		{D95F8463-41B4-4BBC-92ED-6AB67CC4CCA8}.Release|Any CPU.ActiveCfg = Release|Any CPU
		{D95F8463-41B4-4BBC-92ED-6AB67CC4CCA8}.Release|Any CPU.Build.0 = Release|Any CPU
		{211D5208-EC4A-4334-9DB6-53CDEFAE13B0}.Debug|Any CPU.ActiveCfg = Debug|Any CPU
		{211D5208-EC4A-4334-9DB6-53CDEFAE13B0}.Debug|Any CPU.Build.0 = Debug|Any CPU
		{211D5208-EC4A-4334-9DB6-53CDEFAE13B0}.Release|Any CPU.ActiveCfg = Release|Any CPU
		{211D5208-EC4A-4334-9DB6-53CDEFAE13B0}.Release|Any CPU.Build.0 = Release|Any CPU
		{E9A89B90-051D-4AAB-934A-C932E30849AD}.Debug|Any CPU.ActiveCfg = Debug|Any CPU
		{E9A89B90-051D-4AAB-934A-C932E30849AD}.Debug|Any CPU.Build.0 = Debug|Any CPU
		{E9A89B90-051D-4AAB-934A-C932E30849AD}.Release|Any CPU.ActiveCfg = Release|Any CPU
		{E9A89B90-051D-4AAB-934A-C932E30849AD}.Release|Any CPU.Build.0 = Release|Any CPU
		{FC799E8A-1EB9-4F0B-89F4-28680253EEB1}.Debug|Any CPU.ActiveCfg = Debug|Any CPU
		{FC799E8A-1EB9-4F0B-89F4-28680253EEB1}.Debug|Any CPU.Build.0 = Debug|Any CPU
		{FC799E8A-1EB9-4F0B-89F4-28680253EEB1}.Release|Any CPU.ActiveCfg = Release|Any CPU
		{FC799E8A-1EB9-4F0B-89F4-28680253EEB1}.Release|Any CPU.Build.0 = Release|Any CPU
		{C42C90B3-C882-4B60-9D02-68DB228B428F}.Debug|Any CPU.ActiveCfg = Debug|Any CPU
		{C42C90B3-C882-4B60-9D02-68DB228B428F}.Debug|Any CPU.Build.0 = Debug|Any CPU
		{C42C90B3-C882-4B60-9D02-68DB228B428F}.Release|Any CPU.ActiveCfg = Release|Any CPU
		{C42C90B3-C882-4B60-9D02-68DB228B428F}.Release|Any CPU.Build.0 = Release|Any CPU
		{2366E9C5-939C-4FF2-AB60-9BA7CA0B1298}.Debug|Any CPU.ActiveCfg = Debug|Any CPU
		{2366E9C5-939C-4FF2-AB60-9BA7CA0B1298}.Debug|Any CPU.Build.0 = Debug|Any CPU
		{2366E9C5-939C-4FF2-AB60-9BA7CA0B1298}.Release|Any CPU.ActiveCfg = Release|Any CPU
		{2366E9C5-939C-4FF2-AB60-9BA7CA0B1298}.Release|Any CPU.Build.0 = Release|Any CPU
		{F9DC4D61-CB43-4F3E-9C61-41DE7AD78359}.Debug|Any CPU.ActiveCfg = Debug|Any CPU
		{F9DC4D61-CB43-4F3E-9C61-41DE7AD78359}.Debug|Any CPU.Build.0 = Debug|Any CPU
		{F9DC4D61-CB43-4F3E-9C61-41DE7AD78359}.Release|Any CPU.ActiveCfg = Release|Any CPU
		{F9DC4D61-CB43-4F3E-9C61-41DE7AD78359}.Release|Any CPU.Build.0 = Release|Any CPU
		{44DF9972-CFB8-4933-A33E-6FEDDBDC3063}.Debug|Any CPU.ActiveCfg = Debug|Any CPU
		{44DF9972-CFB8-4933-A33E-6FEDDBDC3063}.Debug|Any CPU.Build.0 = Debug|Any CPU
		{44DF9972-CFB8-4933-A33E-6FEDDBDC3063}.Release|Any CPU.ActiveCfg = Release|Any CPU
		{44DF9972-CFB8-4933-A33E-6FEDDBDC3063}.Release|Any CPU.Build.0 = Release|Any CPU
		{C6A28916-BF59-4DBE-AFA5-32D4B6B21C95}.Debug|Any CPU.ActiveCfg = Debug|Any CPU
		{C6A28916-BF59-4DBE-AFA5-32D4B6B21C95}.Debug|Any CPU.Build.0 = Debug|Any CPU
		{C6A28916-BF59-4DBE-AFA5-32D4B6B21C95}.Release|Any CPU.ActiveCfg = Release|Any CPU
		{C6A28916-BF59-4DBE-AFA5-32D4B6B21C95}.Release|Any CPU.Build.0 = Release|Any CPU
		{96417D7B-7728-469D-936D-5008836D4604}.Debug|Any CPU.ActiveCfg = Debug|Any CPU
		{96417D7B-7728-469D-936D-5008836D4604}.Debug|Any CPU.Build.0 = Debug|Any CPU
		{96417D7B-7728-469D-936D-5008836D4604}.Release|Any CPU.ActiveCfg = Release|Any CPU
		{96417D7B-7728-469D-936D-5008836D4604}.Release|Any CPU.Build.0 = Release|Any CPU
		{8A21E983-C2CE-4B34-A5C8-EFECDA955845}.Debug|Any CPU.ActiveCfg = Debug|Any CPU
		{8A21E983-C2CE-4B34-A5C8-EFECDA955845}.Debug|Any CPU.Build.0 = Debug|Any CPU
		{8A21E983-C2CE-4B34-A5C8-EFECDA955845}.Release|Any CPU.ActiveCfg = Release|Any CPU
		{8A21E983-C2CE-4B34-A5C8-EFECDA955845}.Release|Any CPU.Build.0 = Release|Any CPU
		{88A2263D-001B-4027-B6AA-1A6143CCB24E}.Debug|Any CPU.ActiveCfg = Debug|Any CPU
		{88A2263D-001B-4027-B6AA-1A6143CCB24E}.Debug|Any CPU.Build.0 = Debug|Any CPU
		{88A2263D-001B-4027-B6AA-1A6143CCB24E}.Release|Any CPU.ActiveCfg = Release|Any CPU
		{88A2263D-001B-4027-B6AA-1A6143CCB24E}.Release|Any CPU.Build.0 = Release|Any CPU
		{5AA4E73B-FADF-45E0-BAC2-4EDA28C9829D}.Debug|Any CPU.ActiveCfg = Debug|Any CPU
		{5AA4E73B-FADF-45E0-BAC2-4EDA28C9829D}.Debug|Any CPU.Build.0 = Debug|Any CPU
		{5AA4E73B-FADF-45E0-BAC2-4EDA28C9829D}.Release|Any CPU.ActiveCfg = Release|Any CPU
		{5AA4E73B-FADF-45E0-BAC2-4EDA28C9829D}.Release|Any CPU.Build.0 = Release|Any CPU
		{78DB546F-5527-4EA5-885E-566A76351436}.Debug|Any CPU.ActiveCfg = Debug|Any CPU
		{78DB546F-5527-4EA5-885E-566A76351436}.Debug|Any CPU.Build.0 = Debug|Any CPU
		{78DB546F-5527-4EA5-885E-566A76351436}.Release|Any CPU.ActiveCfg = Release|Any CPU
		{78DB546F-5527-4EA5-885E-566A76351436}.Release|Any CPU.Build.0 = Release|Any CPU
		{3DF2E646-17BB-4A6F-BE2C-8EF168AFF89B}.Debug|Any CPU.ActiveCfg = Debug|Any CPU
		{3DF2E646-17BB-4A6F-BE2C-8EF168AFF89B}.Debug|Any CPU.Build.0 = Debug|Any CPU
		{3DF2E646-17BB-4A6F-BE2C-8EF168AFF89B}.Release|Any CPU.ActiveCfg = Release|Any CPU
		{3DF2E646-17BB-4A6F-BE2C-8EF168AFF89B}.Release|Any CPU.Build.0 = Release|Any CPU
		{2DD41B40-B17A-43A4-A267-04F84F5D290F}.Debug|Any CPU.ActiveCfg = Debug|Any CPU
		{2DD41B40-B17A-43A4-A267-04F84F5D290F}.Debug|Any CPU.Build.0 = Debug|Any CPU
		{2DD41B40-B17A-43A4-A267-04F84F5D290F}.Release|Any CPU.ActiveCfg = Release|Any CPU
		{2DD41B40-B17A-43A4-A267-04F84F5D290F}.Release|Any CPU.Build.0 = Release|Any CPU
		{0488AB9A-6088-4319-9D5D-8DCD5D56A507}.Debug|Any CPU.ActiveCfg = Debug|Any CPU
		{0488AB9A-6088-4319-9D5D-8DCD5D56A507}.Debug|Any CPU.Build.0 = Debug|Any CPU
		{0488AB9A-6088-4319-9D5D-8DCD5D56A507}.Release|Any CPU.ActiveCfg = Release|Any CPU
		{0488AB9A-6088-4319-9D5D-8DCD5D56A507}.Release|Any CPU.Build.0 = Release|Any CPU
		{47E4CA68-C46A-485A-B768-9CB484F65BE0}.Debug|Any CPU.ActiveCfg = Debug|Any CPU
		{47E4CA68-C46A-485A-B768-9CB484F65BE0}.Debug|Any CPU.Build.0 = Debug|Any CPU
		{47E4CA68-C46A-485A-B768-9CB484F65BE0}.Release|Any CPU.ActiveCfg = Release|Any CPU
		{47E4CA68-C46A-485A-B768-9CB484F65BE0}.Release|Any CPU.Build.0 = Release|Any CPU
		{89664D0F-8C8A-4966-A2AB-FA5F91794E72}.Debug|Any CPU.ActiveCfg = Debug|Any CPU
		{89664D0F-8C8A-4966-A2AB-FA5F91794E72}.Debug|Any CPU.Build.0 = Debug|Any CPU
		{89664D0F-8C8A-4966-A2AB-FA5F91794E72}.Release|Any CPU.ActiveCfg = Release|Any CPU
		{89664D0F-8C8A-4966-A2AB-FA5F91794E72}.Release|Any CPU.Build.0 = Release|Any CPU
		{4287E5D7-805F-4CA9-8282-AE7B5E61360D}.Debug|Any CPU.ActiveCfg = Debug|Any CPU
		{4287E5D7-805F-4CA9-8282-AE7B5E61360D}.Debug|Any CPU.Build.0 = Debug|Any CPU
		{4287E5D7-805F-4CA9-8282-AE7B5E61360D}.Release|Any CPU.ActiveCfg = Release|Any CPU
		{4287E5D7-805F-4CA9-8282-AE7B5E61360D}.Release|Any CPU.Build.0 = Release|Any CPU
		{6FCFF4DA-397B-404B-92F0-38837B5F2DB9}.Debug|Any CPU.ActiveCfg = Debug|Any CPU
		{6FCFF4DA-397B-404B-92F0-38837B5F2DB9}.Debug|Any CPU.Build.0 = Debug|Any CPU
		{6FCFF4DA-397B-404B-92F0-38837B5F2DB9}.Release|Any CPU.ActiveCfg = Release|Any CPU
		{6FCFF4DA-397B-404B-92F0-38837B5F2DB9}.Release|Any CPU.Build.0 = Release|Any CPU
		{AF7C9CA4-E762-46D7-A53A-861F137ED3E1}.Debug|Any CPU.ActiveCfg = Debug|Any CPU
		{AF7C9CA4-E762-46D7-A53A-861F137ED3E1}.Debug|Any CPU.Build.0 = Debug|Any CPU
		{AF7C9CA4-E762-46D7-A53A-861F137ED3E1}.Release|Any CPU.ActiveCfg = Release|Any CPU
		{AF7C9CA4-E762-46D7-A53A-861F137ED3E1}.Release|Any CPU.Build.0 = Release|Any CPU
		{7DB4AEAD-7F3D-441F-9E67-17379A78160B}.Debug|Any CPU.ActiveCfg = Debug|Any CPU
		{7DB4AEAD-7F3D-441F-9E67-17379A78160B}.Debug|Any CPU.Build.0 = Debug|Any CPU
		{7DB4AEAD-7F3D-441F-9E67-17379A78160B}.Release|Any CPU.ActiveCfg = Release|Any CPU
		{7DB4AEAD-7F3D-441F-9E67-17379A78160B}.Release|Any CPU.Build.0 = Release|Any CPU
		{8439DC0D-E178-45C9-BEFA-3D036885FF50}.Debug|Any CPU.ActiveCfg = Debug|Any CPU
		{8439DC0D-E178-45C9-BEFA-3D036885FF50}.Debug|Any CPU.Build.0 = Debug|Any CPU
		{8439DC0D-E178-45C9-BEFA-3D036885FF50}.Release|Any CPU.ActiveCfg = Release|Any CPU
		{8439DC0D-E178-45C9-BEFA-3D036885FF50}.Release|Any CPU.Build.0 = Release|Any CPU
		{5BDD7091-3229-4B5B-8CFD-7822F24F0F8A}.Debug|Any CPU.ActiveCfg = Debug|Any CPU
		{5BDD7091-3229-4B5B-8CFD-7822F24F0F8A}.Debug|Any CPU.Build.0 = Debug|Any CPU
		{5BDD7091-3229-4B5B-8CFD-7822F24F0F8A}.Release|Any CPU.ActiveCfg = Release|Any CPU
		{5BDD7091-3229-4B5B-8CFD-7822F24F0F8A}.Release|Any CPU.Build.0 = Release|Any CPU
		{F985B72B-647E-4558-AA80-C6F765FEF9AF}.Debug|Any CPU.ActiveCfg = Debug|Any CPU
		{F985B72B-647E-4558-AA80-C6F765FEF9AF}.Debug|Any CPU.Build.0 = Debug|Any CPU
		{F985B72B-647E-4558-AA80-C6F765FEF9AF}.Release|Any CPU.ActiveCfg = Release|Any CPU
		{F985B72B-647E-4558-AA80-C6F765FEF9AF}.Release|Any CPU.Build.0 = Release|Any CPU
		{06D76B04-22A5-46D4-972D-42217FF1B3FF}.Debug|Any CPU.ActiveCfg = Debug|Any CPU
		{06D76B04-22A5-46D4-972D-42217FF1B3FF}.Debug|Any CPU.Build.0 = Debug|Any CPU
		{06D76B04-22A5-46D4-972D-42217FF1B3FF}.Release|Any CPU.ActiveCfg = Release|Any CPU
		{06D76B04-22A5-46D4-972D-42217FF1B3FF}.Release|Any CPU.Build.0 = Release|Any CPU
		{0FBB2037-8EF9-48D4-990D-DE9D59D4BEF9}.Debug|Any CPU.ActiveCfg = Debug|Any CPU
		{0FBB2037-8EF9-48D4-990D-DE9D59D4BEF9}.Debug|Any CPU.Build.0 = Debug|Any CPU
		{0FBB2037-8EF9-48D4-990D-DE9D59D4BEF9}.Release|Any CPU.ActiveCfg = Release|Any CPU
		{0FBB2037-8EF9-48D4-990D-DE9D59D4BEF9}.Release|Any CPU.Build.0 = Release|Any CPU
		{0C456960-C220-413E-9C97-5656A526E61D}.Debug|Any CPU.ActiveCfg = Debug|Any CPU
		{0C456960-C220-413E-9C97-5656A526E61D}.Debug|Any CPU.Build.0 = Debug|Any CPU
		{0C456960-C220-413E-9C97-5656A526E61D}.Release|Any CPU.ActiveCfg = Release|Any CPU
		{0C456960-C220-413E-9C97-5656A526E61D}.Release|Any CPU.Build.0 = Release|Any CPU
		{F3E9E3F1-FC95-46E5-BD0B-1A433FA2D7A0}.Debug|Any CPU.ActiveCfg = Debug|Any CPU
		{F3E9E3F1-FC95-46E5-BD0B-1A433FA2D7A0}.Debug|Any CPU.Build.0 = Debug|Any CPU
		{F3E9E3F1-FC95-46E5-BD0B-1A433FA2D7A0}.Release|Any CPU.ActiveCfg = Release|Any CPU
		{F3E9E3F1-FC95-46E5-BD0B-1A433FA2D7A0}.Release|Any CPU.Build.0 = Release|Any CPU
		{9806A834-C5CF-41CA-A175-2EF1882BBBB0}.Debug|Any CPU.ActiveCfg = Debug|Any CPU
		{9806A834-C5CF-41CA-A175-2EF1882BBBB0}.Debug|Any CPU.Build.0 = Debug|Any CPU
		{9806A834-C5CF-41CA-A175-2EF1882BBBB0}.Release|Any CPU.ActiveCfg = Release|Any CPU
		{9806A834-C5CF-41CA-A175-2EF1882BBBB0}.Release|Any CPU.Build.0 = Release|Any CPU
		{9A902F09-32AE-4174-97FE-48EE3E143E41}.Debug|Any CPU.ActiveCfg = Debug|Any CPU
		{9A902F09-32AE-4174-97FE-48EE3E143E41}.Debug|Any CPU.Build.0 = Debug|Any CPU
		{9A902F09-32AE-4174-97FE-48EE3E143E41}.Release|Any CPU.ActiveCfg = Release|Any CPU
		{9A902F09-32AE-4174-97FE-48EE3E143E41}.Release|Any CPU.Build.0 = Release|Any CPU
		{D61C381E-2854-47CF-A2DC-A015160F3C75}.Debug|Any CPU.ActiveCfg = Debug|Any CPU
		{D61C381E-2854-47CF-A2DC-A015160F3C75}.Debug|Any CPU.Build.0 = Debug|Any CPU
		{D61C381E-2854-47CF-A2DC-A015160F3C75}.Release|Any CPU.ActiveCfg = Release|Any CPU
		{D61C381E-2854-47CF-A2DC-A015160F3C75}.Release|Any CPU.Build.0 = Release|Any CPU
		{00E3C1C1-0834-4CAC-9394-EB8545764B87}.Debug|Any CPU.ActiveCfg = Debug|Any CPU
		{00E3C1C1-0834-4CAC-9394-EB8545764B87}.Debug|Any CPU.Build.0 = Debug|Any CPU
		{00E3C1C1-0834-4CAC-9394-EB8545764B87}.Release|Any CPU.ActiveCfg = Release|Any CPU
		{00E3C1C1-0834-4CAC-9394-EB8545764B87}.Release|Any CPU.Build.0 = Release|Any CPU
		{6C3E9208-7A3F-4EA8-B833-7F37E4481873}.Debug|Any CPU.ActiveCfg = Debug|Any CPU
		{6C3E9208-7A3F-4EA8-B833-7F37E4481873}.Debug|Any CPU.Build.0 = Debug|Any CPU
		{6C3E9208-7A3F-4EA8-B833-7F37E4481873}.Release|Any CPU.ActiveCfg = Release|Any CPU
		{6C3E9208-7A3F-4EA8-B833-7F37E4481873}.Release|Any CPU.Build.0 = Release|Any CPU
		{1C350628-8916-4D15-9699-DBA31AFAAC4F}.Debug|Any CPU.ActiveCfg = Debug|Any CPU
		{1C350628-8916-4D15-9699-DBA31AFAAC4F}.Debug|Any CPU.Build.0 = Debug|Any CPU
		{1C350628-8916-4D15-9699-DBA31AFAAC4F}.Release|Any CPU.ActiveCfg = Release|Any CPU
		{1C350628-8916-4D15-9699-DBA31AFAAC4F}.Release|Any CPU.Build.0 = Release|Any CPU
		{64FE45F7-64EF-430D-BDED-9A0ADE696957}.Debug|Any CPU.ActiveCfg = Debug|Any CPU
		{64FE45F7-64EF-430D-BDED-9A0ADE696957}.Debug|Any CPU.Build.0 = Debug|Any CPU
		{64FE45F7-64EF-430D-BDED-9A0ADE696957}.Release|Any CPU.ActiveCfg = Release|Any CPU
		{64FE45F7-64EF-430D-BDED-9A0ADE696957}.Release|Any CPU.Build.0 = Release|Any CPU
		{8080FDBA-6246-49B7-8AEA-283D7B5A0037}.Debug|Any CPU.ActiveCfg = Debug|Any CPU
		{8080FDBA-6246-49B7-8AEA-283D7B5A0037}.Debug|Any CPU.Build.0 = Debug|Any CPU
		{8080FDBA-6246-49B7-8AEA-283D7B5A0037}.Release|Any CPU.ActiveCfg = Release|Any CPU
		{8080FDBA-6246-49B7-8AEA-283D7B5A0037}.Release|Any CPU.Build.0 = Release|Any CPU
		{D259052F-71EC-4B44-9F41-53140253D113}.Debug|Any CPU.ActiveCfg = Debug|Any CPU
		{D259052F-71EC-4B44-9F41-53140253D113}.Debug|Any CPU.Build.0 = Debug|Any CPU
		{D259052F-71EC-4B44-9F41-53140253D113}.Release|Any CPU.ActiveCfg = Release|Any CPU
		{D259052F-71EC-4B44-9F41-53140253D113}.Release|Any CPU.Build.0 = Release|Any CPU
		{94B0B144-D98A-4E4E-A1E8-A9CFAB9DA300}.Debug|Any CPU.ActiveCfg = Debug|Any CPU
		{94B0B144-D98A-4E4E-A1E8-A9CFAB9DA300}.Debug|Any CPU.Build.0 = Debug|Any CPU
		{94B0B144-D98A-4E4E-A1E8-A9CFAB9DA300}.Release|Any CPU.ActiveCfg = Release|Any CPU
		{94B0B144-D98A-4E4E-A1E8-A9CFAB9DA300}.Release|Any CPU.Build.0 = Release|Any CPU
		{7468683A-33F1-4719-8FF3-9B0600BA8A3B}.Debug|Any CPU.ActiveCfg = Debug|Any CPU
		{7468683A-33F1-4719-8FF3-9B0600BA8A3B}.Debug|Any CPU.Build.0 = Debug|Any CPU
		{7468683A-33F1-4719-8FF3-9B0600BA8A3B}.Release|Any CPU.ActiveCfg = Release|Any CPU
		{7468683A-33F1-4719-8FF3-9B0600BA8A3B}.Release|Any CPU.Build.0 = Release|Any CPU
		{7ADF524D-4CB2-4FAC-8735-E56484671812}.Debug|Any CPU.ActiveCfg = Debug|Any CPU
		{7ADF524D-4CB2-4FAC-8735-E56484671812}.Debug|Any CPU.Build.0 = Debug|Any CPU
		{7ADF524D-4CB2-4FAC-8735-E56484671812}.Release|Any CPU.ActiveCfg = Release|Any CPU
		{7ADF524D-4CB2-4FAC-8735-E56484671812}.Release|Any CPU.Build.0 = Release|Any CPU
		{CA0F7D09-2D42-400A-9B42-56B6F87963B9}.Debug|Any CPU.ActiveCfg = Debug|Any CPU
		{CA0F7D09-2D42-400A-9B42-56B6F87963B9}.Debug|Any CPU.Build.0 = Debug|Any CPU
		{CA0F7D09-2D42-400A-9B42-56B6F87963B9}.Release|Any CPU.ActiveCfg = Release|Any CPU
		{CA0F7D09-2D42-400A-9B42-56B6F87963B9}.Release|Any CPU.Build.0 = Release|Any CPU
	EndGlobalSection
	GlobalSection(SolutionProperties) = preSolution
		HideSolutionNode = FALSE
	EndGlobalSection
	GlobalSection(NestedProjects) = preSolution
		{B10FC712-C6E3-43F2-A9DB-10216DF5FE4F} = {6A465A92-77C9-49AE-96EA-013B890D0F6E}
		{83F16175-43B1-4C90-A1EE-8E351C33435D} = {A6A6AF7D-D6E3-442D-9B1E-58CC91879BE1}
		{8E6D5255-776D-4B61-85F9-73C37AA1FB9A} = {A6A6AF7D-D6E3-442D-9B1E-58CC91879BE1}
		{5012DCE7-5CB2-408B-B3EA-D6F1A28796AB} = {ED8079DD-2B06-4030-9F0F-DC548F98E1C4}
		{AB104CB1-643C-43B7-9736-E6DAB0A75CF1} = {6A465A92-77C9-49AE-96EA-013B890D0F6E}
		{EBBB0411-96AE-456C-8D6F-87455ECF5B4A} = {ED8079DD-2B06-4030-9F0F-DC548F98E1C4}
		{313FBFB1-4CE8-4133-988B-089EC565A067} = {6A465A92-77C9-49AE-96EA-013B890D0F6E}
		{206A423C-F483-4CE6-B00D-6AF3F507AD8F} = {ED8079DD-2B06-4030-9F0F-DC548F98E1C4}
		{54D7D809-EF2B-419D-BA15-33B2ABF324A4} = {6A465A92-77C9-49AE-96EA-013B890D0F6E}
		{B4791BD1-A783-4980-B856-B3CE779E4FD3} = {ED8079DD-2B06-4030-9F0F-DC548F98E1C4}
		{13D437F1-FFBC-4196-B5B1-A752DF04233A} = {6A465A92-77C9-49AE-96EA-013B890D0F6E}
		{3BB5231D-F78E-446B-9B91-6535DF517253} = {ED8079DD-2B06-4030-9F0F-DC548F98E1C4}
		{15767D9F-6CEB-4E7C-8CC7-80A3DE4DE8EC} = {6A465A92-77C9-49AE-96EA-013B890D0F6E}
		{521245DB-4751-4BA6-B17A-10F6475EEBF3} = {ED8079DD-2B06-4030-9F0F-DC548F98E1C4}
		{5ABC4ED1-4715-43FC-879B-44D7925B5ECD} = {6A465A92-77C9-49AE-96EA-013B890D0F6E}
		{D4B01F88-320F-41D8-A49F-AF77272B07E4} = {ED8079DD-2B06-4030-9F0F-DC548F98E1C4}
		{D95F8463-41B4-4BBC-92ED-6AB67CC4CCA8} = {6A465A92-77C9-49AE-96EA-013B890D0F6E}
		{211D5208-EC4A-4334-9DB6-53CDEFAE13B0} = {ED8079DD-2B06-4030-9F0F-DC548F98E1C4}
		{E9A89B90-051D-4AAB-934A-C932E30849AD} = {6A465A92-77C9-49AE-96EA-013B890D0F6E}
		{FC799E8A-1EB9-4F0B-89F4-28680253EEB1} = {ED8079DD-2B06-4030-9F0F-DC548F98E1C4}
		{C42C90B3-C882-4B60-9D02-68DB228B428F} = {6A465A92-77C9-49AE-96EA-013B890D0F6E}
		{2366E9C5-939C-4FF2-AB60-9BA7CA0B1298} = {ED8079DD-2B06-4030-9F0F-DC548F98E1C4}
		{F9DC4D61-CB43-4F3E-9C61-41DE7AD78359} = {6A465A92-77C9-49AE-96EA-013B890D0F6E}
		{44DF9972-CFB8-4933-A33E-6FEDDBDC3063} = {6A465A92-77C9-49AE-96EA-013B890D0F6E}
		{C6A28916-BF59-4DBE-AFA5-32D4B6B21C95} = {ED8079DD-2B06-4030-9F0F-DC548F98E1C4}
		{96417D7B-7728-469D-936D-5008836D4604} = {6A465A92-77C9-49AE-96EA-013B890D0F6E}
		{8A21E983-C2CE-4B34-A5C8-EFECDA955845} = {ED8079DD-2B06-4030-9F0F-DC548F98E1C4}
		{88A2263D-001B-4027-B6AA-1A6143CCB24E} = {6A465A92-77C9-49AE-96EA-013B890D0F6E}
		{5AA4E73B-FADF-45E0-BAC2-4EDA28C9829D} = {ED8079DD-2B06-4030-9F0F-DC548F98E1C4}
		{78DB546F-5527-4EA5-885E-566A76351436} = {6A465A92-77C9-49AE-96EA-013B890D0F6E}
		{3DF2E646-17BB-4A6F-BE2C-8EF168AFF89B} = {ED8079DD-2B06-4030-9F0F-DC548F98E1C4}
		{2DD41B40-B17A-43A4-A267-04F84F5D290F} = {6A465A92-77C9-49AE-96EA-013B890D0F6E}
		{0488AB9A-6088-4319-9D5D-8DCD5D56A507} = {6A465A92-77C9-49AE-96EA-013B890D0F6E}
		{47E4CA68-C46A-485A-B768-9CB484F65BE0} = {ED8079DD-2B06-4030-9F0F-DC548F98E1C4}
		{89664D0F-8C8A-4966-A2AB-FA5F91794E72} = {6A465A92-77C9-49AE-96EA-013B890D0F6E}
		{4287E5D7-805F-4CA9-8282-AE7B5E61360D} = {ED8079DD-2B06-4030-9F0F-DC548F98E1C4}
		{6FCFF4DA-397B-404B-92F0-38837B5F2DB9} = {6A465A92-77C9-49AE-96EA-013B890D0F6E}
		{AF7C9CA4-E762-46D7-A53A-861F137ED3E1} = {ED8079DD-2B06-4030-9F0F-DC548F98E1C4}
		{7DB4AEAD-7F3D-441F-9E67-17379A78160B} = {6A465A92-77C9-49AE-96EA-013B890D0F6E}
		{8439DC0D-E178-45C9-BEFA-3D036885FF50} = {ED8079DD-2B06-4030-9F0F-DC548F98E1C4}
		{5BDD7091-3229-4B5B-8CFD-7822F24F0F8A} = {6A465A92-77C9-49AE-96EA-013B890D0F6E}
		{F985B72B-647E-4558-AA80-C6F765FEF9AF} = {6A465A92-77C9-49AE-96EA-013B890D0F6E}
		{06D76B04-22A5-46D4-972D-42217FF1B3FF} = {ED8079DD-2B06-4030-9F0F-DC548F98E1C4}
		{0FBB2037-8EF9-48D4-990D-DE9D59D4BEF9} = {6A465A92-77C9-49AE-96EA-013B890D0F6E}
		{0C456960-C220-413E-9C97-5656A526E61D} = {ED8079DD-2B06-4030-9F0F-DC548F98E1C4}
		{F3E9E3F1-FC95-46E5-BD0B-1A433FA2D7A0} = {6A465A92-77C9-49AE-96EA-013B890D0F6E}
		{9806A834-C5CF-41CA-A175-2EF1882BBBB0} = {ED8079DD-2B06-4030-9F0F-DC548F98E1C4}
		{9A902F09-32AE-4174-97FE-48EE3E143E41} = {6A465A92-77C9-49AE-96EA-013B890D0F6E}
		{D61C381E-2854-47CF-A2DC-A015160F3C75} = {6A465A92-77C9-49AE-96EA-013B890D0F6E}
		{00E3C1C1-0834-4CAC-9394-EB8545764B87} = {ED8079DD-2B06-4030-9F0F-DC548F98E1C4}
		{6C3E9208-7A3F-4EA8-B833-7F37E4481873} = {6A465A92-77C9-49AE-96EA-013B890D0F6E}
		{1C350628-8916-4D15-9699-DBA31AFAAC4F} = {6A465A92-77C9-49AE-96EA-013B890D0F6E}
		{64FE45F7-64EF-430D-BDED-9A0ADE696957} = {ED8079DD-2B06-4030-9F0F-DC548F98E1C4}
		{8080FDBA-6246-49B7-8AEA-283D7B5A0037} = {ED8079DD-2B06-4030-9F0F-DC548F98E1C4}
		{D259052F-71EC-4B44-9F41-53140253D113} = {6A465A92-77C9-49AE-96EA-013B890D0F6E}
		{94B0B144-D98A-4E4E-A1E8-A9CFAB9DA300} = {ED8079DD-2B06-4030-9F0F-DC548F98E1C4}
		{7468683A-33F1-4719-8FF3-9B0600BA8A3B} = {6A465A92-77C9-49AE-96EA-013B890D0F6E}
		{7ADF524D-4CB2-4FAC-8735-E56484671812} = {6A465A92-77C9-49AE-96EA-013B890D0F6E}
		{CA0F7D09-2D42-400A-9B42-56B6F87963B9} = {ED8079DD-2B06-4030-9F0F-DC548F98E1C4}
	EndGlobalSection
EndGlobal
