Microsoft Visual Studio Solution File, Format Version 12.00
# Visual Studio 2013
VisualStudioVersion = 12.0.40629.0
MinimumVisualStudioVersion = 10.0.40219.1
Project("{2150E333-8FDC-42A3-9474-1A3956D46DE8}") = ".paket", ".paket", "{63297B98-5CED-492C-A5B7-A5B4F73CF142}"
	ProjectSection(SolutionItems) = preProject
		paket.dependencies = paket.dependencies
		paket.lock = paket.lock
	EndProjectSection
EndProject
Project("{2150E333-8FDC-42A3-9474-1A3956D46DE8}") = "docs", "docs", "{A6A6AF7D-D6E3-442D-9B1E-58CC91879BE1}"
EndProject
Project("{F2A71F9B-5D33-465A-A702-920D77279786}") = "MalyshevAntonHW", "src\MalyshevAntonHW\MalyshevAntonHW.fsproj", "{B7E9B9F5-E9FE-4A38-AAE8-DC92F527B10D}"
EndProject
Project("{2150E333-8FDC-42A3-9474-1A3956D46DE8}") = "project", "project", "{BF60BC93-E09B-4E5F-9D85-95A519479D54}"
	ProjectSection(SolutionItems) = preProject
		build.fsx = build.fsx
		README.md = README.md
		RELEASE_NOTES.md = RELEASE_NOTES.md
	EndProjectSection
EndProject
Project("{2150E333-8FDC-42A3-9474-1A3956D46DE8}") = "tools", "tools", "{83F16175-43B1-4C90-A1EE-8E351C33435D}"
	ProjectSection(SolutionItems) = preProject
		docs\tools\generate.fsx = docs\tools\generate.fsx
		docs\tools\templates\template.cshtml = docs\tools\templates\template.cshtml
	EndProjectSection
EndProject
Project("{2150E333-8FDC-42A3-9474-1A3956D46DE8}") = "content", "content", "{8E6D5255-776D-4B61-85F9-73C37AA1FB9A}"
	ProjectSection(SolutionItems) = preProject
		docs\content\index.fsx = docs\content\index.fsx
		docs\content\tutorial.fsx = docs\content\tutorial.fsx
	EndProjectSection
EndProject
Project("{2150E333-8FDC-42A3-9474-1A3956D46DE8}") = "tests", "tests", "{ED8079DD-2B06-4030-9F0F-DC548F98E1C4}"
EndProject
Project("{F2A71F9B-5D33-465A-A702-920D77279786}") = "MalyshevAntonHW.Tests", "tests\MalyshevAntonHW.Tests\MalyshevAntonHW.Tests.fsproj", "{2942E004-C68E-447D-B382-E3550100C9AF}"
EndProject
Project("{F2A71F9B-5D33-465A-A702-920D77279786}") = "Task2", "src\Task2\Task2.fsproj", "{A58D65CD-076F-48D7-8833-93629CBB0B89}"
EndProject
Project("{F2A71F9B-5D33-465A-A702-920D77279786}") = "Task3", "src\Task3\Task3.fsproj", "{29980C0B-1130-4153-B543-1EB63CE22CF5}"
EndProject
Project("{2150E333-8FDC-42A3-9474-1A3956D46DE8}") = "src", "src", "{EB35FCD1-D2A8-4E3C-B1AD-0246E378BB58}"
EndProject
Project("{F2A71F9B-5D33-465A-A702-920D77279786}") = "Task2.Tests", "tests\Task2.Tests\Task2.Tests.fsproj", "{2AC3FA94-4F6F-4A27-B0B2-C85CF660393B}"
EndProject
Project("{F2A71F9B-5D33-465A-A702-920D77279786}") = "Task3.Tests", "tests\Task3.Tests\Task3.Tests.fsproj", "{4FE3F78F-7E66-48C1-8528-A3FE09BD94E4}"
EndProject
Project("{F2A71F9B-5D33-465A-A702-920D77279786}") = "Task4", "src\Task4\Task4.fsproj", "{2507BA72-6547-4612-80BC-6E97200DE68B}"
EndProject
Project("{F2A71F9B-5D33-465A-A702-920D77279786}") = "Task4.Tests", "tests\Task4.Tests\Task4.Tests.fsproj", "{7D81820C-5093-4AE8-873A-F34091446968}"
EndProject
Project("{F2A71F9B-5D33-465A-A702-920D77279786}") = "Task5", "src\Task5\Task5.fsproj", "{37E7B3C9-DC07-49D1-89E8-89968B3CF47D}"
EndProject
Project("{F2A71F9B-5D33-465A-A702-920D77279786}") = "Task5.Tests", "tests\Task5.Tests\Task5.Tests.fsproj", "{C533A687-2B9F-4055-9B62-D721AFB51D27}"
EndProject
Project("{F2A71F9B-5D33-465A-A702-920D77279786}") = "Task6", "src\Task6\Task6.fsproj", "{1680F69F-7BDF-4E40-939E-41B4E398AE6E}"
EndProject
Project("{F2A71F9B-5D33-465A-A702-920D77279786}") = "Task6.Tests", "tests\Task6.Tests\Task6.Tests.fsproj", "{51B77434-9A30-4B29-9218-6FC148877DA3}"
EndProject
Project("{F2A71F9B-5D33-465A-A702-920D77279786}") = "Task7", "src\Task7\Task7.fsproj", "{422C68B0-5165-4EC8-955C-AD76E9DC70E1}"
EndProject
Project("{F2A71F9B-5D33-465A-A702-920D77279786}") = "Task7.Tests", "tests\Task7.Tests\Task7.Tests.fsproj", "{D2C56433-8F2C-44FA-8F7C-DAD2A3585EB7}"
EndProject
Project("{F2A71F9B-5D33-465A-A702-920D77279786}") = "Task8", "src\Task8\Task8.fsproj", "{0FB6A50F-730D-4910-9EEB-C20A93127D4F}"
EndProject
Project("{F2A71F9B-5D33-465A-A702-920D77279786}") = "Task8.Tests", "tests\Task8.Tests\Task8.Tests.fsproj", "{41880CD5-0267-4E7E-9DAB-D5C26B055298}"
EndProject
Project("{F2A71F9B-5D33-465A-A702-920D77279786}") = "Task9", "src\Task9\Task9.fsproj", "{17FD9E4B-9A93-4ADE-AA1A-21DFD18F7B6C}"
EndProject
Project("{F2A71F9B-5D33-465A-A702-920D77279786}") = "Task9.Tests", "tests\Task9.Tests\Task9.Tests.fsproj", "{1268B222-1644-4A9B-9D8B-70F269B0FFA3}"
EndProject
Project("{F2A71F9B-5D33-465A-A702-920D77279786}") = "Task10", "src\Task10\Task10.fsproj", "{FF8F63FA-5189-46BB-A4F4-CC238F320FC7}"
EndProject
Project("{F2A71F9B-5D33-465A-A702-920D77279786}") = "Task10.Tests", "tests\Task10.Tests\Task10.Tests.fsproj", "{205D6A32-AA43-4BB7-A840-558694A8DD8E}"
EndProject
Project("{F2A71F9B-5D33-465A-A702-920D77279786}") = "Task11", "src\Task11\Task11.fsproj", "{0AFB98B1-DB27-4219-8D4D-2DD6D94605DA}"
EndProject
Project("{F2A71F9B-5D33-465A-A702-920D77279786}") = "Task11.Tests", "tests\Task11.Tests\Task11.Tests.fsproj", "{7626E9C7-102D-430D-943C-19D772BC89A4}"
EndProject
Project("{F2A71F9B-5D33-465A-A702-920D77279786}") = "Task13", "src\Task13\Task13.fsproj", "{C90F1930-9614-476A-ABBE-87DB27DD913F}"
EndProject
Project("{F2A71F9B-5D33-465A-A702-920D77279786}") = "Task13.Tests", "tests\Task13.Tests\Task13.Tests.fsproj", "{7DB08173-4DC2-40DE-8C24-13433F8995B3}"
EndProject
Project("{F2A71F9B-5D33-465A-A702-920D77279786}") = "Task12", "src\Task12\Task12.fsproj", "{1B0E22D0-EB5D-4291-81D9-B4E8C6C773B3}"
EndProject
Project("{F2A71F9B-5D33-465A-A702-920D77279786}") = "Task12.Tests", "tests\Task12.Tests\Task12.Tests.fsproj", "{D5DFC7BB-9330-422D-BAC4-66DEB340BB9F}"
EndProject
Project("{F2A71F9B-5D33-465A-A702-920D77279786}") = "Task14", "src\Task14\Task14.fsproj", "{9A117D3F-4A63-4777-A055-50903D60B630}"
EndProject
Global
	GlobalSection(SolutionConfigurationPlatforms) = preSolution
		Debug|Any CPU = Debug|Any CPU
		Release|Any CPU = Release|Any CPU
	EndGlobalSection
	GlobalSection(ProjectConfigurationPlatforms) = postSolution
		{B7E9B9F5-E9FE-4A38-AAE8-DC92F527B10D}.Debug|Any CPU.ActiveCfg = Debug|Any CPU
		{B7E9B9F5-E9FE-4A38-AAE8-DC92F527B10D}.Debug|Any CPU.Build.0 = Debug|Any CPU
		{B7E9B9F5-E9FE-4A38-AAE8-DC92F527B10D}.Release|Any CPU.ActiveCfg = Release|Any CPU
		{B7E9B9F5-E9FE-4A38-AAE8-DC92F527B10D}.Release|Any CPU.Build.0 = Release|Any CPU
		{2942E004-C68E-447D-B382-E3550100C9AF}.Debug|Any CPU.ActiveCfg = Debug|Any CPU
		{2942E004-C68E-447D-B382-E3550100C9AF}.Debug|Any CPU.Build.0 = Debug|Any CPU
		{2942E004-C68E-447D-B382-E3550100C9AF}.Release|Any CPU.ActiveCfg = Release|Any CPU
		{2942E004-C68E-447D-B382-E3550100C9AF}.Release|Any CPU.Build.0 = Release|Any CPU
		{A58D65CD-076F-48D7-8833-93629CBB0B89}.Debug|Any CPU.ActiveCfg = Debug|Any CPU
		{A58D65CD-076F-48D7-8833-93629CBB0B89}.Debug|Any CPU.Build.0 = Debug|Any CPU
		{A58D65CD-076F-48D7-8833-93629CBB0B89}.Release|Any CPU.ActiveCfg = Release|Any CPU
		{A58D65CD-076F-48D7-8833-93629CBB0B89}.Release|Any CPU.Build.0 = Release|Any CPU
		{29980C0B-1130-4153-B543-1EB63CE22CF5}.Debug|Any CPU.ActiveCfg = Debug|Any CPU
		{29980C0B-1130-4153-B543-1EB63CE22CF5}.Debug|Any CPU.Build.0 = Debug|Any CPU
		{29980C0B-1130-4153-B543-1EB63CE22CF5}.Release|Any CPU.ActiveCfg = Release|Any CPU
		{29980C0B-1130-4153-B543-1EB63CE22CF5}.Release|Any CPU.Build.0 = Release|Any CPU
		{2AC3FA94-4F6F-4A27-B0B2-C85CF660393B}.Debug|Any CPU.ActiveCfg = Debug|Any CPU
		{2AC3FA94-4F6F-4A27-B0B2-C85CF660393B}.Debug|Any CPU.Build.0 = Debug|Any CPU
		{2AC3FA94-4F6F-4A27-B0B2-C85CF660393B}.Release|Any CPU.ActiveCfg = Release|Any CPU
		{2AC3FA94-4F6F-4A27-B0B2-C85CF660393B}.Release|Any CPU.Build.0 = Release|Any CPU
		{4FE3F78F-7E66-48C1-8528-A3FE09BD94E4}.Debug|Any CPU.ActiveCfg = Debug|Any CPU
		{4FE3F78F-7E66-48C1-8528-A3FE09BD94E4}.Debug|Any CPU.Build.0 = Debug|Any CPU
		{4FE3F78F-7E66-48C1-8528-A3FE09BD94E4}.Release|Any CPU.ActiveCfg = Release|Any CPU
		{4FE3F78F-7E66-48C1-8528-A3FE09BD94E4}.Release|Any CPU.Build.0 = Release|Any CPU
		{2507BA72-6547-4612-80BC-6E97200DE68B}.Debug|Any CPU.ActiveCfg = Debug|Any CPU
		{2507BA72-6547-4612-80BC-6E97200DE68B}.Debug|Any CPU.Build.0 = Debug|Any CPU
		{2507BA72-6547-4612-80BC-6E97200DE68B}.Release|Any CPU.ActiveCfg = Release|Any CPU
		{2507BA72-6547-4612-80BC-6E97200DE68B}.Release|Any CPU.Build.0 = Release|Any CPU
		{7D81820C-5093-4AE8-873A-F34091446968}.Debug|Any CPU.ActiveCfg = Debug|Any CPU
		{7D81820C-5093-4AE8-873A-F34091446968}.Debug|Any CPU.Build.0 = Debug|Any CPU
		{7D81820C-5093-4AE8-873A-F34091446968}.Release|Any CPU.ActiveCfg = Release|Any CPU
		{7D81820C-5093-4AE8-873A-F34091446968}.Release|Any CPU.Build.0 = Release|Any CPU
		{37E7B3C9-DC07-49D1-89E8-89968B3CF47D}.Debug|Any CPU.ActiveCfg = Debug|Any CPU
		{37E7B3C9-DC07-49D1-89E8-89968B3CF47D}.Debug|Any CPU.Build.0 = Debug|Any CPU
		{37E7B3C9-DC07-49D1-89E8-89968B3CF47D}.Release|Any CPU.ActiveCfg = Release|Any CPU
		{37E7B3C9-DC07-49D1-89E8-89968B3CF47D}.Release|Any CPU.Build.0 = Release|Any CPU
		{C533A687-2B9F-4055-9B62-D721AFB51D27}.Debug|Any CPU.ActiveCfg = Debug|Any CPU
		{C533A687-2B9F-4055-9B62-D721AFB51D27}.Debug|Any CPU.Build.0 = Debug|Any CPU
		{C533A687-2B9F-4055-9B62-D721AFB51D27}.Release|Any CPU.ActiveCfg = Release|Any CPU
		{C533A687-2B9F-4055-9B62-D721AFB51D27}.Release|Any CPU.Build.0 = Release|Any CPU
		{1680F69F-7BDF-4E40-939E-41B4E398AE6E}.Debug|Any CPU.ActiveCfg = Debug|Any CPU
		{1680F69F-7BDF-4E40-939E-41B4E398AE6E}.Debug|Any CPU.Build.0 = Debug|Any CPU
		{1680F69F-7BDF-4E40-939E-41B4E398AE6E}.Release|Any CPU.ActiveCfg = Release|Any CPU
		{1680F69F-7BDF-4E40-939E-41B4E398AE6E}.Release|Any CPU.Build.0 = Release|Any CPU
		{51B77434-9A30-4B29-9218-6FC148877DA3}.Debug|Any CPU.ActiveCfg = Debug|Any CPU
		{51B77434-9A30-4B29-9218-6FC148877DA3}.Debug|Any CPU.Build.0 = Debug|Any CPU
		{51B77434-9A30-4B29-9218-6FC148877DA3}.Release|Any CPU.ActiveCfg = Release|Any CPU
		{51B77434-9A30-4B29-9218-6FC148877DA3}.Release|Any CPU.Build.0 = Release|Any CPU
		{422C68B0-5165-4EC8-955C-AD76E9DC70E1}.Debug|Any CPU.ActiveCfg = Debug|Any CPU
		{422C68B0-5165-4EC8-955C-AD76E9DC70E1}.Debug|Any CPU.Build.0 = Debug|Any CPU
		{422C68B0-5165-4EC8-955C-AD76E9DC70E1}.Release|Any CPU.ActiveCfg = Release|Any CPU
		{422C68B0-5165-4EC8-955C-AD76E9DC70E1}.Release|Any CPU.Build.0 = Release|Any CPU
		{D2C56433-8F2C-44FA-8F7C-DAD2A3585EB7}.Debug|Any CPU.ActiveCfg = Debug|Any CPU
		{D2C56433-8F2C-44FA-8F7C-DAD2A3585EB7}.Debug|Any CPU.Build.0 = Debug|Any CPU
		{D2C56433-8F2C-44FA-8F7C-DAD2A3585EB7}.Release|Any CPU.ActiveCfg = Release|Any CPU
		{D2C56433-8F2C-44FA-8F7C-DAD2A3585EB7}.Release|Any CPU.Build.0 = Release|Any CPU
		{0FB6A50F-730D-4910-9EEB-C20A93127D4F}.Debug|Any CPU.ActiveCfg = Debug|Any CPU
		{0FB6A50F-730D-4910-9EEB-C20A93127D4F}.Debug|Any CPU.Build.0 = Debug|Any CPU
		{0FB6A50F-730D-4910-9EEB-C20A93127D4F}.Release|Any CPU.ActiveCfg = Release|Any CPU
		{0FB6A50F-730D-4910-9EEB-C20A93127D4F}.Release|Any CPU.Build.0 = Release|Any CPU
		{41880CD5-0267-4E7E-9DAB-D5C26B055298}.Debug|Any CPU.ActiveCfg = Debug|Any CPU
		{41880CD5-0267-4E7E-9DAB-D5C26B055298}.Debug|Any CPU.Build.0 = Debug|Any CPU
		{41880CD5-0267-4E7E-9DAB-D5C26B055298}.Release|Any CPU.ActiveCfg = Release|Any CPU
		{41880CD5-0267-4E7E-9DAB-D5C26B055298}.Release|Any CPU.Build.0 = Release|Any CPU
		{17FD9E4B-9A93-4ADE-AA1A-21DFD18F7B6C}.Debug|Any CPU.ActiveCfg = Debug|Any CPU
		{17FD9E4B-9A93-4ADE-AA1A-21DFD18F7B6C}.Debug|Any CPU.Build.0 = Debug|Any CPU
		{17FD9E4B-9A93-4ADE-AA1A-21DFD18F7B6C}.Release|Any CPU.ActiveCfg = Release|Any CPU
		{17FD9E4B-9A93-4ADE-AA1A-21DFD18F7B6C}.Release|Any CPU.Build.0 = Release|Any CPU
		{1268B222-1644-4A9B-9D8B-70F269B0FFA3}.Debug|Any CPU.ActiveCfg = Debug|Any CPU
		{1268B222-1644-4A9B-9D8B-70F269B0FFA3}.Debug|Any CPU.Build.0 = Debug|Any CPU
		{1268B222-1644-4A9B-9D8B-70F269B0FFA3}.Release|Any CPU.ActiveCfg = Release|Any CPU
		{1268B222-1644-4A9B-9D8B-70F269B0FFA3}.Release|Any CPU.Build.0 = Release|Any CPU
		{FF8F63FA-5189-46BB-A4F4-CC238F320FC7}.Debug|Any CPU.ActiveCfg = Debug|Any CPU
		{FF8F63FA-5189-46BB-A4F4-CC238F320FC7}.Debug|Any CPU.Build.0 = Debug|Any CPU
		{FF8F63FA-5189-46BB-A4F4-CC238F320FC7}.Release|Any CPU.ActiveCfg = Release|Any CPU
		{FF8F63FA-5189-46BB-A4F4-CC238F320FC7}.Release|Any CPU.Build.0 = Release|Any CPU
		{205D6A32-AA43-4BB7-A840-558694A8DD8E}.Debug|Any CPU.ActiveCfg = Debug|Any CPU
		{205D6A32-AA43-4BB7-A840-558694A8DD8E}.Debug|Any CPU.Build.0 = Debug|Any CPU
		{205D6A32-AA43-4BB7-A840-558694A8DD8E}.Release|Any CPU.ActiveCfg = Release|Any CPU
		{205D6A32-AA43-4BB7-A840-558694A8DD8E}.Release|Any CPU.Build.0 = Release|Any CPU
		{0AFB98B1-DB27-4219-8D4D-2DD6D94605DA}.Debug|Any CPU.ActiveCfg = Debug|Any CPU
		{0AFB98B1-DB27-4219-8D4D-2DD6D94605DA}.Debug|Any CPU.Build.0 = Debug|Any CPU
		{0AFB98B1-DB27-4219-8D4D-2DD6D94605DA}.Release|Any CPU.ActiveCfg = Release|Any CPU
		{0AFB98B1-DB27-4219-8D4D-2DD6D94605DA}.Release|Any CPU.Build.0 = Release|Any CPU
		{7626E9C7-102D-430D-943C-19D772BC89A4}.Debug|Any CPU.ActiveCfg = Debug|Any CPU
		{7626E9C7-102D-430D-943C-19D772BC89A4}.Debug|Any CPU.Build.0 = Debug|Any CPU
		{7626E9C7-102D-430D-943C-19D772BC89A4}.Release|Any CPU.ActiveCfg = Release|Any CPU
		{7626E9C7-102D-430D-943C-19D772BC89A4}.Release|Any CPU.Build.0 = Release|Any CPU
		{C90F1930-9614-476A-ABBE-87DB27DD913F}.Debug|Any CPU.ActiveCfg = Debug|Any CPU
		{C90F1930-9614-476A-ABBE-87DB27DD913F}.Debug|Any CPU.Build.0 = Debug|Any CPU
		{C90F1930-9614-476A-ABBE-87DB27DD913F}.Release|Any CPU.ActiveCfg = Release|Any CPU
		{C90F1930-9614-476A-ABBE-87DB27DD913F}.Release|Any CPU.Build.0 = Release|Any CPU
		{7DB08173-4DC2-40DE-8C24-13433F8995B3}.Debug|Any CPU.ActiveCfg = Debug|Any CPU
		{7DB08173-4DC2-40DE-8C24-13433F8995B3}.Debug|Any CPU.Build.0 = Debug|Any CPU
		{7DB08173-4DC2-40DE-8C24-13433F8995B3}.Release|Any CPU.ActiveCfg = Release|Any CPU
		{7DB08173-4DC2-40DE-8C24-13433F8995B3}.Release|Any CPU.Build.0 = Release|Any CPU
		{1B0E22D0-EB5D-4291-81D9-B4E8C6C773B3}.Debug|Any CPU.ActiveCfg = Debug|Any CPU
		{1B0E22D0-EB5D-4291-81D9-B4E8C6C773B3}.Debug|Any CPU.Build.0 = Debug|Any CPU
		{1B0E22D0-EB5D-4291-81D9-B4E8C6C773B3}.Release|Any CPU.ActiveCfg = Release|Any CPU
		{1B0E22D0-EB5D-4291-81D9-B4E8C6C773B3}.Release|Any CPU.Build.0 = Release|Any CPU
		{D5DFC7BB-9330-422D-BAC4-66DEB340BB9F}.Debug|Any CPU.ActiveCfg = Debug|Any CPU
		{D5DFC7BB-9330-422D-BAC4-66DEB340BB9F}.Debug|Any CPU.Build.0 = Debug|Any CPU
		{D5DFC7BB-9330-422D-BAC4-66DEB340BB9F}.Release|Any CPU.ActiveCfg = Release|Any CPU
		{D5DFC7BB-9330-422D-BAC4-66DEB340BB9F}.Release|Any CPU.Build.0 = Release|Any CPU
		{9A117D3F-4A63-4777-A055-50903D60B630}.Debug|Any CPU.ActiveCfg = Debug|Any CPU
		{9A117D3F-4A63-4777-A055-50903D60B630}.Debug|Any CPU.Build.0 = Debug|Any CPU
		{9A117D3F-4A63-4777-A055-50903D60B630}.Release|Any CPU.ActiveCfg = Release|Any CPU
		{9A117D3F-4A63-4777-A055-50903D60B630}.Release|Any CPU.Build.0 = Release|Any CPU
	EndGlobalSection
	GlobalSection(SolutionProperties) = preSolution
		HideSolutionNode = FALSE
	EndGlobalSection
	GlobalSection(NestedProjects) = preSolution
		{B7E9B9F5-E9FE-4A38-AAE8-DC92F527B10D} = {EB35FCD1-D2A8-4E3C-B1AD-0246E378BB58}
		{83F16175-43B1-4C90-A1EE-8E351C33435D} = {A6A6AF7D-D6E3-442D-9B1E-58CC91879BE1}
		{8E6D5255-776D-4B61-85F9-73C37AA1FB9A} = {A6A6AF7D-D6E3-442D-9B1E-58CC91879BE1}
		{2942E004-C68E-447D-B382-E3550100C9AF} = {ED8079DD-2B06-4030-9F0F-DC548F98E1C4}
		{A58D65CD-076F-48D7-8833-93629CBB0B89} = {EB35FCD1-D2A8-4E3C-B1AD-0246E378BB58}
		{29980C0B-1130-4153-B543-1EB63CE22CF5} = {EB35FCD1-D2A8-4E3C-B1AD-0246E378BB58}
		{2AC3FA94-4F6F-4A27-B0B2-C85CF660393B} = {ED8079DD-2B06-4030-9F0F-DC548F98E1C4}
		{4FE3F78F-7E66-48C1-8528-A3FE09BD94E4} = {ED8079DD-2B06-4030-9F0F-DC548F98E1C4}
		{2507BA72-6547-4612-80BC-6E97200DE68B} = {EB35FCD1-D2A8-4E3C-B1AD-0246E378BB58}
		{7D81820C-5093-4AE8-873A-F34091446968} = {ED8079DD-2B06-4030-9F0F-DC548F98E1C4}
		{37E7B3C9-DC07-49D1-89E8-89968B3CF47D} = {EB35FCD1-D2A8-4E3C-B1AD-0246E378BB58}
		{C533A687-2B9F-4055-9B62-D721AFB51D27} = {ED8079DD-2B06-4030-9F0F-DC548F98E1C4}
		{1680F69F-7BDF-4E40-939E-41B4E398AE6E} = {EB35FCD1-D2A8-4E3C-B1AD-0246E378BB58}
		{51B77434-9A30-4B29-9218-6FC148877DA3} = {ED8079DD-2B06-4030-9F0F-DC548F98E1C4}
		{422C68B0-5165-4EC8-955C-AD76E9DC70E1} = {EB35FCD1-D2A8-4E3C-B1AD-0246E378BB58}
		{D2C56433-8F2C-44FA-8F7C-DAD2A3585EB7} = {ED8079DD-2B06-4030-9F0F-DC548F98E1C4}
		{0FB6A50F-730D-4910-9EEB-C20A93127D4F} = {EB35FCD1-D2A8-4E3C-B1AD-0246E378BB58}
		{41880CD5-0267-4E7E-9DAB-D5C26B055298} = {ED8079DD-2B06-4030-9F0F-DC548F98E1C4}
		{17FD9E4B-9A93-4ADE-AA1A-21DFD18F7B6C} = {EB35FCD1-D2A8-4E3C-B1AD-0246E378BB58}
		{1268B222-1644-4A9B-9D8B-70F269B0FFA3} = {ED8079DD-2B06-4030-9F0F-DC548F98E1C4}
		{FF8F63FA-5189-46BB-A4F4-CC238F320FC7} = {EB35FCD1-D2A8-4E3C-B1AD-0246E378BB58}
		{205D6A32-AA43-4BB7-A840-558694A8DD8E} = {ED8079DD-2B06-4030-9F0F-DC548F98E1C4}
		{0AFB98B1-DB27-4219-8D4D-2DD6D94605DA} = {EB35FCD1-D2A8-4E3C-B1AD-0246E378BB58}
		{7626E9C7-102D-430D-943C-19D772BC89A4} = {ED8079DD-2B06-4030-9F0F-DC548F98E1C4}
		{C90F1930-9614-476A-ABBE-87DB27DD913F} = {EB35FCD1-D2A8-4E3C-B1AD-0246E378BB58}
		{7DB08173-4DC2-40DE-8C24-13433F8995B3} = {ED8079DD-2B06-4030-9F0F-DC548F98E1C4}
		{1B0E22D0-EB5D-4291-81D9-B4E8C6C773B3} = {EB35FCD1-D2A8-4E3C-B1AD-0246E378BB58}
		{D5DFC7BB-9330-422D-BAC4-66DEB340BB9F} = {ED8079DD-2B06-4030-9F0F-DC548F98E1C4}
		{9A117D3F-4A63-4777-A055-50903D60B630} = {EB35FCD1-D2A8-4E3C-B1AD-0246E378BB58}
	EndGlobalSection
EndGlobal
