Microsoft Visual Studio Solution File, Format Version 12.00
# Visual Studio 2013
VisualStudioVersion = 12.0.40629.0
MinimumVisualStudioVersion = 10.0.40219.1
Project("{2150E333-8FDC-42A3-9474-1A3956D46DE8}") = ".paket", ".paket", "{63297B98-5CED-492C-A5B7-A5B4F73CF142}"
	ProjectSection(SolutionItems) = preProject
		paket.dependencies = paket.dependencies
		paket.lock = paket.lock
	EndProjectSection
EndProject
Project("{2150E333-8FDC-42A3-9474-1A3956D46DE8}") = "docs", "docs", "{A6A6AF7D-D6E3-442D-9B1E-58CC91879BE1}"
EndProject
Project("{F2A71F9B-5D33-465A-A702-920D77279786}") = "MalyshevAntonHW", "src\MalyshevAntonHW\MalyshevAntonHW.fsproj", "{B7E9B9F5-E9FE-4A38-AAE8-DC92F527B10D}"
EndProject
Project("{2150E333-8FDC-42A3-9474-1A3956D46DE8}") = "project", "project", "{BF60BC93-E09B-4E5F-9D85-95A519479D54}"
	ProjectSection(SolutionItems) = preProject
		build.fsx = build.fsx
		README.md = README.md
		RELEASE_NOTES.md = RELEASE_NOTES.md
	EndProjectSection
EndProject
Project("{2150E333-8FDC-42A3-9474-1A3956D46DE8}") = "tools", "tools", "{83F16175-43B1-4C90-A1EE-8E351C33435D}"
	ProjectSection(SolutionItems) = preProject
		docs\tools\generate.fsx = docs\tools\generate.fsx
		docs\tools\templates\template.cshtml = docs\tools\templates\template.cshtml
	EndProjectSection
EndProject
Project("{2150E333-8FDC-42A3-9474-1A3956D46DE8}") = "content", "content", "{8E6D5255-776D-4B61-85F9-73C37AA1FB9A}"
	ProjectSection(SolutionItems) = preProject
		docs\content\index.fsx = docs\content\index.fsx
		docs\content\tutorial.fsx = docs\content\tutorial.fsx
	EndProjectSection
EndProject
Project("{2150E333-8FDC-42A3-9474-1A3956D46DE8}") = "tests", "tests", "{ED8079DD-2B06-4030-9F0F-DC548F98E1C4}"
EndProject
Project("{F2A71F9B-5D33-465A-A702-920D77279786}") = "MalyshevAntonHW.Tests", "tests\MalyshevAntonHW.Tests\MalyshevAntonHW.Tests.fsproj", "{2942E004-C68E-447D-B382-E3550100C9AF}"
EndProject
Project("{F2A71F9B-5D33-465A-A702-920D77279786}") = "Task2", "src\Task2\Task2.fsproj", "{A58D65CD-076F-48D7-8833-93629CBB0B89}"
EndProject
Project("{F2A71F9B-5D33-465A-A702-920D77279786}") = "Task3", "src\Task3\Task3.fsproj", "{29980C0B-1130-4153-B543-1EB63CE22CF5}"
EndProject
Project("{2150E333-8FDC-42A3-9474-1A3956D46DE8}") = "src", "src", "{EB35FCD1-D2A8-4E3C-B1AD-0246E378BB58}"
EndProject
Project("{F2A71F9B-5D33-465A-A702-920D77279786}") = "Task2.Tests", "tests\Task2.Tests\Task2.Tests.fsproj", "{2AC3FA94-4F6F-4A27-B0B2-C85CF660393B}"
EndProject
Project("{F2A71F9B-5D33-465A-A702-920D77279786}") = "Task3.Tests", "tests\Task3.Tests\Task3.Tests.fsproj", "{4FE3F78F-7E66-48C1-8528-A3FE09BD94E4}"
EndProject
Project("{F2A71F9B-5D33-465A-A702-920D77279786}") = "Task4", "src\Task4\Task4.fsproj", "{2507BA72-6547-4612-80BC-6E97200DE68B}"
EndProject
Project("{F2A71F9B-5D33-465A-A702-920D77279786}") = "Task4.Tests", "tests\Task4.Tests\Task4.Tests.fsproj", "{7D81820C-5093-4AE8-873A-F34091446968}"
EndProject
Project("{F2A71F9B-5D33-465A-A702-920D77279786}") = "Task5", "src\Task5\Task5.fsproj", "{37E7B3C9-DC07-49D1-89E8-89968B3CF47D}"
EndProject
Project("{F2A71F9B-5D33-465A-A702-920D77279786}") = "Task5.Tests", "tests\Task5.Tests\Task5.Tests.fsproj", "{C533A687-2B9F-4055-9B62-D721AFB51D27}"
EndProject
Project("{F2A71F9B-5D33-465A-A702-920D77279786}") = "Task6", "src\Task6\Task6.fsproj", "{1680F69F-7BDF-4E40-939E-41B4E398AE6E}"
EndProject
Project("{F2A71F9B-5D33-465A-A702-920D77279786}") = "Task6.Tests", "tests\Task6.Tests\Task6.Tests.fsproj", "{51B77434-9A30-4B29-9218-6FC148877DA3}"
EndProject
Project("{F2A71F9B-5D33-465A-A702-920D77279786}") = "Task7", "src\Task7\Task7.fsproj", "{422C68B0-5165-4EC8-955C-AD76E9DC70E1}"
EndProject
Project("{F2A71F9B-5D33-465A-A702-920D77279786}") = "Task7.Tests", "tests\Task7.Tests\Task7.Tests.fsproj", "{D2C56433-8F2C-44FA-8F7C-DAD2A3585EB7}"
EndProject
Global
	GlobalSection(SolutionConfigurationPlatforms) = preSolution
		Debug|Any CPU = Debug|Any CPU
		Release|Any CPU = Release|Any CPU
	EndGlobalSection
	GlobalSection(ProjectConfigurationPlatforms) = postSolution
		{B7E9B9F5-E9FE-4A38-AAE8-DC92F527B10D}.Debug|Any CPU.ActiveCfg = Debug|Any CPU
		{B7E9B9F5-E9FE-4A38-AAE8-DC92F527B10D}.Debug|Any CPU.Build.0 = Debug|Any CPU
		{B7E9B9F5-E9FE-4A38-AAE8-DC92F527B10D}.Release|Any CPU.ActiveCfg = Release|Any CPU
		{B7E9B9F5-E9FE-4A38-AAE8-DC92F527B10D}.Release|Any CPU.Build.0 = Release|Any CPU
		{2942E004-C68E-447D-B382-E3550100C9AF}.Debug|Any CPU.ActiveCfg = Debug|Any CPU
		{2942E004-C68E-447D-B382-E3550100C9AF}.Debug|Any CPU.Build.0 = Debug|Any CPU
		{2942E004-C68E-447D-B382-E3550100C9AF}.Release|Any CPU.ActiveCfg = Release|Any CPU
		{2942E004-C68E-447D-B382-E3550100C9AF}.Release|Any CPU.Build.0 = Release|Any CPU
		{A58D65CD-076F-48D7-8833-93629CBB0B89}.Debug|Any CPU.ActiveCfg = Debug|Any CPU
		{A58D65CD-076F-48D7-8833-93629CBB0B89}.Debug|Any CPU.Build.0 = Debug|Any CPU
		{A58D65CD-076F-48D7-8833-93629CBB0B89}.Release|Any CPU.ActiveCfg = Release|Any CPU
		{A58D65CD-076F-48D7-8833-93629CBB0B89}.Release|Any CPU.Build.0 = Release|Any CPU
		{29980C0B-1130-4153-B543-1EB63CE22CF5}.Debug|Any CPU.ActiveCfg = Debug|Any CPU
		{29980C0B-1130-4153-B543-1EB63CE22CF5}.Debug|Any CPU.Build.0 = Debug|Any CPU
		{29980C0B-1130-4153-B543-1EB63CE22CF5}.Release|Any CPU.ActiveCfg = Release|Any CPU
		{29980C0B-1130-4153-B543-1EB63CE22CF5}.Release|Any CPU.Build.0 = Release|Any CPU
		{2AC3FA94-4F6F-4A27-B0B2-C85CF660393B}.Debug|Any CPU.ActiveCfg = Debug|Any CPU
		{2AC3FA94-4F6F-4A27-B0B2-C85CF660393B}.Debug|Any CPU.Build.0 = Debug|Any CPU
		{2AC3FA94-4F6F-4A27-B0B2-C85CF660393B}.Release|Any CPU.ActiveCfg = Release|Any CPU
		{2AC3FA94-4F6F-4A27-B0B2-C85CF660393B}.Release|Any CPU.Build.0 = Release|Any CPU
		{4FE3F78F-7E66-48C1-8528-A3FE09BD94E4}.Debug|Any CPU.ActiveCfg = Debug|Any CPU
		{4FE3F78F-7E66-48C1-8528-A3FE09BD94E4}.Debug|Any CPU.Build.0 = Debug|Any CPU
		{4FE3F78F-7E66-48C1-8528-A3FE09BD94E4}.Release|Any CPU.ActiveCfg = Release|Any CPU
		{4FE3F78F-7E66-48C1-8528-A3FE09BD94E4}.Release|Any CPU.Build.0 = Release|Any CPU
		{2507BA72-6547-4612-80BC-6E97200DE68B}.Debug|Any CPU.ActiveCfg = Debug|Any CPU
		{2507BA72-6547-4612-80BC-6E97200DE68B}.Debug|Any CPU.Build.0 = Debug|Any CPU
		{2507BA72-6547-4612-80BC-6E97200DE68B}.Release|Any CPU.ActiveCfg = Release|Any CPU
		{2507BA72-6547-4612-80BC-6E97200DE68B}.Release|Any CPU.Build.0 = Release|Any CPU
		{7D81820C-5093-4AE8-873A-F34091446968}.Debug|Any CPU.ActiveCfg = Debug|Any CPU
		{7D81820C-5093-4AE8-873A-F34091446968}.Debug|Any CPU.Build.0 = Debug|Any CPU
		{7D81820C-5093-4AE8-873A-F34091446968}.Release|Any CPU.ActiveCfg = Release|Any CPU
		{7D81820C-5093-4AE8-873A-F34091446968}.Release|Any CPU.Build.0 = Release|Any CPU
		{37E7B3C9-DC07-49D1-89E8-89968B3CF47D}.Debug|Any CPU.ActiveCfg = Debug|Any CPU
		{37E7B3C9-DC07-49D1-89E8-89968B3CF47D}.Debug|Any CPU.Build.0 = Debug|Any CPU
		{37E7B3C9-DC07-49D1-89E8-89968B3CF47D}.Release|Any CPU.ActiveCfg = Release|Any CPU
		{37E7B3C9-DC07-49D1-89E8-89968B3CF47D}.Release|Any CPU.Build.0 = Release|Any CPU
		{C533A687-2B9F-4055-9B62-D721AFB51D27}.Debug|Any CPU.ActiveCfg = Debug|Any CPU
		{C533A687-2B9F-4055-9B62-D721AFB51D27}.Debug|Any CPU.Build.0 = Debug|Any CPU
		{C533A687-2B9F-4055-9B62-D721AFB51D27}.Release|Any CPU.ActiveCfg = Release|Any CPU
		{C533A687-2B9F-4055-9B62-D721AFB51D27}.Release|Any CPU.Build.0 = Release|Any CPU
		{1680F69F-7BDF-4E40-939E-41B4E398AE6E}.Debug|Any CPU.ActiveCfg = Debug|Any CPU
		{1680F69F-7BDF-4E40-939E-41B4E398AE6E}.Debug|Any CPU.Build.0 = Debug|Any CPU
		{1680F69F-7BDF-4E40-939E-41B4E398AE6E}.Release|Any CPU.ActiveCfg = Release|Any CPU
		{1680F69F-7BDF-4E40-939E-41B4E398AE6E}.Release|Any CPU.Build.0 = Release|Any CPU
		{51B77434-9A30-4B29-9218-6FC148877DA3}.Debug|Any CPU.ActiveCfg = Debug|Any CPU
		{51B77434-9A30-4B29-9218-6FC148877DA3}.Debug|Any CPU.Build.0 = Debug|Any CPU
		{51B77434-9A30-4B29-9218-6FC148877DA3}.Release|Any CPU.ActiveCfg = Release|Any CPU
		{51B77434-9A30-4B29-9218-6FC148877DA3}.Release|Any CPU.Build.0 = Release|Any CPU
		{422C68B0-5165-4EC8-955C-AD76E9DC70E1}.Debug|Any CPU.ActiveCfg = Debug|Any CPU
		{422C68B0-5165-4EC8-955C-AD76E9DC70E1}.Debug|Any CPU.Build.0 = Debug|Any CPU
		{422C68B0-5165-4EC8-955C-AD76E9DC70E1}.Release|Any CPU.ActiveCfg = Release|Any CPU
		{422C68B0-5165-4EC8-955C-AD76E9DC70E1}.Release|Any CPU.Build.0 = Release|Any CPU
		{D2C56433-8F2C-44FA-8F7C-DAD2A3585EB7}.Debug|Any CPU.ActiveCfg = Debug|Any CPU
		{D2C56433-8F2C-44FA-8F7C-DAD2A3585EB7}.Debug|Any CPU.Build.0 = Debug|Any CPU
		{D2C56433-8F2C-44FA-8F7C-DAD2A3585EB7}.Release|Any CPU.ActiveCfg = Release|Any CPU
		{D2C56433-8F2C-44FA-8F7C-DAD2A3585EB7}.Release|Any CPU.Build.0 = Release|Any CPU
	EndGlobalSection
	GlobalSection(SolutionProperties) = preSolution
		HideSolutionNode = FALSE
	EndGlobalSection
	GlobalSection(NestedProjects) = preSolution
		{B7E9B9F5-E9FE-4A38-AAE8-DC92F527B10D} = {EB35FCD1-D2A8-4E3C-B1AD-0246E378BB58}
		{83F16175-43B1-4C90-A1EE-8E351C33435D} = {A6A6AF7D-D6E3-442D-9B1E-58CC91879BE1}
		{8E6D5255-776D-4B61-85F9-73C37AA1FB9A} = {A6A6AF7D-D6E3-442D-9B1E-58CC91879BE1}
		{2942E004-C68E-447D-B382-E3550100C9AF} = {ED8079DD-2B06-4030-9F0F-DC548F98E1C4}
		{A58D65CD-076F-48D7-8833-93629CBB0B89} = {EB35FCD1-D2A8-4E3C-B1AD-0246E378BB58}
		{29980C0B-1130-4153-B543-1EB63CE22CF5} = {EB35FCD1-D2A8-4E3C-B1AD-0246E378BB58}
		{2AC3FA94-4F6F-4A27-B0B2-C85CF660393B} = {ED8079DD-2B06-4030-9F0F-DC548F98E1C4}
		{4FE3F78F-7E66-48C1-8528-A3FE09BD94E4} = {ED8079DD-2B06-4030-9F0F-DC548F98E1C4}
		{2507BA72-6547-4612-80BC-6E97200DE68B} = {EB35FCD1-D2A8-4E3C-B1AD-0246E378BB58}
		{7D81820C-5093-4AE8-873A-F34091446968} = {ED8079DD-2B06-4030-9F0F-DC548F98E1C4}
		{37E7B3C9-DC07-49D1-89E8-89968B3CF47D} = {EB35FCD1-D2A8-4E3C-B1AD-0246E378BB58}
		{C533A687-2B9F-4055-9B62-D721AFB51D27} = {ED8079DD-2B06-4030-9F0F-DC548F98E1C4}
		{1680F69F-7BDF-4E40-939E-41B4E398AE6E} = {EB35FCD1-D2A8-4E3C-B1AD-0246E378BB58}
		{51B77434-9A30-4B29-9218-6FC148877DA3} = {ED8079DD-2B06-4030-9F0F-DC548F98E1C4}
		{422C68B0-5165-4EC8-955C-AD76E9DC70E1} = {EB35FCD1-D2A8-4E3C-B1AD-0246E378BB58}
		{D2C56433-8F2C-44FA-8F7C-DAD2A3585EB7} = {ED8079DD-2B06-4030-9F0F-DC548F98E1C4}
	EndGlobalSection
EndGlobal
