Microsoft Visual Studio Solution File, Format Version 12.00
# Visual Studio 2013
VisualStudioVersion = 12.0.40629.0
MinimumVisualStudioVersion = 10.0.40219.1
Project("{2150E333-8FDC-42A3-9474-1A3956D46DE8}") = ".paket", ".paket", "{63297B98-5CED-492C-A5B7-A5B4F73CF142}"
	ProjectSection(SolutionItems) = preProject
		paket.dependencies = paket.dependencies
		paket.lock = paket.lock
	EndProjectSection
EndProject
Project("{2150E333-8FDC-42A3-9474-1A3956D46DE8}") = "docs", "docs", "{A6A6AF7D-D6E3-442D-9B1E-58CC91879BE1}"
EndProject
Project("{F2A71F9B-5D33-465A-A702-920D77279786}") = "MalyshevAntonHW", "src\MalyshevAntonHW\MalyshevAntonHW.fsproj", "{B7E9B9F5-E9FE-4A38-AAE8-DC92F527B10D}"
EndProject
Project("{2150E333-8FDC-42A3-9474-1A3956D46DE8}") = "project", "project", "{BF60BC93-E09B-4E5F-9D85-95A519479D54}"
	ProjectSection(SolutionItems) = preProject
		build.fsx = build.fsx
		README.md = README.md
		RELEASE_NOTES.md = RELEASE_NOTES.md
	EndProjectSection
EndProject
Project("{2150E333-8FDC-42A3-9474-1A3956D46DE8}") = "tools", "tools", "{83F16175-43B1-4C90-A1EE-8E351C33435D}"
	ProjectSection(SolutionItems) = preProject
		docs\tools\generate.fsx = docs\tools\generate.fsx
		docs\tools\templates\template.cshtml = docs\tools\templates\template.cshtml
	EndProjectSection
EndProject
Project("{2150E333-8FDC-42A3-9474-1A3956D46DE8}") = "content", "content", "{8E6D5255-776D-4B61-85F9-73C37AA1FB9A}"
	ProjectSection(SolutionItems) = preProject
		docs\content\index.fsx = docs\content\index.fsx
		docs\content\tutorial.fsx = docs\content\tutorial.fsx
	EndProjectSection
EndProject
Project("{2150E333-8FDC-42A3-9474-1A3956D46DE8}") = "tests", "tests", "{ED8079DD-2B06-4030-9F0F-DC548F98E1C4}"
EndProject
Project("{F2A71F9B-5D33-465A-A702-920D77279786}") = "MalyshevAntonHW.Tests", "tests\MalyshevAntonHW.Tests\MalyshevAntonHW.Tests.fsproj", "{2942E004-C68E-447D-B382-E3550100C9AF}"
EndProject
Project("{F2A71F9B-5D33-465A-A702-920D77279786}") = "Task2", "src\Task2\Task2.fsproj", "{A58D65CD-076F-48D7-8833-93629CBB0B89}"
EndProject
Project("{F2A71F9B-5D33-465A-A702-920D77279786}") = "Task3", "src\Task3\Task3.fsproj", "{29980C0B-1130-4153-B543-1EB63CE22CF5}"
EndProject
Project("{2150E333-8FDC-42A3-9474-1A3956D46DE8}") = "src", "src", "{EB35FCD1-D2A8-4E3C-B1AD-0246E378BB58}"
EndProject
Project("{F2A71F9B-5D33-465A-A702-920D77279786}") = "Task2.Tests", "tests\Task2.Tests\Task2.Tests.fsproj", "{2AC3FA94-4F6F-4A27-B0B2-C85CF660393B}"
EndProject
Project("{F2A71F9B-5D33-465A-A702-920D77279786}") = "Task3.Tests", "tests\Task3.Tests\Task3.Tests.fsproj", "{4FE3F78F-7E66-48C1-8528-A3FE09BD94E4}"
EndProject
Project("{F2A71F9B-5D33-465A-A702-920D77279786}") = "Task4", "src\Task4\Task4.fsproj", "{2507BA72-6547-4612-80BC-6E97200DE68B}"
EndProject
Project("{F2A71F9B-5D33-465A-A702-920D77279786}") = "Task4.Tests", "tests\Task4.Tests\Task4.Tests.fsproj", "{7D81820C-5093-4AE8-873A-F34091446968}"
EndProject
Project("{F2A71F9B-5D33-465A-A702-920D77279786}") = "Task5", "src\Task5\Task5.fsproj", "{37E7B3C9-DC07-49D1-89E8-89968B3CF47D}"
EndProject
Project("{F2A71F9B-5D33-465A-A702-920D77279786}") = "Task5.Tests", "tests\Task5.Tests\Task5.Tests.fsproj", "{C533A687-2B9F-4055-9B62-D721AFB51D27}"
EndProject
Project("{F2A71F9B-5D33-465A-A702-920D77279786}") = "Task6", "src\Task6\Task6.fsproj", "{1680F69F-7BDF-4E40-939E-41B4E398AE6E}"
EndProject
Project("{F2A71F9B-5D33-465A-A702-920D77279786}") = "Task6.Tests", "tests\Task6.Tests\Task6.Tests.fsproj", "{51B77434-9A30-4B29-9218-6FC148877DA3}"
EndProject
Project("{F2A71F9B-5D33-465A-A702-920D77279786}") = "Task7", "src\Task7\Task7.fsproj", "{422C68B0-5165-4EC8-955C-AD76E9DC70E1}"
EndProject
Project("{F2A71F9B-5D33-465A-A702-920D77279786}") = "Task7.Tests", "tests\Task7.Tests\Task7.Tests.fsproj", "{D2C56433-8F2C-44FA-8F7C-DAD2A3585EB7}"
EndProject
Project("{F2A71F9B-5D33-465A-A702-920D77279786}") = "Task8", "src\Task8\Task8.fsproj", "{FB089188-C68F-446E-AC7B-E3F4D9C64B13}"
EndProject
Project("{F2A71F9B-5D33-465A-A702-920D77279786}") = "Task9", "src\Task9\Task9.fsproj", "{241EAB96-CC31-4216-90E2-8D992263A06A}"
EndProject
Project("{F2A71F9B-5D33-465A-A702-920D77279786}") = "Task10", "src\Task10\Task10.fsproj", "{0C02B7CA-1655-4539-9780-480F3FDFD13B}"
EndProject
Project("{F2A71F9B-5D33-465A-A702-920D77279786}") = "Task11", "src\Task11\Task11.fsproj", "{37697E0C-A776-4A75-B2FB-733838F1F577}"
EndProject
Project("{F2A71F9B-5D33-465A-A702-920D77279786}") = "Task12", "src\Task12\Task12.fsproj", "{AAC694CC-7D87-4EA1-85BC-DA246DE94A6D}"
EndProject
Project("{F2A71F9B-5D33-465A-A702-920D77279786}") = "Task13", "src\Task13\Task13.fsproj", "{DEF404C2-DE9C-4CAD-B62D-C77135EE81AB}"
EndProject
Project("{F2A71F9B-5D33-465A-A702-920D77279786}") = "Task14", "src\Task14\Task14.fsproj", "{9805C95B-E194-4731-AC05-75FDCF2B26FA}"
EndProject
Project("{F2A71F9B-5D33-465A-A702-920D77279786}") = "Task8.Tests", "tests\Task8.Tests\Task8.Tests.fsproj", "{344C531E-5F6E-490B-8759-FDEE29C46E05}"
EndProject
Project("{F2A71F9B-5D33-465A-A702-920D77279786}") = "Task9.Tests", "tests\Task9.Tests\Task9.Tests.fsproj", "{D01DAE94-B016-495A-B801-5D5A9D7C784D}"
EndProject
Project("{F2A71F9B-5D33-465A-A702-920D77279786}") = "Task10.Tests", "tests\Task10.Tests\Task10.Tests.fsproj", "{B943BB33-1EA8-48C2-AAFC-6690E8629AF8}"
EndProject
Project("{F2A71F9B-5D33-465A-A702-920D77279786}") = "Task11.Tests", "tests\Task11.Tests\Task11.Tests.fsproj", "{E4A70C4A-0D53-432A-9CC8-4FF52CBA8052}"
EndProject
Project("{F2A71F9B-5D33-465A-A702-920D77279786}") = "Task12.Tests", "tests\Task12.Tests\Task12.Tests.fsproj", "{C1F38A5B-F556-4256-8C98-C91B9DB86603}"
EndProject
Project("{F2A71F9B-5D33-465A-A702-920D77279786}") = "Task13.Tests", "tests\Task13.Tests\Task13.Tests.fsproj", "{8BC8F3C0-D679-4717-9B13-199772B70429}"
EndProject
Project("{F2A71F9B-5D33-465A-A702-920D77279786}") = "Task15", "src\Task15\Task15.fsproj", "{1EC9794A-B5E5-4662-8259-725EBC8BD3C1}"
EndProject
Project("{F2A71F9B-5D33-465A-A702-920D77279786}") = "Task16", "src\Task16\Task16.fsproj", "{8C9B4052-85C5-453E-BA7E-7F4145E707C5}"
EndProject
Project("{F2A71F9B-5D33-465A-A702-920D77279786}") = "Task17", "src\Task17\Task17.fsproj", "{DA934B2D-5A57-404C-A657-34E167C929A3}"
EndProject
Project("{F2A71F9B-5D33-465A-A702-920D77279786}") = "Task18", "src\Task18\Task18.fsproj", "{2E4DC25A-826F-44C8-A617-48679AC4A759}"
EndProject
Project("{F2A71F9B-5D33-465A-A702-920D77279786}") = "Task16.Tests", "tests\Task16.Tests\Task16.Tests.fsproj", "{4802FE68-2F60-4401-A396-704D6B69443A}"
EndProject
Project("{F2A71F9B-5D33-465A-A702-920D77279786}") = "Task18.Tests", "tests\Task18.Tests\Task18.Tests.fsproj", "{8B78E191-F45A-458F-B3DB-C0E749DA52AB}"
EndProject
Global
	GlobalSection(SolutionConfigurationPlatforms) = preSolution
		Debug|Any CPU = Debug|Any CPU
		Release|Any CPU = Release|Any CPU
	EndGlobalSection
	GlobalSection(ProjectConfigurationPlatforms) = postSolution
		{B7E9B9F5-E9FE-4A38-AAE8-DC92F527B10D}.Debug|Any CPU.ActiveCfg = Debug|Any CPU
		{B7E9B9F5-E9FE-4A38-AAE8-DC92F527B10D}.Debug|Any CPU.Build.0 = Debug|Any CPU
		{B7E9B9F5-E9FE-4A38-AAE8-DC92F527B10D}.Release|Any CPU.ActiveCfg = Release|Any CPU
		{B7E9B9F5-E9FE-4A38-AAE8-DC92F527B10D}.Release|Any CPU.Build.0 = Release|Any CPU
		{2942E004-C68E-447D-B382-E3550100C9AF}.Debug|Any CPU.ActiveCfg = Debug|Any CPU
		{2942E004-C68E-447D-B382-E3550100C9AF}.Debug|Any CPU.Build.0 = Debug|Any CPU
		{2942E004-C68E-447D-B382-E3550100C9AF}.Release|Any CPU.ActiveCfg = Release|Any CPU
		{2942E004-C68E-447D-B382-E3550100C9AF}.Release|Any CPU.Build.0 = Release|Any CPU
		{A58D65CD-076F-48D7-8833-93629CBB0B89}.Debug|Any CPU.ActiveCfg = Debug|Any CPU
		{A58D65CD-076F-48D7-8833-93629CBB0B89}.Debug|Any CPU.Build.0 = Debug|Any CPU
		{A58D65CD-076F-48D7-8833-93629CBB0B89}.Release|Any CPU.ActiveCfg = Release|Any CPU
		{A58D65CD-076F-48D7-8833-93629CBB0B89}.Release|Any CPU.Build.0 = Release|Any CPU
		{29980C0B-1130-4153-B543-1EB63CE22CF5}.Debug|Any CPU.ActiveCfg = Debug|Any CPU
		{29980C0B-1130-4153-B543-1EB63CE22CF5}.Debug|Any CPU.Build.0 = Debug|Any CPU
		{29980C0B-1130-4153-B543-1EB63CE22CF5}.Release|Any CPU.ActiveCfg = Release|Any CPU
		{29980C0B-1130-4153-B543-1EB63CE22CF5}.Release|Any CPU.Build.0 = Release|Any CPU
		{2AC3FA94-4F6F-4A27-B0B2-C85CF660393B}.Debug|Any CPU.ActiveCfg = Debug|Any CPU
		{2AC3FA94-4F6F-4A27-B0B2-C85CF660393B}.Debug|Any CPU.Build.0 = Debug|Any CPU
		{2AC3FA94-4F6F-4A27-B0B2-C85CF660393B}.Release|Any CPU.ActiveCfg = Release|Any CPU
		{2AC3FA94-4F6F-4A27-B0B2-C85CF660393B}.Release|Any CPU.Build.0 = Release|Any CPU
		{4FE3F78F-7E66-48C1-8528-A3FE09BD94E4}.Debug|Any CPU.ActiveCfg = Debug|Any CPU
		{4FE3F78F-7E66-48C1-8528-A3FE09BD94E4}.Debug|Any CPU.Build.0 = Debug|Any CPU
		{4FE3F78F-7E66-48C1-8528-A3FE09BD94E4}.Release|Any CPU.ActiveCfg = Release|Any CPU
		{4FE3F78F-7E66-48C1-8528-A3FE09BD94E4}.Release|Any CPU.Build.0 = Release|Any CPU
		{2507BA72-6547-4612-80BC-6E97200DE68B}.Debug|Any CPU.ActiveCfg = Debug|Any CPU
		{2507BA72-6547-4612-80BC-6E97200DE68B}.Debug|Any CPU.Build.0 = Debug|Any CPU
		{2507BA72-6547-4612-80BC-6E97200DE68B}.Release|Any CPU.ActiveCfg = Release|Any CPU
		{2507BA72-6547-4612-80BC-6E97200DE68B}.Release|Any CPU.Build.0 = Release|Any CPU
		{7D81820C-5093-4AE8-873A-F34091446968}.Debug|Any CPU.ActiveCfg = Debug|Any CPU
		{7D81820C-5093-4AE8-873A-F34091446968}.Debug|Any CPU.Build.0 = Debug|Any CPU
		{7D81820C-5093-4AE8-873A-F34091446968}.Release|Any CPU.ActiveCfg = Release|Any CPU
		{7D81820C-5093-4AE8-873A-F34091446968}.Release|Any CPU.Build.0 = Release|Any CPU
		{37E7B3C9-DC07-49D1-89E8-89968B3CF47D}.Debug|Any CPU.ActiveCfg = Debug|Any CPU
		{37E7B3C9-DC07-49D1-89E8-89968B3CF47D}.Debug|Any CPU.Build.0 = Debug|Any CPU
		{37E7B3C9-DC07-49D1-89E8-89968B3CF47D}.Release|Any CPU.ActiveCfg = Release|Any CPU
		{37E7B3C9-DC07-49D1-89E8-89968B3CF47D}.Release|Any CPU.Build.0 = Release|Any CPU
		{C533A687-2B9F-4055-9B62-D721AFB51D27}.Debug|Any CPU.ActiveCfg = Debug|Any CPU
		{C533A687-2B9F-4055-9B62-D721AFB51D27}.Debug|Any CPU.Build.0 = Debug|Any CPU
		{C533A687-2B9F-4055-9B62-D721AFB51D27}.Release|Any CPU.ActiveCfg = Release|Any CPU
		{C533A687-2B9F-4055-9B62-D721AFB51D27}.Release|Any CPU.Build.0 = Release|Any CPU
		{1680F69F-7BDF-4E40-939E-41B4E398AE6E}.Debug|Any CPU.ActiveCfg = Debug|Any CPU
		{1680F69F-7BDF-4E40-939E-41B4E398AE6E}.Debug|Any CPU.Build.0 = Debug|Any CPU
		{1680F69F-7BDF-4E40-939E-41B4E398AE6E}.Release|Any CPU.ActiveCfg = Release|Any CPU
		{1680F69F-7BDF-4E40-939E-41B4E398AE6E}.Release|Any CPU.Build.0 = Release|Any CPU
		{51B77434-9A30-4B29-9218-6FC148877DA3}.Debug|Any CPU.ActiveCfg = Debug|Any CPU
		{51B77434-9A30-4B29-9218-6FC148877DA3}.Debug|Any CPU.Build.0 = Debug|Any CPU
		{51B77434-9A30-4B29-9218-6FC148877DA3}.Release|Any CPU.ActiveCfg = Release|Any CPU
		{51B77434-9A30-4B29-9218-6FC148877DA3}.Release|Any CPU.Build.0 = Release|Any CPU
		{422C68B0-5165-4EC8-955C-AD76E9DC70E1}.Debug|Any CPU.ActiveCfg = Debug|Any CPU
		{422C68B0-5165-4EC8-955C-AD76E9DC70E1}.Debug|Any CPU.Build.0 = Debug|Any CPU
		{422C68B0-5165-4EC8-955C-AD76E9DC70E1}.Release|Any CPU.ActiveCfg = Release|Any CPU
		{422C68B0-5165-4EC8-955C-AD76E9DC70E1}.Release|Any CPU.Build.0 = Release|Any CPU
		{D2C56433-8F2C-44FA-8F7C-DAD2A3585EB7}.Debug|Any CPU.ActiveCfg = Debug|Any CPU
		{D2C56433-8F2C-44FA-8F7C-DAD2A3585EB7}.Debug|Any CPU.Build.0 = Debug|Any CPU
		{D2C56433-8F2C-44FA-8F7C-DAD2A3585EB7}.Release|Any CPU.ActiveCfg = Release|Any CPU
		{D2C56433-8F2C-44FA-8F7C-DAD2A3585EB7}.Release|Any CPU.Build.0 = Release|Any CPU
		{FB089188-C68F-446E-AC7B-E3F4D9C64B13}.Debug|Any CPU.ActiveCfg = Debug|Any CPU
		{FB089188-C68F-446E-AC7B-E3F4D9C64B13}.Debug|Any CPU.Build.0 = Debug|Any CPU
		{FB089188-C68F-446E-AC7B-E3F4D9C64B13}.Release|Any CPU.ActiveCfg = Release|Any CPU
		{FB089188-C68F-446E-AC7B-E3F4D9C64B13}.Release|Any CPU.Build.0 = Release|Any CPU
		{241EAB96-CC31-4216-90E2-8D992263A06A}.Debug|Any CPU.ActiveCfg = Debug|Any CPU
		{241EAB96-CC31-4216-90E2-8D992263A06A}.Debug|Any CPU.Build.0 = Debug|Any CPU
		{241EAB96-CC31-4216-90E2-8D992263A06A}.Release|Any CPU.ActiveCfg = Release|Any CPU
		{241EAB96-CC31-4216-90E2-8D992263A06A}.Release|Any CPU.Build.0 = Release|Any CPU
		{0C02B7CA-1655-4539-9780-480F3FDFD13B}.Debug|Any CPU.ActiveCfg = Debug|Any CPU
		{0C02B7CA-1655-4539-9780-480F3FDFD13B}.Debug|Any CPU.Build.0 = Debug|Any CPU
		{0C02B7CA-1655-4539-9780-480F3FDFD13B}.Release|Any CPU.ActiveCfg = Release|Any CPU
		{0C02B7CA-1655-4539-9780-480F3FDFD13B}.Release|Any CPU.Build.0 = Release|Any CPU
		{37697E0C-A776-4A75-B2FB-733838F1F577}.Debug|Any CPU.ActiveCfg = Debug|Any CPU
		{37697E0C-A776-4A75-B2FB-733838F1F577}.Debug|Any CPU.Build.0 = Debug|Any CPU
		{37697E0C-A776-4A75-B2FB-733838F1F577}.Release|Any CPU.ActiveCfg = Release|Any CPU
		{37697E0C-A776-4A75-B2FB-733838F1F577}.Release|Any CPU.Build.0 = Release|Any CPU
		{AAC694CC-7D87-4EA1-85BC-DA246DE94A6D}.Debug|Any CPU.ActiveCfg = Debug|Any CPU
		{AAC694CC-7D87-4EA1-85BC-DA246DE94A6D}.Debug|Any CPU.Build.0 = Debug|Any CPU
		{AAC694CC-7D87-4EA1-85BC-DA246DE94A6D}.Release|Any CPU.ActiveCfg = Release|Any CPU
		{AAC694CC-7D87-4EA1-85BC-DA246DE94A6D}.Release|Any CPU.Build.0 = Release|Any CPU
		{DEF404C2-DE9C-4CAD-B62D-C77135EE81AB}.Debug|Any CPU.ActiveCfg = Debug|Any CPU
		{DEF404C2-DE9C-4CAD-B62D-C77135EE81AB}.Debug|Any CPU.Build.0 = Debug|Any CPU
		{DEF404C2-DE9C-4CAD-B62D-C77135EE81AB}.Release|Any CPU.ActiveCfg = Release|Any CPU
		{DEF404C2-DE9C-4CAD-B62D-C77135EE81AB}.Release|Any CPU.Build.0 = Release|Any CPU
		{9805C95B-E194-4731-AC05-75FDCF2B26FA}.Debug|Any CPU.ActiveCfg = Debug|Any CPU
		{9805C95B-E194-4731-AC05-75FDCF2B26FA}.Debug|Any CPU.Build.0 = Debug|Any CPU
		{9805C95B-E194-4731-AC05-75FDCF2B26FA}.Release|Any CPU.ActiveCfg = Release|Any CPU
		{9805C95B-E194-4731-AC05-75FDCF2B26FA}.Release|Any CPU.Build.0 = Release|Any CPU
		{344C531E-5F6E-490B-8759-FDEE29C46E05}.Debug|Any CPU.ActiveCfg = Debug|Any CPU
		{344C531E-5F6E-490B-8759-FDEE29C46E05}.Debug|Any CPU.Build.0 = Debug|Any CPU
		{344C531E-5F6E-490B-8759-FDEE29C46E05}.Release|Any CPU.ActiveCfg = Release|Any CPU
		{344C531E-5F6E-490B-8759-FDEE29C46E05}.Release|Any CPU.Build.0 = Release|Any CPU
		{D01DAE94-B016-495A-B801-5D5A9D7C784D}.Debug|Any CPU.ActiveCfg = Debug|Any CPU
		{D01DAE94-B016-495A-B801-5D5A9D7C784D}.Debug|Any CPU.Build.0 = Debug|Any CPU
		{D01DAE94-B016-495A-B801-5D5A9D7C784D}.Release|Any CPU.ActiveCfg = Release|Any CPU
		{D01DAE94-B016-495A-B801-5D5A9D7C784D}.Release|Any CPU.Build.0 = Release|Any CPU
		{B943BB33-1EA8-48C2-AAFC-6690E8629AF8}.Debug|Any CPU.ActiveCfg = Debug|Any CPU
		{B943BB33-1EA8-48C2-AAFC-6690E8629AF8}.Debug|Any CPU.Build.0 = Debug|Any CPU
		{B943BB33-1EA8-48C2-AAFC-6690E8629AF8}.Release|Any CPU.ActiveCfg = Release|Any CPU
		{B943BB33-1EA8-48C2-AAFC-6690E8629AF8}.Release|Any CPU.Build.0 = Release|Any CPU
		{E4A70C4A-0D53-432A-9CC8-4FF52CBA8052}.Debug|Any CPU.ActiveCfg = Debug|Any CPU
		{E4A70C4A-0D53-432A-9CC8-4FF52CBA8052}.Debug|Any CPU.Build.0 = Debug|Any CPU
		{E4A70C4A-0D53-432A-9CC8-4FF52CBA8052}.Release|Any CPU.ActiveCfg = Release|Any CPU
		{E4A70C4A-0D53-432A-9CC8-4FF52CBA8052}.Release|Any CPU.Build.0 = Release|Any CPU
		{C1F38A5B-F556-4256-8C98-C91B9DB86603}.Debug|Any CPU.ActiveCfg = Debug|Any CPU
		{C1F38A5B-F556-4256-8C98-C91B9DB86603}.Debug|Any CPU.Build.0 = Debug|Any CPU
		{C1F38A5B-F556-4256-8C98-C91B9DB86603}.Release|Any CPU.ActiveCfg = Release|Any CPU
		{C1F38A5B-F556-4256-8C98-C91B9DB86603}.Release|Any CPU.Build.0 = Release|Any CPU
		{8BC8F3C0-D679-4717-9B13-199772B70429}.Debug|Any CPU.ActiveCfg = Debug|Any CPU
		{8BC8F3C0-D679-4717-9B13-199772B70429}.Debug|Any CPU.Build.0 = Debug|Any CPU
		{8BC8F3C0-D679-4717-9B13-199772B70429}.Release|Any CPU.ActiveCfg = Release|Any CPU
		{8BC8F3C0-D679-4717-9B13-199772B70429}.Release|Any CPU.Build.0 = Release|Any CPU
		{1EC9794A-B5E5-4662-8259-725EBC8BD3C1}.Debug|Any CPU.ActiveCfg = Debug|Any CPU
		{1EC9794A-B5E5-4662-8259-725EBC8BD3C1}.Debug|Any CPU.Build.0 = Debug|Any CPU
		{1EC9794A-B5E5-4662-8259-725EBC8BD3C1}.Release|Any CPU.ActiveCfg = Release|Any CPU
		{1EC9794A-B5E5-4662-8259-725EBC8BD3C1}.Release|Any CPU.Build.0 = Release|Any CPU
		{8C9B4052-85C5-453E-BA7E-7F4145E707C5}.Debug|Any CPU.ActiveCfg = Debug|Any CPU
		{8C9B4052-85C5-453E-BA7E-7F4145E707C5}.Debug|Any CPU.Build.0 = Debug|Any CPU
		{8C9B4052-85C5-453E-BA7E-7F4145E707C5}.Release|Any CPU.ActiveCfg = Release|Any CPU
		{8C9B4052-85C5-453E-BA7E-7F4145E707C5}.Release|Any CPU.Build.0 = Release|Any CPU
		{DA934B2D-5A57-404C-A657-34E167C929A3}.Debug|Any CPU.ActiveCfg = Debug|Any CPU
		{DA934B2D-5A57-404C-A657-34E167C929A3}.Debug|Any CPU.Build.0 = Debug|Any CPU
		{DA934B2D-5A57-404C-A657-34E167C929A3}.Release|Any CPU.ActiveCfg = Release|Any CPU
		{DA934B2D-5A57-404C-A657-34E167C929A3}.Release|Any CPU.Build.0 = Release|Any CPU
		{2E4DC25A-826F-44C8-A617-48679AC4A759}.Debug|Any CPU.ActiveCfg = Debug|Any CPU
		{2E4DC25A-826F-44C8-A617-48679AC4A759}.Debug|Any CPU.Build.0 = Debug|Any CPU
		{2E4DC25A-826F-44C8-A617-48679AC4A759}.Release|Any CPU.ActiveCfg = Release|Any CPU
		{2E4DC25A-826F-44C8-A617-48679AC4A759}.Release|Any CPU.Build.0 = Release|Any CPU
		{4802FE68-2F60-4401-A396-704D6B69443A}.Debug|Any CPU.ActiveCfg = Debug|Any CPU
		{4802FE68-2F60-4401-A396-704D6B69443A}.Debug|Any CPU.Build.0 = Debug|Any CPU
		{4802FE68-2F60-4401-A396-704D6B69443A}.Release|Any CPU.ActiveCfg = Release|Any CPU
		{4802FE68-2F60-4401-A396-704D6B69443A}.Release|Any CPU.Build.0 = Release|Any CPU
		{8B78E191-F45A-458F-B3DB-C0E749DA52AB}.Debug|Any CPU.ActiveCfg = Debug|Any CPU
		{8B78E191-F45A-458F-B3DB-C0E749DA52AB}.Debug|Any CPU.Build.0 = Debug|Any CPU
		{8B78E191-F45A-458F-B3DB-C0E749DA52AB}.Release|Any CPU.ActiveCfg = Release|Any CPU
		{8B78E191-F45A-458F-B3DB-C0E749DA52AB}.Release|Any CPU.Build.0 = Release|Any CPU
	EndGlobalSection
	GlobalSection(SolutionProperties) = preSolution
		HideSolutionNode = FALSE
	EndGlobalSection
	GlobalSection(NestedProjects) = preSolution
		{B7E9B9F5-E9FE-4A38-AAE8-DC92F527B10D} = {EB35FCD1-D2A8-4E3C-B1AD-0246E378BB58}
		{83F16175-43B1-4C90-A1EE-8E351C33435D} = {A6A6AF7D-D6E3-442D-9B1E-58CC91879BE1}
		{8E6D5255-776D-4B61-85F9-73C37AA1FB9A} = {A6A6AF7D-D6E3-442D-9B1E-58CC91879BE1}
		{2942E004-C68E-447D-B382-E3550100C9AF} = {ED8079DD-2B06-4030-9F0F-DC548F98E1C4}
		{A58D65CD-076F-48D7-8833-93629CBB0B89} = {EB35FCD1-D2A8-4E3C-B1AD-0246E378BB58}
		{29980C0B-1130-4153-B543-1EB63CE22CF5} = {EB35FCD1-D2A8-4E3C-B1AD-0246E378BB58}
		{2AC3FA94-4F6F-4A27-B0B2-C85CF660393B} = {ED8079DD-2B06-4030-9F0F-DC548F98E1C4}
		{4FE3F78F-7E66-48C1-8528-A3FE09BD94E4} = {ED8079DD-2B06-4030-9F0F-DC548F98E1C4}
		{2507BA72-6547-4612-80BC-6E97200DE68B} = {EB35FCD1-D2A8-4E3C-B1AD-0246E378BB58}
		{7D81820C-5093-4AE8-873A-F34091446968} = {ED8079DD-2B06-4030-9F0F-DC548F98E1C4}
		{37E7B3C9-DC07-49D1-89E8-89968B3CF47D} = {EB35FCD1-D2A8-4E3C-B1AD-0246E378BB58}
		{C533A687-2B9F-4055-9B62-D721AFB51D27} = {ED8079DD-2B06-4030-9F0F-DC548F98E1C4}
		{1680F69F-7BDF-4E40-939E-41B4E398AE6E} = {EB35FCD1-D2A8-4E3C-B1AD-0246E378BB58}
		{51B77434-9A30-4B29-9218-6FC148877DA3} = {ED8079DD-2B06-4030-9F0F-DC548F98E1C4}
		{422C68B0-5165-4EC8-955C-AD76E9DC70E1} = {EB35FCD1-D2A8-4E3C-B1AD-0246E378BB58}
		{D2C56433-8F2C-44FA-8F7C-DAD2A3585EB7} = {ED8079DD-2B06-4030-9F0F-DC548F98E1C4}
		{FB089188-C68F-446E-AC7B-E3F4D9C64B13} = {EB35FCD1-D2A8-4E3C-B1AD-0246E378BB58}
		{241EAB96-CC31-4216-90E2-8D992263A06A} = {EB35FCD1-D2A8-4E3C-B1AD-0246E378BB58}
		{0C02B7CA-1655-4539-9780-480F3FDFD13B} = {EB35FCD1-D2A8-4E3C-B1AD-0246E378BB58}
		{37697E0C-A776-4A75-B2FB-733838F1F577} = {EB35FCD1-D2A8-4E3C-B1AD-0246E378BB58}
		{AAC694CC-7D87-4EA1-85BC-DA246DE94A6D} = {EB35FCD1-D2A8-4E3C-B1AD-0246E378BB58}
		{DEF404C2-DE9C-4CAD-B62D-C77135EE81AB} = {EB35FCD1-D2A8-4E3C-B1AD-0246E378BB58}
		{9805C95B-E194-4731-AC05-75FDCF2B26FA} = {EB35FCD1-D2A8-4E3C-B1AD-0246E378BB58}
		{344C531E-5F6E-490B-8759-FDEE29C46E05} = {ED8079DD-2B06-4030-9F0F-DC548F98E1C4}
		{D01DAE94-B016-495A-B801-5D5A9D7C784D} = {ED8079DD-2B06-4030-9F0F-DC548F98E1C4}
		{B943BB33-1EA8-48C2-AAFC-6690E8629AF8} = {ED8079DD-2B06-4030-9F0F-DC548F98E1C4}
		{E4A70C4A-0D53-432A-9CC8-4FF52CBA8052} = {ED8079DD-2B06-4030-9F0F-DC548F98E1C4}
		{C1F38A5B-F556-4256-8C98-C91B9DB86603} = {ED8079DD-2B06-4030-9F0F-DC548F98E1C4}
		{8BC8F3C0-D679-4717-9B13-199772B70429} = {ED8079DD-2B06-4030-9F0F-DC548F98E1C4}
		{1EC9794A-B5E5-4662-8259-725EBC8BD3C1} = {EB35FCD1-D2A8-4E3C-B1AD-0246E378BB58}
		{8C9B4052-85C5-453E-BA7E-7F4145E707C5} = {EB35FCD1-D2A8-4E3C-B1AD-0246E378BB58}
		{DA934B2D-5A57-404C-A657-34E167C929A3} = {EB35FCD1-D2A8-4E3C-B1AD-0246E378BB58}
		{2E4DC25A-826F-44C8-A617-48679AC4A759} = {EB35FCD1-D2A8-4E3C-B1AD-0246E378BB58}
		{4802FE68-2F60-4401-A396-704D6B69443A} = {ED8079DD-2B06-4030-9F0F-DC548F98E1C4}
		{8B78E191-F45A-458F-B3DB-C0E749DA52AB} = {ED8079DD-2B06-4030-9F0F-DC548F98E1C4}
	EndGlobalSection
EndGlobal
