Microsoft Visual Studio Solution File, Format Version 12.00
# Visual Studio 2013
VisualStudioVersion = 12.0.31101.0
MinimumVisualStudioVersion = 10.0.40219.1
Project("{2150E333-8FDC-42A3-9474-1A3956D46DE8}") = ".paket", ".paket", "{63297B98-5CED-492C-A5B7-A5B4F73CF142}"
	ProjectSection(SolutionItems) = preProject
		paket.dependencies = paket.dependencies
		paket.lock = paket.lock
	EndProjectSection
EndProject
Project("{2150E333-8FDC-42A3-9474-1A3956D46DE8}") = "docs", "docs", "{A6A6AF7D-D6E3-442D-9B1E-58CC91879BE1}"
EndProject
Project("{F2A71F9B-5D33-465A-A702-920D77279786}") = "SusaninaJuliaHW", "src\SusaninaJuliaHW\SusaninaJuliaHW.fsproj", "{6FD3C5BB-AA7E-47BD-BA0F-B26DC01AA79E}"
EndProject
Project("{2150E333-8FDC-42A3-9474-1A3956D46DE8}") = "project", "project", "{BF60BC93-E09B-4E5F-9D85-95A519479D54}"
	ProjectSection(SolutionItems) = preProject
		build.fsx = build.fsx
		README.md = README.md
		RELEASE_NOTES.md = RELEASE_NOTES.md
	EndProjectSection
EndProject
Project("{2150E333-8FDC-42A3-9474-1A3956D46DE8}") = "tools", "tools", "{83F16175-43B1-4C90-A1EE-8E351C33435D}"
	ProjectSection(SolutionItems) = preProject
		docs\tools\generate.fsx = docs\tools\generate.fsx
		docs\tools\templates\template.cshtml = docs\tools\templates\template.cshtml
	EndProjectSection
EndProject
Project("{2150E333-8FDC-42A3-9474-1A3956D46DE8}") = "content", "content", "{8E6D5255-776D-4B61-85F9-73C37AA1FB9A}"
	ProjectSection(SolutionItems) = preProject
		docs\content\index.fsx = docs\content\index.fsx
		docs\content\tutorial.fsx = docs\content\tutorial.fsx
	EndProjectSection
EndProject
Project("{2150E333-8FDC-42A3-9474-1A3956D46DE8}") = "tests", "tests", "{ED8079DD-2B06-4030-9F0F-DC548F98E1C4}"
EndProject
Project("{F2A71F9B-5D33-465A-A702-920D77279786}") = "SusaninaJuliaHW.Tests", "tests\SusaninaJuliaHW.Tests\SusaninaJuliaHW.Tests.fsproj", "{77FA7059-1DD7-48F9-AFA0-D02F20D4007B}"
EndProject
Project("{2150E333-8FDC-42A3-9474-1A3956D46DE8}") = "src", "src", "{BA81B256-CAE7-4840-AC69-2FB83C72C4CD}"
EndProject
Project("{F2A71F9B-5D33-465A-A702-920D77279786}") = "Task2", "src\Task2\Task2\Task2.fsproj", "{A4E564D0-23BC-44FA-95F4-AB2A81CDF2DF}"
EndProject
Project("{F2A71F9B-5D33-465A-A702-920D77279786}") = "Task3", "src\Task3\Task3\Task3.fsproj", "{38A77838-42AC-4649-AA07-FD6D60AAB1A6}"
EndProject
Project("{F2A71F9B-5D33-465A-A702-920D77279786}") = "Task4", "src\Task4\Task4\Task4.fsproj", "{CBE1BAEE-A60D-4F33-A8FD-908F7BEE1A3D}"
EndProject
Project("{F2A71F9B-5D33-465A-A702-920D77279786}") = "Task5", "src\Task5\Task5\Task5.fsproj", "{56482DE3-8D9B-4A58-9DDE-696042425F66}"
EndProject
Project("{F2A71F9B-5D33-465A-A702-920D77279786}") = "Task6", "src\Task6\Task6\Task6.fsproj", "{880D355D-2C13-4336-9658-06A7C0070B09}"
EndProject
Project("{F2A71F9B-5D33-465A-A702-920D77279786}") = "Task7", "src\Task7\Task7\Task7.fsproj", "{05607ECA-27B1-4C16-A100-A820B46B08FE}"
EndProject
Project("{F2A71F9B-5D33-465A-A702-920D77279786}") = "Task2.Tests", "tests\Task2.Test\Task2.Tests.fsproj", "{A617DD21-E756-448E-B9C0-7B3DF07F5664}"
EndProject
Project("{F2A71F9B-5D33-465A-A702-920D77279786}") = "Task3.Tests", "tests\Task3.Test\Task3.Tests.fsproj", "{3129A1A3-E09F-4137-8DBC-4A5B53F8D7F4}"
EndProject
Project("{F2A71F9B-5D33-465A-A702-920D77279786}") = "Task4.Tests", "tests\Task4.Test\Task4.Tests.fsproj", "{121621E1-272D-4157-9612-CFFFF698F1BC}"
EndProject
Project("{F2A71F9B-5D33-465A-A702-920D77279786}") = "Task5.Tests", "tests\Task5.Test\Task5.Tests.fsproj", "{A5E4700F-C30A-4955-968D-946DAEE2CFE9}"
EndProject
Project("{F2A71F9B-5D33-465A-A702-920D77279786}") = "Task6.Tests", "tests\Task6.Test\Task6.Tests.fsproj", "{62622DD3-AFF1-486D-A4A1-0D27DBB6E477}"
EndProject
Project("{F2A71F9B-5D33-465A-A702-920D77279786}") = "Task7.Tests", "tests\Task7.Test\Task7.Tests.fsproj", "{3339F9FC-1B00-46AA-8EEE-102DA51C3E6F}"
EndProject
Global
	GlobalSection(SolutionConfigurationPlatforms) = preSolution
		Debug|Any CPU = Debug|Any CPU
		Release|Any CPU = Release|Any CPU
	EndGlobalSection
	GlobalSection(ProjectConfigurationPlatforms) = postSolution
		{6FD3C5BB-AA7E-47BD-BA0F-B26DC01AA79E}.Debug|Any CPU.ActiveCfg = Debug|Any CPU
		{6FD3C5BB-AA7E-47BD-BA0F-B26DC01AA79E}.Debug|Any CPU.Build.0 = Debug|Any CPU
		{6FD3C5BB-AA7E-47BD-BA0F-B26DC01AA79E}.Release|Any CPU.ActiveCfg = Release|Any CPU
		{6FD3C5BB-AA7E-47BD-BA0F-B26DC01AA79E}.Release|Any CPU.Build.0 = Release|Any CPU
		{77FA7059-1DD7-48F9-AFA0-D02F20D4007B}.Debug|Any CPU.ActiveCfg = Debug|Any CPU
		{77FA7059-1DD7-48F9-AFA0-D02F20D4007B}.Debug|Any CPU.Build.0 = Debug|Any CPU
		{77FA7059-1DD7-48F9-AFA0-D02F20D4007B}.Release|Any CPU.ActiveCfg = Release|Any CPU
		{77FA7059-1DD7-48F9-AFA0-D02F20D4007B}.Release|Any CPU.Build.0 = Release|Any CPU
		{A4E564D0-23BC-44FA-95F4-AB2A81CDF2DF}.Debug|Any CPU.ActiveCfg = Debug|Any CPU
		{A4E564D0-23BC-44FA-95F4-AB2A81CDF2DF}.Debug|Any CPU.Build.0 = Debug|Any CPU
		{A4E564D0-23BC-44FA-95F4-AB2A81CDF2DF}.Release|Any CPU.ActiveCfg = Release|Any CPU
		{A4E564D0-23BC-44FA-95F4-AB2A81CDF2DF}.Release|Any CPU.Build.0 = Release|Any CPU
		{38A77838-42AC-4649-AA07-FD6D60AAB1A6}.Debug|Any CPU.ActiveCfg = Debug|Any CPU
		{38A77838-42AC-4649-AA07-FD6D60AAB1A6}.Debug|Any CPU.Build.0 = Debug|Any CPU
		{38A77838-42AC-4649-AA07-FD6D60AAB1A6}.Release|Any CPU.ActiveCfg = Release|Any CPU
		{38A77838-42AC-4649-AA07-FD6D60AAB1A6}.Release|Any CPU.Build.0 = Release|Any CPU
		{CBE1BAEE-A60D-4F33-A8FD-908F7BEE1A3D}.Debug|Any CPU.ActiveCfg = Debug|Any CPU
		{CBE1BAEE-A60D-4F33-A8FD-908F7BEE1A3D}.Debug|Any CPU.Build.0 = Debug|Any CPU
		{CBE1BAEE-A60D-4F33-A8FD-908F7BEE1A3D}.Release|Any CPU.ActiveCfg = Release|Any CPU
		{CBE1BAEE-A60D-4F33-A8FD-908F7BEE1A3D}.Release|Any CPU.Build.0 = Release|Any CPU
		{56482DE3-8D9B-4A58-9DDE-696042425F66}.Debug|Any CPU.ActiveCfg = Debug|Any CPU
		{56482DE3-8D9B-4A58-9DDE-696042425F66}.Debug|Any CPU.Build.0 = Debug|Any CPU
		{56482DE3-8D9B-4A58-9DDE-696042425F66}.Release|Any CPU.ActiveCfg = Release|Any CPU
		{56482DE3-8D9B-4A58-9DDE-696042425F66}.Release|Any CPU.Build.0 = Release|Any CPU
		{880D355D-2C13-4336-9658-06A7C0070B09}.Debug|Any CPU.ActiveCfg = Debug|Any CPU
		{880D355D-2C13-4336-9658-06A7C0070B09}.Debug|Any CPU.Build.0 = Debug|Any CPU
		{880D355D-2C13-4336-9658-06A7C0070B09}.Release|Any CPU.ActiveCfg = Release|Any CPU
		{880D355D-2C13-4336-9658-06A7C0070B09}.Release|Any CPU.Build.0 = Release|Any CPU
		{05607ECA-27B1-4C16-A100-A820B46B08FE}.Debug|Any CPU.ActiveCfg = Debug|Any CPU
		{05607ECA-27B1-4C16-A100-A820B46B08FE}.Debug|Any CPU.Build.0 = Debug|Any CPU
		{05607ECA-27B1-4C16-A100-A820B46B08FE}.Release|Any CPU.ActiveCfg = Release|Any CPU
		{05607ECA-27B1-4C16-A100-A820B46B08FE}.Release|Any CPU.Build.0 = Release|Any CPU
		{A617DD21-E756-448E-B9C0-7B3DF07F5664}.Debug|Any CPU.ActiveCfg = Debug|Any CPU
		{A617DD21-E756-448E-B9C0-7B3DF07F5664}.Debug|Any CPU.Build.0 = Debug|Any CPU
		{A617DD21-E756-448E-B9C0-7B3DF07F5664}.Release|Any CPU.ActiveCfg = Release|Any CPU
		{A617DD21-E756-448E-B9C0-7B3DF07F5664}.Release|Any CPU.Build.0 = Release|Any CPU
		{3129A1A3-E09F-4137-8DBC-4A5B53F8D7F4}.Debug|Any CPU.ActiveCfg = Debug|Any CPU
		{3129A1A3-E09F-4137-8DBC-4A5B53F8D7F4}.Debug|Any CPU.Build.0 = Debug|Any CPU
		{3129A1A3-E09F-4137-8DBC-4A5B53F8D7F4}.Release|Any CPU.ActiveCfg = Release|Any CPU
		{3129A1A3-E09F-4137-8DBC-4A5B53F8D7F4}.Release|Any CPU.Build.0 = Release|Any CPU
		{121621E1-272D-4157-9612-CFFFF698F1BC}.Debug|Any CPU.ActiveCfg = Debug|Any CPU
		{121621E1-272D-4157-9612-CFFFF698F1BC}.Debug|Any CPU.Build.0 = Debug|Any CPU
		{121621E1-272D-4157-9612-CFFFF698F1BC}.Release|Any CPU.ActiveCfg = Release|Any CPU
		{121621E1-272D-4157-9612-CFFFF698F1BC}.Release|Any CPU.Build.0 = Release|Any CPU
		{A5E4700F-C30A-4955-968D-946DAEE2CFE9}.Debug|Any CPU.ActiveCfg = Debug|Any CPU
		{A5E4700F-C30A-4955-968D-946DAEE2CFE9}.Debug|Any CPU.Build.0 = Debug|Any CPU
		{A5E4700F-C30A-4955-968D-946DAEE2CFE9}.Release|Any CPU.ActiveCfg = Release|Any CPU
		{A5E4700F-C30A-4955-968D-946DAEE2CFE9}.Release|Any CPU.Build.0 = Release|Any CPU
		{62622DD3-AFF1-486D-A4A1-0D27DBB6E477}.Debug|Any CPU.ActiveCfg = Debug|Any CPU
		{62622DD3-AFF1-486D-A4A1-0D27DBB6E477}.Debug|Any CPU.Build.0 = Debug|Any CPU
		{62622DD3-AFF1-486D-A4A1-0D27DBB6E477}.Release|Any CPU.ActiveCfg = Release|Any CPU
		{62622DD3-AFF1-486D-A4A1-0D27DBB6E477}.Release|Any CPU.Build.0 = Release|Any CPU
		{3339F9FC-1B00-46AA-8EEE-102DA51C3E6F}.Debug|Any CPU.ActiveCfg = Debug|Any CPU
		{3339F9FC-1B00-46AA-8EEE-102DA51C3E6F}.Debug|Any CPU.Build.0 = Debug|Any CPU
		{3339F9FC-1B00-46AA-8EEE-102DA51C3E6F}.Release|Any CPU.ActiveCfg = Release|Any CPU
		{3339F9FC-1B00-46AA-8EEE-102DA51C3E6F}.Release|Any CPU.Build.0 = Release|Any CPU
	EndGlobalSection
	GlobalSection(SolutionProperties) = preSolution
		HideSolutionNode = FALSE
	EndGlobalSection
	GlobalSection(NestedProjects) = preSolution
		{6FD3C5BB-AA7E-47BD-BA0F-B26DC01AA79E} = {BA81B256-CAE7-4840-AC69-2FB83C72C4CD}
		{83F16175-43B1-4C90-A1EE-8E351C33435D} = {A6A6AF7D-D6E3-442D-9B1E-58CC91879BE1}
		{8E6D5255-776D-4B61-85F9-73C37AA1FB9A} = {A6A6AF7D-D6E3-442D-9B1E-58CC91879BE1}
		{77FA7059-1DD7-48F9-AFA0-D02F20D4007B} = {ED8079DD-2B06-4030-9F0F-DC548F98E1C4}
		{A4E564D0-23BC-44FA-95F4-AB2A81CDF2DF} = {BA81B256-CAE7-4840-AC69-2FB83C72C4CD}
		{38A77838-42AC-4649-AA07-FD6D60AAB1A6} = {BA81B256-CAE7-4840-AC69-2FB83C72C4CD}
		{CBE1BAEE-A60D-4F33-A8FD-908F7BEE1A3D} = {BA81B256-CAE7-4840-AC69-2FB83C72C4CD}
		{56482DE3-8D9B-4A58-9DDE-696042425F66} = {BA81B256-CAE7-4840-AC69-2FB83C72C4CD}
		{880D355D-2C13-4336-9658-06A7C0070B09} = {BA81B256-CAE7-4840-AC69-2FB83C72C4CD}
		{05607ECA-27B1-4C16-A100-A820B46B08FE} = {BA81B256-CAE7-4840-AC69-2FB83C72C4CD}
		{A617DD21-E756-448E-B9C0-7B3DF07F5664} = {ED8079DD-2B06-4030-9F0F-DC548F98E1C4}
		{3129A1A3-E09F-4137-8DBC-4A5B53F8D7F4} = {ED8079DD-2B06-4030-9F0F-DC548F98E1C4}
		{121621E1-272D-4157-9612-CFFFF698F1BC} = {ED8079DD-2B06-4030-9F0F-DC548F98E1C4}
		{A5E4700F-C30A-4955-968D-946DAEE2CFE9} = {ED8079DD-2B06-4030-9F0F-DC548F98E1C4}
		{62622DD3-AFF1-486D-A4A1-0D27DBB6E477} = {ED8079DD-2B06-4030-9F0F-DC548F98E1C4}
		{3339F9FC-1B00-46AA-8EEE-102DA51C3E6F} = {ED8079DD-2B06-4030-9F0F-DC548F98E1C4}
	EndGlobalSection
EndGlobal
