Microsoft Visual Studio Solution File, Format Version 12.00
# Visual Studio 2013
VisualStudioVersion = 12.0.31101.0
MinimumVisualStudioVersion = 10.0.40219.1
Project("{2150E333-8FDC-42A3-9474-1A3956D46DE8}") = ".paket", ".paket", "{63297B98-5CED-492C-A5B7-A5B4F73CF142}"
	ProjectSection(SolutionItems) = preProject
		paket.dependencies = paket.dependencies
		paket.lock = paket.lock
	EndProjectSection
EndProject
Project("{2150E333-8FDC-42A3-9474-1A3956D46DE8}") = "docs", "docs", "{A6A6AF7D-D6E3-442D-9B1E-58CC91879BE1}"
EndProject
Project("{F2A71F9B-5D33-465A-A702-920D77279786}") = "SusaninaJuliaHW", "src\SusaninaJuliaHW\SusaninaJuliaHW.fsproj", "{6FD3C5BB-AA7E-47BD-BA0F-B26DC01AA79E}"
EndProject
Project("{2150E333-8FDC-42A3-9474-1A3956D46DE8}") = "project", "project", "{BF60BC93-E09B-4E5F-9D85-95A519479D54}"
	ProjectSection(SolutionItems) = preProject
		build.fsx = build.fsx
		README.md = README.md
		RELEASE_NOTES.md = RELEASE_NOTES.md
	EndProjectSection
EndProject
Project("{2150E333-8FDC-42A3-9474-1A3956D46DE8}") = "tools", "tools", "{83F16175-43B1-4C90-A1EE-8E351C33435D}"
	ProjectSection(SolutionItems) = preProject
		docs\tools\generate.fsx = docs\tools\generate.fsx
		docs\tools\templates\template.cshtml = docs\tools\templates\template.cshtml
	EndProjectSection
EndProject
Project("{2150E333-8FDC-42A3-9474-1A3956D46DE8}") = "content", "content", "{8E6D5255-776D-4B61-85F9-73C37AA1FB9A}"
	ProjectSection(SolutionItems) = preProject
		docs\content\index.fsx = docs\content\index.fsx
		docs\content\tutorial.fsx = docs\content\tutorial.fsx
	EndProjectSection
EndProject
Project("{2150E333-8FDC-42A3-9474-1A3956D46DE8}") = "tests", "tests", "{ED8079DD-2B06-4030-9F0F-DC548F98E1C4}"
EndProject
Project("{F2A71F9B-5D33-465A-A702-920D77279786}") = "SusaninaJuliaHW.Tests", "tests\SusaninaJuliaHW.Tests\SusaninaJuliaHW.Tests.fsproj", "{77FA7059-1DD7-48F9-AFA0-D02F20D4007B}"
EndProject
Project("{2150E333-8FDC-42A3-9474-1A3956D46DE8}") = "src", "src", "{BA81B256-CAE7-4840-AC69-2FB83C72C4CD}"
EndProject
Project("{F2A71F9B-5D33-465A-A702-920D77279786}") = "Task2.Tests", "tests\Task2.Tests\Task2.Tests.fsproj", "{8602FCF9-F305-42AB-A8B3-A5FB40139E2C}"
EndProject
Project("{F2A71F9B-5D33-465A-A702-920D77279786}") = "Task3.Tests", "tests\Task3.Tests\Task3.Tests.fsproj", "{F6BB49D5-1A75-41ED-8653-C3DC54777B86}"
EndProject
Project("{F2A71F9B-5D33-465A-A702-920D77279786}") = "Task4.Tests", "tests\Task4.Tests\Task4.Tests.fsproj", "{458C72F4-AEAD-4F10-A7CF-B261E79F4C18}"
EndProject
Project("{F2A71F9B-5D33-465A-A702-920D77279786}") = "Task5.Tests", "tests\Task5.Tests\Task5.Tests.fsproj", "{0BC4233F-647E-4ABB-8BD4-9789A5029D89}"
EndProject
Project("{F2A71F9B-5D33-465A-A702-920D77279786}") = "Task6.Tests", "tests\Task6.Tests\Task6.Tests.fsproj", "{F93C2B32-DEA8-4DE9-896E-3E289945B2DD}"
EndProject
Project("{F2A71F9B-5D33-465A-A702-920D77279786}") = "Task7.Tests", "tests\Task7.Tests\Task7.Tests.fsproj", "{CB9169EF-5F3F-4248-872C-376F4CE68E0F}"
EndProject
Project("{F2A71F9B-5D33-465A-A702-920D77279786}") = "Task8", "src\Task8\Task8.fsproj", "{11A99517-89BA-4521-B9B2-90A0EED66FC4}"
EndProject
Project("{F2A71F9B-5D33-465A-A702-920D77279786}") = "Task8.Tests", "tests\Task8.Tests\Task8.Tests.fsproj", "{23DEF274-567D-4C52-9F39-238DC00FB00A}"
EndProject
Project("{F2A71F9B-5D33-465A-A702-920D77279786}") = "Task9", "src\Task9\Task9.fsproj", "{B06D23DB-F0AD-4CF5-A48C-1345645FE09B}"
EndProject
Project("{F2A71F9B-5D33-465A-A702-920D77279786}") = "Task9.Tests", "tests\Task9.Tests\Task9.Tests.fsproj", "{567A56B0-58C4-44AD-8B37-A67E1C09F520}"
EndProject
Project("{F2A71F9B-5D33-465A-A702-920D77279786}") = "Task10", "src\Task10\Task10.fsproj", "{7D68CAE9-B04E-444D-8BF9-7B787A7B9D18}"
EndProject
Project("{F2A71F9B-5D33-465A-A702-920D77279786}") = "Task11", "src\Task11\Task11.fsproj", "{7A91DAD2-0BED-4630-9F13-93E293BBEE73}"
EndProject
Project("{F2A71F9B-5D33-465A-A702-920D77279786}") = "Task10.Tests", "tests\Task10.Tests\Task10.Tests.fsproj", "{9F44FFC3-2EF4-4BDA-BCDE-C0BD2875271F}"
EndProject
Project("{F2A71F9B-5D33-465A-A702-920D77279786}") = "Task13", "src\Task13\Task13.fsproj", "{09FF8D3A-ED5F-44E5-B054-9215D52B47D7}"
EndProject
Project("{F2A71F9B-5D33-465A-A702-920D77279786}") = "Task13.Tests", "tests\Task13.Tests\Task13.Tests.fsproj", "{677305AA-F88D-4DE3-BF4C-CD96FF99A086}"
EndProject
Project("{F2A71F9B-5D33-465A-A702-920D77279786}") = "Task11.Tests", "tests\Task11.Tests\Task11.Tests.fsproj", "{12333A58-D0BD-4811-883C-148A9412B4A8}"
EndProject
Project("{F2A71F9B-5D33-465A-A702-920D77279786}") = "Task2", "src\Task2\Task2.fsproj", "{5DB84FA0-862F-4964-96AF-06A058F14FBB}"
EndProject
Project("{F2A71F9B-5D33-465A-A702-920D77279786}") = "Task3", "src\Task3\Task3.fsproj", "{57801D92-0867-4252-A7EB-B0E27388FF37}"
EndProject
Project("{F2A71F9B-5D33-465A-A702-920D77279786}") = "Task4", "src\Task4\Task4.fsproj", "{3C5E17B8-91F3-4B64-93A1-A649B57137A6}"
EndProject
Project("{F2A71F9B-5D33-465A-A702-920D77279786}") = "Task5", "src\Task5\Task5.fsproj", "{6EC94CD1-762D-4602-8350-B8C60BDE92C3}"
EndProject
Project("{F2A71F9B-5D33-465A-A702-920D77279786}") = "Task6", "src\Task6\Task6.fsproj", "{913C29D2-FA2D-4E34-8802-24137E015145}"
EndProject
Project("{F2A71F9B-5D33-465A-A702-920D77279786}") = "Task7", "src\Task7\Task7.fsproj", "{C886DE01-2356-4966-9925-FBC1DA93649A}"
EndProject
Project("{F2A71F9B-5D33-465A-A702-920D77279786}") = "Task12", "src\Task12\Task12.fsproj", "{3F9D8B64-8FF2-4906-B64C-1669AC05D861}"
EndProject
Project("{F2A71F9B-5D33-465A-A702-920D77279786}") = "Task12.Tests", "tests\Task12.Tests\Task12.Tests.fsproj", "{0D6FB53A-0881-44FE-8221-AA9BC4BD08FD}"
EndProject
Project("{F2A71F9B-5D33-465A-A702-920D77279786}") = "Task14", "src\Task14\Task14.fsproj", "{1E79B481-493A-450C-B7EC-B65B864324AA}"
EndProject
Global
	GlobalSection(SolutionConfigurationPlatforms) = preSolution
		Debug|Any CPU = Debug|Any CPU
		Release|Any CPU = Release|Any CPU
	EndGlobalSection
	GlobalSection(ProjectConfigurationPlatforms) = postSolution
		{6FD3C5BB-AA7E-47BD-BA0F-B26DC01AA79E}.Debug|Any CPU.ActiveCfg = Debug|Any CPU
		{6FD3C5BB-AA7E-47BD-BA0F-B26DC01AA79E}.Debug|Any CPU.Build.0 = Debug|Any CPU
		{6FD3C5BB-AA7E-47BD-BA0F-B26DC01AA79E}.Release|Any CPU.ActiveCfg = Release|Any CPU
		{6FD3C5BB-AA7E-47BD-BA0F-B26DC01AA79E}.Release|Any CPU.Build.0 = Release|Any CPU
		{77FA7059-1DD7-48F9-AFA0-D02F20D4007B}.Debug|Any CPU.ActiveCfg = Debug|Any CPU
		{77FA7059-1DD7-48F9-AFA0-D02F20D4007B}.Debug|Any CPU.Build.0 = Debug|Any CPU
		{77FA7059-1DD7-48F9-AFA0-D02F20D4007B}.Release|Any CPU.ActiveCfg = Release|Any CPU
		{77FA7059-1DD7-48F9-AFA0-D02F20D4007B}.Release|Any CPU.Build.0 = Release|Any CPU
		{8602FCF9-F305-42AB-A8B3-A5FB40139E2C}.Debug|Any CPU.ActiveCfg = Debug|Any CPU
		{8602FCF9-F305-42AB-A8B3-A5FB40139E2C}.Debug|Any CPU.Build.0 = Debug|Any CPU
		{8602FCF9-F305-42AB-A8B3-A5FB40139E2C}.Release|Any CPU.ActiveCfg = Release|Any CPU
		{8602FCF9-F305-42AB-A8B3-A5FB40139E2C}.Release|Any CPU.Build.0 = Release|Any CPU
		{F6BB49D5-1A75-41ED-8653-C3DC54777B86}.Debug|Any CPU.ActiveCfg = Debug|Any CPU
		{F6BB49D5-1A75-41ED-8653-C3DC54777B86}.Debug|Any CPU.Build.0 = Debug|Any CPU
		{F6BB49D5-1A75-41ED-8653-C3DC54777B86}.Release|Any CPU.ActiveCfg = Release|Any CPU
		{F6BB49D5-1A75-41ED-8653-C3DC54777B86}.Release|Any CPU.Build.0 = Release|Any CPU
		{458C72F4-AEAD-4F10-A7CF-B261E79F4C18}.Debug|Any CPU.ActiveCfg = Debug|Any CPU
		{458C72F4-AEAD-4F10-A7CF-B261E79F4C18}.Debug|Any CPU.Build.0 = Debug|Any CPU
		{458C72F4-AEAD-4F10-A7CF-B261E79F4C18}.Release|Any CPU.ActiveCfg = Release|Any CPU
		{458C72F4-AEAD-4F10-A7CF-B261E79F4C18}.Release|Any CPU.Build.0 = Release|Any CPU
		{0BC4233F-647E-4ABB-8BD4-9789A5029D89}.Debug|Any CPU.ActiveCfg = Debug|Any CPU
		{0BC4233F-647E-4ABB-8BD4-9789A5029D89}.Debug|Any CPU.Build.0 = Debug|Any CPU
		{0BC4233F-647E-4ABB-8BD4-9789A5029D89}.Release|Any CPU.ActiveCfg = Release|Any CPU
		{0BC4233F-647E-4ABB-8BD4-9789A5029D89}.Release|Any CPU.Build.0 = Release|Any CPU
		{F93C2B32-DEA8-4DE9-896E-3E289945B2DD}.Debug|Any CPU.ActiveCfg = Debug|Any CPU
		{F93C2B32-DEA8-4DE9-896E-3E289945B2DD}.Debug|Any CPU.Build.0 = Debug|Any CPU
		{F93C2B32-DEA8-4DE9-896E-3E289945B2DD}.Release|Any CPU.ActiveCfg = Release|Any CPU
		{F93C2B32-DEA8-4DE9-896E-3E289945B2DD}.Release|Any CPU.Build.0 = Release|Any CPU
		{CB9169EF-5F3F-4248-872C-376F4CE68E0F}.Debug|Any CPU.ActiveCfg = Debug|Any CPU
		{CB9169EF-5F3F-4248-872C-376F4CE68E0F}.Debug|Any CPU.Build.0 = Debug|Any CPU
		{CB9169EF-5F3F-4248-872C-376F4CE68E0F}.Release|Any CPU.ActiveCfg = Release|Any CPU
		{CB9169EF-5F3F-4248-872C-376F4CE68E0F}.Release|Any CPU.Build.0 = Release|Any CPU
		{11A99517-89BA-4521-B9B2-90A0EED66FC4}.Debug|Any CPU.ActiveCfg = Debug|Any CPU
		{11A99517-89BA-4521-B9B2-90A0EED66FC4}.Debug|Any CPU.Build.0 = Debug|Any CPU
		{11A99517-89BA-4521-B9B2-90A0EED66FC4}.Release|Any CPU.ActiveCfg = Release|Any CPU
		{11A99517-89BA-4521-B9B2-90A0EED66FC4}.Release|Any CPU.Build.0 = Release|Any CPU
		{23DEF274-567D-4C52-9F39-238DC00FB00A}.Debug|Any CPU.ActiveCfg = Debug|Any CPU
		{23DEF274-567D-4C52-9F39-238DC00FB00A}.Debug|Any CPU.Build.0 = Debug|Any CPU
		{23DEF274-567D-4C52-9F39-238DC00FB00A}.Release|Any CPU.ActiveCfg = Release|Any CPU
		{23DEF274-567D-4C52-9F39-238DC00FB00A}.Release|Any CPU.Build.0 = Release|Any CPU
		{B06D23DB-F0AD-4CF5-A48C-1345645FE09B}.Debug|Any CPU.ActiveCfg = Debug|Any CPU
		{B06D23DB-F0AD-4CF5-A48C-1345645FE09B}.Debug|Any CPU.Build.0 = Debug|Any CPU
		{B06D23DB-F0AD-4CF5-A48C-1345645FE09B}.Release|Any CPU.ActiveCfg = Release|Any CPU
		{B06D23DB-F0AD-4CF5-A48C-1345645FE09B}.Release|Any CPU.Build.0 = Release|Any CPU
		{567A56B0-58C4-44AD-8B37-A67E1C09F520}.Debug|Any CPU.ActiveCfg = Debug|Any CPU
		{567A56B0-58C4-44AD-8B37-A67E1C09F520}.Debug|Any CPU.Build.0 = Debug|Any CPU
		{567A56B0-58C4-44AD-8B37-A67E1C09F520}.Release|Any CPU.ActiveCfg = Release|Any CPU
		{567A56B0-58C4-44AD-8B37-A67E1C09F520}.Release|Any CPU.Build.0 = Release|Any CPU
		{7D68CAE9-B04E-444D-8BF9-7B787A7B9D18}.Debug|Any CPU.ActiveCfg = Debug|Any CPU
		{7D68CAE9-B04E-444D-8BF9-7B787A7B9D18}.Debug|Any CPU.Build.0 = Debug|Any CPU
		{7D68CAE9-B04E-444D-8BF9-7B787A7B9D18}.Release|Any CPU.ActiveCfg = Release|Any CPU
		{7D68CAE9-B04E-444D-8BF9-7B787A7B9D18}.Release|Any CPU.Build.0 = Release|Any CPU
		{7A91DAD2-0BED-4630-9F13-93E293BBEE73}.Debug|Any CPU.ActiveCfg = Debug|Any CPU
		{7A91DAD2-0BED-4630-9F13-93E293BBEE73}.Debug|Any CPU.Build.0 = Debug|Any CPU
		{7A91DAD2-0BED-4630-9F13-93E293BBEE73}.Release|Any CPU.ActiveCfg = Release|Any CPU
		{7A91DAD2-0BED-4630-9F13-93E293BBEE73}.Release|Any CPU.Build.0 = Release|Any CPU
		{9F44FFC3-2EF4-4BDA-BCDE-C0BD2875271F}.Debug|Any CPU.ActiveCfg = Debug|Any CPU
		{9F44FFC3-2EF4-4BDA-BCDE-C0BD2875271F}.Debug|Any CPU.Build.0 = Debug|Any CPU
		{9F44FFC3-2EF4-4BDA-BCDE-C0BD2875271F}.Release|Any CPU.ActiveCfg = Release|Any CPU
		{9F44FFC3-2EF4-4BDA-BCDE-C0BD2875271F}.Release|Any CPU.Build.0 = Release|Any CPU
		{09FF8D3A-ED5F-44E5-B054-9215D52B47D7}.Debug|Any CPU.ActiveCfg = Debug|Any CPU
		{09FF8D3A-ED5F-44E5-B054-9215D52B47D7}.Debug|Any CPU.Build.0 = Debug|Any CPU
		{09FF8D3A-ED5F-44E5-B054-9215D52B47D7}.Release|Any CPU.ActiveCfg = Release|Any CPU
		{09FF8D3A-ED5F-44E5-B054-9215D52B47D7}.Release|Any CPU.Build.0 = Release|Any CPU
		{677305AA-F88D-4DE3-BF4C-CD96FF99A086}.Debug|Any CPU.ActiveCfg = Debug|Any CPU
		{677305AA-F88D-4DE3-BF4C-CD96FF99A086}.Debug|Any CPU.Build.0 = Debug|Any CPU
		{677305AA-F88D-4DE3-BF4C-CD96FF99A086}.Release|Any CPU.ActiveCfg = Release|Any CPU
		{677305AA-F88D-4DE3-BF4C-CD96FF99A086}.Release|Any CPU.Build.0 = Release|Any CPU
		{12333A58-D0BD-4811-883C-148A9412B4A8}.Debug|Any CPU.ActiveCfg = Debug|Any CPU
		{12333A58-D0BD-4811-883C-148A9412B4A8}.Debug|Any CPU.Build.0 = Debug|Any CPU
		{12333A58-D0BD-4811-883C-148A9412B4A8}.Release|Any CPU.ActiveCfg = Release|Any CPU
		{12333A58-D0BD-4811-883C-148A9412B4A8}.Release|Any CPU.Build.0 = Release|Any CPU
		{5DB84FA0-862F-4964-96AF-06A058F14FBB}.Debug|Any CPU.ActiveCfg = Debug|Any CPU
		{5DB84FA0-862F-4964-96AF-06A058F14FBB}.Debug|Any CPU.Build.0 = Debug|Any CPU
		{5DB84FA0-862F-4964-96AF-06A058F14FBB}.Release|Any CPU.ActiveCfg = Release|Any CPU
		{5DB84FA0-862F-4964-96AF-06A058F14FBB}.Release|Any CPU.Build.0 = Release|Any CPU
		{57801D92-0867-4252-A7EB-B0E27388FF37}.Debug|Any CPU.ActiveCfg = Debug|Any CPU
		{57801D92-0867-4252-A7EB-B0E27388FF37}.Debug|Any CPU.Build.0 = Debug|Any CPU
		{57801D92-0867-4252-A7EB-B0E27388FF37}.Release|Any CPU.ActiveCfg = Release|Any CPU
		{57801D92-0867-4252-A7EB-B0E27388FF37}.Release|Any CPU.Build.0 = Release|Any CPU
		{3C5E17B8-91F3-4B64-93A1-A649B57137A6}.Debug|Any CPU.ActiveCfg = Debug|Any CPU
		{3C5E17B8-91F3-4B64-93A1-A649B57137A6}.Debug|Any CPU.Build.0 = Debug|Any CPU
		{3C5E17B8-91F3-4B64-93A1-A649B57137A6}.Release|Any CPU.ActiveCfg = Release|Any CPU
		{3C5E17B8-91F3-4B64-93A1-A649B57137A6}.Release|Any CPU.Build.0 = Release|Any CPU
		{6EC94CD1-762D-4602-8350-B8C60BDE92C3}.Debug|Any CPU.ActiveCfg = Debug|Any CPU
		{6EC94CD1-762D-4602-8350-B8C60BDE92C3}.Debug|Any CPU.Build.0 = Debug|Any CPU
		{6EC94CD1-762D-4602-8350-B8C60BDE92C3}.Release|Any CPU.ActiveCfg = Release|Any CPU
		{6EC94CD1-762D-4602-8350-B8C60BDE92C3}.Release|Any CPU.Build.0 = Release|Any CPU
		{913C29D2-FA2D-4E34-8802-24137E015145}.Debug|Any CPU.ActiveCfg = Debug|Any CPU
		{913C29D2-FA2D-4E34-8802-24137E015145}.Debug|Any CPU.Build.0 = Debug|Any CPU
		{913C29D2-FA2D-4E34-8802-24137E015145}.Release|Any CPU.ActiveCfg = Release|Any CPU
		{913C29D2-FA2D-4E34-8802-24137E015145}.Release|Any CPU.Build.0 = Release|Any CPU
		{C886DE01-2356-4966-9925-FBC1DA93649A}.Debug|Any CPU.ActiveCfg = Debug|Any CPU
		{C886DE01-2356-4966-9925-FBC1DA93649A}.Debug|Any CPU.Build.0 = Debug|Any CPU
		{C886DE01-2356-4966-9925-FBC1DA93649A}.Release|Any CPU.ActiveCfg = Release|Any CPU
		{C886DE01-2356-4966-9925-FBC1DA93649A}.Release|Any CPU.Build.0 = Release|Any CPU
		{3F9D8B64-8FF2-4906-B64C-1669AC05D861}.Debug|Any CPU.ActiveCfg = Debug|Any CPU
		{3F9D8B64-8FF2-4906-B64C-1669AC05D861}.Debug|Any CPU.Build.0 = Debug|Any CPU
		{3F9D8B64-8FF2-4906-B64C-1669AC05D861}.Release|Any CPU.ActiveCfg = Release|Any CPU
		{3F9D8B64-8FF2-4906-B64C-1669AC05D861}.Release|Any CPU.Build.0 = Release|Any CPU
		{0D6FB53A-0881-44FE-8221-AA9BC4BD08FD}.Debug|Any CPU.ActiveCfg = Debug|Any CPU
		{0D6FB53A-0881-44FE-8221-AA9BC4BD08FD}.Debug|Any CPU.Build.0 = Debug|Any CPU
		{0D6FB53A-0881-44FE-8221-AA9BC4BD08FD}.Release|Any CPU.ActiveCfg = Release|Any CPU
		{0D6FB53A-0881-44FE-8221-AA9BC4BD08FD}.Release|Any CPU.Build.0 = Release|Any CPU
		{1E79B481-493A-450C-B7EC-B65B864324AA}.Debug|Any CPU.ActiveCfg = Debug|Any CPU
		{1E79B481-493A-450C-B7EC-B65B864324AA}.Debug|Any CPU.Build.0 = Debug|Any CPU
		{1E79B481-493A-450C-B7EC-B65B864324AA}.Release|Any CPU.ActiveCfg = Release|Any CPU
		{1E79B481-493A-450C-B7EC-B65B864324AA}.Release|Any CPU.Build.0 = Release|Any CPU
	EndGlobalSection
	GlobalSection(SolutionProperties) = preSolution
		HideSolutionNode = FALSE
	EndGlobalSection
	GlobalSection(NestedProjects) = preSolution
		{6FD3C5BB-AA7E-47BD-BA0F-B26DC01AA79E} = {BA81B256-CAE7-4840-AC69-2FB83C72C4CD}
		{83F16175-43B1-4C90-A1EE-8E351C33435D} = {A6A6AF7D-D6E3-442D-9B1E-58CC91879BE1}
		{8E6D5255-776D-4B61-85F9-73C37AA1FB9A} = {A6A6AF7D-D6E3-442D-9B1E-58CC91879BE1}
		{77FA7059-1DD7-48F9-AFA0-D02F20D4007B} = {ED8079DD-2B06-4030-9F0F-DC548F98E1C4}
		{8602FCF9-F305-42AB-A8B3-A5FB40139E2C} = {ED8079DD-2B06-4030-9F0F-DC548F98E1C4}
		{F6BB49D5-1A75-41ED-8653-C3DC54777B86} = {ED8079DD-2B06-4030-9F0F-DC548F98E1C4}
		{458C72F4-AEAD-4F10-A7CF-B261E79F4C18} = {ED8079DD-2B06-4030-9F0F-DC548F98E1C4}
		{0BC4233F-647E-4ABB-8BD4-9789A5029D89} = {ED8079DD-2B06-4030-9F0F-DC548F98E1C4}
		{F93C2B32-DEA8-4DE9-896E-3E289945B2DD} = {ED8079DD-2B06-4030-9F0F-DC548F98E1C4}
		{CB9169EF-5F3F-4248-872C-376F4CE68E0F} = {ED8079DD-2B06-4030-9F0F-DC548F98E1C4}
		{11A99517-89BA-4521-B9B2-90A0EED66FC4} = {BA81B256-CAE7-4840-AC69-2FB83C72C4CD}
		{23DEF274-567D-4C52-9F39-238DC00FB00A} = {ED8079DD-2B06-4030-9F0F-DC548F98E1C4}
		{B06D23DB-F0AD-4CF5-A48C-1345645FE09B} = {BA81B256-CAE7-4840-AC69-2FB83C72C4CD}
		{567A56B0-58C4-44AD-8B37-A67E1C09F520} = {ED8079DD-2B06-4030-9F0F-DC548F98E1C4}
		{7D68CAE9-B04E-444D-8BF9-7B787A7B9D18} = {BA81B256-CAE7-4840-AC69-2FB83C72C4CD}
		{7A91DAD2-0BED-4630-9F13-93E293BBEE73} = {BA81B256-CAE7-4840-AC69-2FB83C72C4CD}
		{9F44FFC3-2EF4-4BDA-BCDE-C0BD2875271F} = {ED8079DD-2B06-4030-9F0F-DC548F98E1C4}
		{09FF8D3A-ED5F-44E5-B054-9215D52B47D7} = {BA81B256-CAE7-4840-AC69-2FB83C72C4CD}
		{677305AA-F88D-4DE3-BF4C-CD96FF99A086} = {ED8079DD-2B06-4030-9F0F-DC548F98E1C4}
		{12333A58-D0BD-4811-883C-148A9412B4A8} = {ED8079DD-2B06-4030-9F0F-DC548F98E1C4}
		{5DB84FA0-862F-4964-96AF-06A058F14FBB} = {BA81B256-CAE7-4840-AC69-2FB83C72C4CD}
		{57801D92-0867-4252-A7EB-B0E27388FF37} = {BA81B256-CAE7-4840-AC69-2FB83C72C4CD}
		{3C5E17B8-91F3-4B64-93A1-A649B57137A6} = {BA81B256-CAE7-4840-AC69-2FB83C72C4CD}
		{6EC94CD1-762D-4602-8350-B8C60BDE92C3} = {BA81B256-CAE7-4840-AC69-2FB83C72C4CD}
		{913C29D2-FA2D-4E34-8802-24137E015145} = {BA81B256-CAE7-4840-AC69-2FB83C72C4CD}
		{C886DE01-2356-4966-9925-FBC1DA93649A} = {BA81B256-CAE7-4840-AC69-2FB83C72C4CD}
		{3F9D8B64-8FF2-4906-B64C-1669AC05D861} = {BA81B256-CAE7-4840-AC69-2FB83C72C4CD}
		{0D6FB53A-0881-44FE-8221-AA9BC4BD08FD} = {ED8079DD-2B06-4030-9F0F-DC548F98E1C4}
		{1E79B481-493A-450C-B7EC-B65B864324AA} = {BA81B256-CAE7-4840-AC69-2FB83C72C4CD}
	EndGlobalSection
EndGlobal
