Microsoft Visual Studio Solution File, Format Version 12.00
# Visual Studio 2013
VisualStudioVersion = 12.0.31101.0
MinimumVisualStudioVersion = 10.0.40219.1
Project("{2150E333-8FDC-42A3-9474-1A3956D46DE8}") = ".paket", ".paket", "{63297B98-5CED-492C-A5B7-A5B4F73CF142}"
	ProjectSection(SolutionItems) = preProject
		paket.dependencies = paket.dependencies
		paket.lock = paket.lock
	EndProjectSection
EndProject
Project("{2150E333-8FDC-42A3-9474-1A3956D46DE8}") = "docs", "docs", "{A6A6AF7D-D6E3-442D-9B1E-58CC91879BE1}"
EndProject
Project("{F2A71F9B-5D33-465A-A702-920D77279786}") = "SusaninaJuliaHW", "src\SusaninaJuliaHW\SusaninaJuliaHW.fsproj", "{6FD3C5BB-AA7E-47BD-BA0F-B26DC01AA79E}"
EndProject
Project("{2150E333-8FDC-42A3-9474-1A3956D46DE8}") = "project", "project", "{BF60BC93-E09B-4E5F-9D85-95A519479D54}"
	ProjectSection(SolutionItems) = preProject
		build.fsx = build.fsx
		README.md = README.md
		RELEASE_NOTES.md = RELEASE_NOTES.md
	EndProjectSection
EndProject
Project("{2150E333-8FDC-42A3-9474-1A3956D46DE8}") = "tools", "tools", "{83F16175-43B1-4C90-A1EE-8E351C33435D}"
	ProjectSection(SolutionItems) = preProject
		docs\tools\generate.fsx = docs\tools\generate.fsx
		docs\tools\templates\template.cshtml = docs\tools\templates\template.cshtml
	EndProjectSection
EndProject
Project("{2150E333-8FDC-42A3-9474-1A3956D46DE8}") = "content", "content", "{8E6D5255-776D-4B61-85F9-73C37AA1FB9A}"
	ProjectSection(SolutionItems) = preProject
		docs\content\index.fsx = docs\content\index.fsx
		docs\content\tutorial.fsx = docs\content\tutorial.fsx
	EndProjectSection
EndProject
Project("{2150E333-8FDC-42A3-9474-1A3956D46DE8}") = "tests", "tests", "{ED8079DD-2B06-4030-9F0F-DC548F98E1C4}"
EndProject
Project("{F2A71F9B-5D33-465A-A702-920D77279786}") = "SusaninaJuliaHW.Tests", "tests\SusaninaJuliaHW.Tests\SusaninaJuliaHW.Tests.fsproj", "{77FA7059-1DD7-48F9-AFA0-D02F20D4007B}"
EndProject
Project("{2150E333-8FDC-42A3-9474-1A3956D46DE8}") = "src", "src", "{BA81B256-CAE7-4840-AC69-2FB83C72C4CD}"
EndProject
Project("{F2A71F9B-5D33-465A-A702-920D77279786}") = "Task2", "src\Task2\Task2.fsproj", "{FF7B0575-D27F-4DED-9A25-FABBBF0975AA}"
EndProject
Project("{F2A71F9B-5D33-465A-A702-920D77279786}") = "Task3", "src\Task3\Task3.fsproj", "{AF493818-AD1F-45C2-B068-62B788C2F6B6}"
EndProject
Project("{F2A71F9B-5D33-465A-A702-920D77279786}") = "Task4", "src\Task4\Task4.fsproj", "{247DDAEC-4B7B-488B-86C9-0329A7F6C02B}"
EndProject
Project("{F2A71F9B-5D33-465A-A702-920D77279786}") = "Task5", "src\Task5\Task5.fsproj", "{EDD59B82-FBAE-4B67-9C72-41DC0DD97E17}"
EndProject
Project("{F2A71F9B-5D33-465A-A702-920D77279786}") = "Task6", "src\Task6\Task6.fsproj", "{9EC49618-DF5C-4CBD-993E-E4D5992BA9C7}"
EndProject
Project("{F2A71F9B-5D33-465A-A702-920D77279786}") = "Task7", "src\Task7\Task7.fsproj", "{259F2D5A-88B3-4A39-944F-B04E64FF8D22}"
EndProject
Project("{F2A71F9B-5D33-465A-A702-920D77279786}") = "Task8", "src\Task8\Task8.fsproj", "{47D73AB1-5B28-4BAA-8F70-8D4E1E8F608D}"
EndProject
Project("{F2A71F9B-5D33-465A-A702-920D77279786}") = "Task9", "src\Task9\Task9.fsproj", "{51DA7B0E-FA40-4A9D-AAE8-CDBE77065E31}"
EndProject
Project("{F2A71F9B-5D33-465A-A702-920D77279786}") = "Task10", "src\Task10\Task10.fsproj", "{7A142614-9C1B-4317-938D-6CD5A65F07B3}"
EndProject
Project("{F2A71F9B-5D33-465A-A702-920D77279786}") = "Task11", "src\Task11\Task11.fsproj", "{83976BD9-61CC-4EC0-8649-88F38BB93467}"
EndProject
Project("{F2A71F9B-5D33-465A-A702-920D77279786}") = "Task12", "src\Task12\Task12.fsproj", "{23B7AB0A-3B5B-44B9-ACAC-B3B2E73B165F}"
EndProject
Project("{F2A71F9B-5D33-465A-A702-920D77279786}") = "Task13", "src\Task13\Task13.fsproj", "{938D4E80-2B35-4160-A0B2-E18513B8FDB6}"
EndProject
Project("{F2A71F9B-5D33-465A-A702-920D77279786}") = "Task15", "src\Task15\Task15.fsproj", "{A0702FF3-236B-433B-A9BF-B5D2530EFD6A}"
EndProject
Project("{F2A71F9B-5D33-465A-A702-920D77279786}") = "Task16", "src\Task16\Task16.fsproj", "{35D7E4C7-13D7-49C3-825D-FAC05A499EDB}"
EndProject
Project("{F2A71F9B-5D33-465A-A702-920D77279786}") = "Task17", "src\Task17\Task17.fsproj", "{21070AC7-74E7-4060-B7A8-E2ABAE32D645}"
EndProject
Project("{F2A71F9B-5D33-465A-A702-920D77279786}") = "Task18", "src\Task18\Task18.fsproj", "{F63C6B1E-A513-4ABB-87BD-E03147E05F5E}"
EndProject
Project("{F2A71F9B-5D33-465A-A702-920D77279786}") = "Task2.Tests", "tests\Task2.Tests\Task2.Tests.fsproj", "{9A203921-C2C5-4488-8295-3D12870E8F50}"
EndProject
Project("{F2A71F9B-5D33-465A-A702-920D77279786}") = "Task3.Tests", "tests\Task3.Tests\Task3.Tests.fsproj", "{16EA164E-624C-48E5-9690-C119ED4E2D49}"
EndProject
Project("{F2A71F9B-5D33-465A-A702-920D77279786}") = "Task4.Tests", "tests\Task4.Tests\Task4.Tests.fsproj", "{E5534B2E-34D5-4338-8A7E-2A64627338A3}"
EndProject
Project("{F2A71F9B-5D33-465A-A702-920D77279786}") = "Task5.Tests", "tests\Task5.Tests\Task5.Tests.fsproj", "{37BA01B7-9B6E-4E98-B6DE-E75F2AEC371F}"
EndProject
Project("{F2A71F9B-5D33-465A-A702-920D77279786}") = "Task6.Tests", "tests\Task6.Tests\Task6.Tests.fsproj", "{F8D6B96C-8D4A-44C6-BB95-66C6C18AE0D1}"
EndProject
Project("{F2A71F9B-5D33-465A-A702-920D77279786}") = "Task7.Tests", "tests\Task7.Tests\Task7.Tests.fsproj", "{E6AFA617-21B2-4655-B1E8-36E95061DDA2}"
EndProject
Project("{F2A71F9B-5D33-465A-A702-920D77279786}") = "Task8.Tests", "tests\Task8.Tests\Task8.Tests.fsproj", "{3B924F7B-FCF0-4C5E-A3FF-B2CB9713C2CA}"
EndProject
Project("{F2A71F9B-5D33-465A-A702-920D77279786}") = "Task9.Tests", "tests\Task9.Tests\Task9.Tests.fsproj", "{11604388-1F02-417A-9CB3-AB31594401B8}"
EndProject
Project("{F2A71F9B-5D33-465A-A702-920D77279786}") = "Task10.Tests", "tests\Task10.Tests\Task10.Tests.fsproj", "{5D497AA8-15E6-4977-A963-4A9BA561AA71}"
EndProject
Project("{F2A71F9B-5D33-465A-A702-920D77279786}") = "Task11.Tests", "tests\Task11.Tests\Task11.Tests.fsproj", "{49948F9F-2F4B-465B-A95E-CDAEB8CAF7C1}"
EndProject
Project("{F2A71F9B-5D33-465A-A702-920D77279786}") = "Task12.Tests", "tests\Task12.Tests\Task12.Tests.fsproj", "{FC23E0F5-798E-4FE2-A8B4-AD2C6D2631EA}"
EndProject
Project("{F2A71F9B-5D33-465A-A702-920D77279786}") = "Task13.Tests", "tests\Task13.Tests\Task13.Tests.fsproj", "{90F3555F-2746-4049-84EB-8F7B6FE57F94}"
EndProject
Project("{F2A71F9B-5D33-465A-A702-920D77279786}") = "Task16.Tests", "tests\Task16.Tests\Task16.Tests.fsproj", "{45EFE2D3-80C1-462F-ADFC-8A415D697BC3}"
EndProject
Project("{F2A71F9B-5D33-465A-A702-920D77279786}") = "Task18.Tests", "tests\Task18.Tests\Task18.Tests.fsproj", "{FD1EC887-7EDF-4F92-BF67-A4CD66466CAC}"
EndProject
Project("{F2A71F9B-5D33-465A-A702-920D77279786}") = "Task21", "src\Task21\Task21.fsproj", "{350A2673-9227-4387-BCE2-96019AE96576}"
EndProject
Project("{F2A71F9B-5D33-465A-A702-920D77279786}") = "Task21.Tests", "tests\Task21.Tests\Task21.Tests.fsproj", "{26F59819-7631-4F39-A590-D88DE2E6480D}"
EndProject
Global
	GlobalSection(SolutionConfigurationPlatforms) = preSolution
		Debug|Any CPU = Debug|Any CPU
		Release|Any CPU = Release|Any CPU
	EndGlobalSection
	GlobalSection(ProjectConfigurationPlatforms) = postSolution
		{6FD3C5BB-AA7E-47BD-BA0F-B26DC01AA79E}.Debug|Any CPU.ActiveCfg = Debug|Any CPU
		{6FD3C5BB-AA7E-47BD-BA0F-B26DC01AA79E}.Debug|Any CPU.Build.0 = Debug|Any CPU
		{6FD3C5BB-AA7E-47BD-BA0F-B26DC01AA79E}.Release|Any CPU.ActiveCfg = Release|Any CPU
		{6FD3C5BB-AA7E-47BD-BA0F-B26DC01AA79E}.Release|Any CPU.Build.0 = Release|Any CPU
		{77FA7059-1DD7-48F9-AFA0-D02F20D4007B}.Debug|Any CPU.ActiveCfg = Debug|Any CPU
		{77FA7059-1DD7-48F9-AFA0-D02F20D4007B}.Debug|Any CPU.Build.0 = Debug|Any CPU
		{77FA7059-1DD7-48F9-AFA0-D02F20D4007B}.Release|Any CPU.ActiveCfg = Release|Any CPU
		{77FA7059-1DD7-48F9-AFA0-D02F20D4007B}.Release|Any CPU.Build.0 = Release|Any CPU
		{FF7B0575-D27F-4DED-9A25-FABBBF0975AA}.Debug|Any CPU.ActiveCfg = Debug|Any CPU
		{FF7B0575-D27F-4DED-9A25-FABBBF0975AA}.Debug|Any CPU.Build.0 = Debug|Any CPU
		{FF7B0575-D27F-4DED-9A25-FABBBF0975AA}.Release|Any CPU.ActiveCfg = Release|Any CPU
		{FF7B0575-D27F-4DED-9A25-FABBBF0975AA}.Release|Any CPU.Build.0 = Release|Any CPU
		{AF493818-AD1F-45C2-B068-62B788C2F6B6}.Debug|Any CPU.ActiveCfg = Debug|Any CPU
		{AF493818-AD1F-45C2-B068-62B788C2F6B6}.Debug|Any CPU.Build.0 = Debug|Any CPU
		{AF493818-AD1F-45C2-B068-62B788C2F6B6}.Release|Any CPU.ActiveCfg = Release|Any CPU
		{AF493818-AD1F-45C2-B068-62B788C2F6B6}.Release|Any CPU.Build.0 = Release|Any CPU
		{247DDAEC-4B7B-488B-86C9-0329A7F6C02B}.Debug|Any CPU.ActiveCfg = Debug|Any CPU
		{247DDAEC-4B7B-488B-86C9-0329A7F6C02B}.Debug|Any CPU.Build.0 = Debug|Any CPU
		{247DDAEC-4B7B-488B-86C9-0329A7F6C02B}.Release|Any CPU.ActiveCfg = Release|Any CPU
		{247DDAEC-4B7B-488B-86C9-0329A7F6C02B}.Release|Any CPU.Build.0 = Release|Any CPU
		{EDD59B82-FBAE-4B67-9C72-41DC0DD97E17}.Debug|Any CPU.ActiveCfg = Debug|Any CPU
		{EDD59B82-FBAE-4B67-9C72-41DC0DD97E17}.Debug|Any CPU.Build.0 = Debug|Any CPU
		{EDD59B82-FBAE-4B67-9C72-41DC0DD97E17}.Release|Any CPU.ActiveCfg = Release|Any CPU
		{EDD59B82-FBAE-4B67-9C72-41DC0DD97E17}.Release|Any CPU.Build.0 = Release|Any CPU
		{9EC49618-DF5C-4CBD-993E-E4D5992BA9C7}.Debug|Any CPU.ActiveCfg = Debug|Any CPU
		{9EC49618-DF5C-4CBD-993E-E4D5992BA9C7}.Debug|Any CPU.Build.0 = Debug|Any CPU
		{9EC49618-DF5C-4CBD-993E-E4D5992BA9C7}.Release|Any CPU.ActiveCfg = Release|Any CPU
		{9EC49618-DF5C-4CBD-993E-E4D5992BA9C7}.Release|Any CPU.Build.0 = Release|Any CPU
		{259F2D5A-88B3-4A39-944F-B04E64FF8D22}.Debug|Any CPU.ActiveCfg = Debug|Any CPU
		{259F2D5A-88B3-4A39-944F-B04E64FF8D22}.Debug|Any CPU.Build.0 = Debug|Any CPU
		{259F2D5A-88B3-4A39-944F-B04E64FF8D22}.Release|Any CPU.ActiveCfg = Release|Any CPU
		{259F2D5A-88B3-4A39-944F-B04E64FF8D22}.Release|Any CPU.Build.0 = Release|Any CPU
		{47D73AB1-5B28-4BAA-8F70-8D4E1E8F608D}.Debug|Any CPU.ActiveCfg = Debug|Any CPU
		{47D73AB1-5B28-4BAA-8F70-8D4E1E8F608D}.Debug|Any CPU.Build.0 = Debug|Any CPU
		{47D73AB1-5B28-4BAA-8F70-8D4E1E8F608D}.Release|Any CPU.ActiveCfg = Release|Any CPU
		{47D73AB1-5B28-4BAA-8F70-8D4E1E8F608D}.Release|Any CPU.Build.0 = Release|Any CPU
		{51DA7B0E-FA40-4A9D-AAE8-CDBE77065E31}.Debug|Any CPU.ActiveCfg = Debug|Any CPU
		{51DA7B0E-FA40-4A9D-AAE8-CDBE77065E31}.Debug|Any CPU.Build.0 = Debug|Any CPU
		{51DA7B0E-FA40-4A9D-AAE8-CDBE77065E31}.Release|Any CPU.ActiveCfg = Release|Any CPU
		{51DA7B0E-FA40-4A9D-AAE8-CDBE77065E31}.Release|Any CPU.Build.0 = Release|Any CPU
		{7A142614-9C1B-4317-938D-6CD5A65F07B3}.Debug|Any CPU.ActiveCfg = Debug|Any CPU
		{7A142614-9C1B-4317-938D-6CD5A65F07B3}.Debug|Any CPU.Build.0 = Debug|Any CPU
		{7A142614-9C1B-4317-938D-6CD5A65F07B3}.Release|Any CPU.ActiveCfg = Release|Any CPU
		{7A142614-9C1B-4317-938D-6CD5A65F07B3}.Release|Any CPU.Build.0 = Release|Any CPU
		{83976BD9-61CC-4EC0-8649-88F38BB93467}.Debug|Any CPU.ActiveCfg = Debug|Any CPU
		{83976BD9-61CC-4EC0-8649-88F38BB93467}.Debug|Any CPU.Build.0 = Debug|Any CPU
		{83976BD9-61CC-4EC0-8649-88F38BB93467}.Release|Any CPU.ActiveCfg = Release|Any CPU
		{83976BD9-61CC-4EC0-8649-88F38BB93467}.Release|Any CPU.Build.0 = Release|Any CPU
		{23B7AB0A-3B5B-44B9-ACAC-B3B2E73B165F}.Debug|Any CPU.ActiveCfg = Debug|Any CPU
		{23B7AB0A-3B5B-44B9-ACAC-B3B2E73B165F}.Debug|Any CPU.Build.0 = Debug|Any CPU
		{23B7AB0A-3B5B-44B9-ACAC-B3B2E73B165F}.Release|Any CPU.ActiveCfg = Release|Any CPU
		{23B7AB0A-3B5B-44B9-ACAC-B3B2E73B165F}.Release|Any CPU.Build.0 = Release|Any CPU
		{938D4E80-2B35-4160-A0B2-E18513B8FDB6}.Debug|Any CPU.ActiveCfg = Debug|Any CPU
		{938D4E80-2B35-4160-A0B2-E18513B8FDB6}.Debug|Any CPU.Build.0 = Debug|Any CPU
		{938D4E80-2B35-4160-A0B2-E18513B8FDB6}.Release|Any CPU.ActiveCfg = Release|Any CPU
		{938D4E80-2B35-4160-A0B2-E18513B8FDB6}.Release|Any CPU.Build.0 = Release|Any CPU
		{A0702FF3-236B-433B-A9BF-B5D2530EFD6A}.Debug|Any CPU.ActiveCfg = Debug|Any CPU
		{A0702FF3-236B-433B-A9BF-B5D2530EFD6A}.Debug|Any CPU.Build.0 = Debug|Any CPU
		{A0702FF3-236B-433B-A9BF-B5D2530EFD6A}.Release|Any CPU.ActiveCfg = Release|Any CPU
		{A0702FF3-236B-433B-A9BF-B5D2530EFD6A}.Release|Any CPU.Build.0 = Release|Any CPU
		{35D7E4C7-13D7-49C3-825D-FAC05A499EDB}.Debug|Any CPU.ActiveCfg = Debug|Any CPU
		{35D7E4C7-13D7-49C3-825D-FAC05A499EDB}.Debug|Any CPU.Build.0 = Debug|Any CPU
		{35D7E4C7-13D7-49C3-825D-FAC05A499EDB}.Release|Any CPU.ActiveCfg = Release|Any CPU
		{35D7E4C7-13D7-49C3-825D-FAC05A499EDB}.Release|Any CPU.Build.0 = Release|Any CPU
		{21070AC7-74E7-4060-B7A8-E2ABAE32D645}.Debug|Any CPU.ActiveCfg = Debug|Any CPU
		{21070AC7-74E7-4060-B7A8-E2ABAE32D645}.Debug|Any CPU.Build.0 = Debug|Any CPU
		{21070AC7-74E7-4060-B7A8-E2ABAE32D645}.Release|Any CPU.ActiveCfg = Release|Any CPU
		{21070AC7-74E7-4060-B7A8-E2ABAE32D645}.Release|Any CPU.Build.0 = Release|Any CPU
		{F63C6B1E-A513-4ABB-87BD-E03147E05F5E}.Debug|Any CPU.ActiveCfg = Debug|Any CPU
		{F63C6B1E-A513-4ABB-87BD-E03147E05F5E}.Debug|Any CPU.Build.0 = Debug|Any CPU
		{F63C6B1E-A513-4ABB-87BD-E03147E05F5E}.Release|Any CPU.ActiveCfg = Release|Any CPU
		{F63C6B1E-A513-4ABB-87BD-E03147E05F5E}.Release|Any CPU.Build.0 = Release|Any CPU
		{9A203921-C2C5-4488-8295-3D12870E8F50}.Debug|Any CPU.ActiveCfg = Debug|Any CPU
		{9A203921-C2C5-4488-8295-3D12870E8F50}.Debug|Any CPU.Build.0 = Debug|Any CPU
		{9A203921-C2C5-4488-8295-3D12870E8F50}.Release|Any CPU.ActiveCfg = Release|Any CPU
		{9A203921-C2C5-4488-8295-3D12870E8F50}.Release|Any CPU.Build.0 = Release|Any CPU
		{16EA164E-624C-48E5-9690-C119ED4E2D49}.Debug|Any CPU.ActiveCfg = Debug|Any CPU
		{16EA164E-624C-48E5-9690-C119ED4E2D49}.Debug|Any CPU.Build.0 = Debug|Any CPU
		{16EA164E-624C-48E5-9690-C119ED4E2D49}.Release|Any CPU.ActiveCfg = Release|Any CPU
		{16EA164E-624C-48E5-9690-C119ED4E2D49}.Release|Any CPU.Build.0 = Release|Any CPU
		{E5534B2E-34D5-4338-8A7E-2A64627338A3}.Debug|Any CPU.ActiveCfg = Debug|Any CPU
		{E5534B2E-34D5-4338-8A7E-2A64627338A3}.Debug|Any CPU.Build.0 = Debug|Any CPU
		{E5534B2E-34D5-4338-8A7E-2A64627338A3}.Release|Any CPU.ActiveCfg = Release|Any CPU
		{E5534B2E-34D5-4338-8A7E-2A64627338A3}.Release|Any CPU.Build.0 = Release|Any CPU
		{37BA01B7-9B6E-4E98-B6DE-E75F2AEC371F}.Debug|Any CPU.ActiveCfg = Debug|Any CPU
		{37BA01B7-9B6E-4E98-B6DE-E75F2AEC371F}.Debug|Any CPU.Build.0 = Debug|Any CPU
		{37BA01B7-9B6E-4E98-B6DE-E75F2AEC371F}.Release|Any CPU.ActiveCfg = Release|Any CPU
		{37BA01B7-9B6E-4E98-B6DE-E75F2AEC371F}.Release|Any CPU.Build.0 = Release|Any CPU
		{F8D6B96C-8D4A-44C6-BB95-66C6C18AE0D1}.Debug|Any CPU.ActiveCfg = Debug|Any CPU
		{F8D6B96C-8D4A-44C6-BB95-66C6C18AE0D1}.Debug|Any CPU.Build.0 = Debug|Any CPU
		{F8D6B96C-8D4A-44C6-BB95-66C6C18AE0D1}.Release|Any CPU.ActiveCfg = Release|Any CPU
		{F8D6B96C-8D4A-44C6-BB95-66C6C18AE0D1}.Release|Any CPU.Build.0 = Release|Any CPU
		{E6AFA617-21B2-4655-B1E8-36E95061DDA2}.Debug|Any CPU.ActiveCfg = Debug|Any CPU
		{E6AFA617-21B2-4655-B1E8-36E95061DDA2}.Debug|Any CPU.Build.0 = Debug|Any CPU
		{E6AFA617-21B2-4655-B1E8-36E95061DDA2}.Release|Any CPU.ActiveCfg = Release|Any CPU
		{E6AFA617-21B2-4655-B1E8-36E95061DDA2}.Release|Any CPU.Build.0 = Release|Any CPU
		{3B924F7B-FCF0-4C5E-A3FF-B2CB9713C2CA}.Debug|Any CPU.ActiveCfg = Debug|Any CPU
		{3B924F7B-FCF0-4C5E-A3FF-B2CB9713C2CA}.Debug|Any CPU.Build.0 = Debug|Any CPU
		{3B924F7B-FCF0-4C5E-A3FF-B2CB9713C2CA}.Release|Any CPU.ActiveCfg = Release|Any CPU
		{3B924F7B-FCF0-4C5E-A3FF-B2CB9713C2CA}.Release|Any CPU.Build.0 = Release|Any CPU
		{11604388-1F02-417A-9CB3-AB31594401B8}.Debug|Any CPU.ActiveCfg = Debug|Any CPU
		{11604388-1F02-417A-9CB3-AB31594401B8}.Debug|Any CPU.Build.0 = Debug|Any CPU
		{11604388-1F02-417A-9CB3-AB31594401B8}.Release|Any CPU.ActiveCfg = Release|Any CPU
		{11604388-1F02-417A-9CB3-AB31594401B8}.Release|Any CPU.Build.0 = Release|Any CPU
		{5D497AA8-15E6-4977-A963-4A9BA561AA71}.Debug|Any CPU.ActiveCfg = Debug|Any CPU
		{5D497AA8-15E6-4977-A963-4A9BA561AA71}.Debug|Any CPU.Build.0 = Debug|Any CPU
		{5D497AA8-15E6-4977-A963-4A9BA561AA71}.Release|Any CPU.ActiveCfg = Release|Any CPU
		{5D497AA8-15E6-4977-A963-4A9BA561AA71}.Release|Any CPU.Build.0 = Release|Any CPU
		{49948F9F-2F4B-465B-A95E-CDAEB8CAF7C1}.Debug|Any CPU.ActiveCfg = Debug|Any CPU
		{49948F9F-2F4B-465B-A95E-CDAEB8CAF7C1}.Debug|Any CPU.Build.0 = Debug|Any CPU
		{49948F9F-2F4B-465B-A95E-CDAEB8CAF7C1}.Release|Any CPU.ActiveCfg = Release|Any CPU
		{49948F9F-2F4B-465B-A95E-CDAEB8CAF7C1}.Release|Any CPU.Build.0 = Release|Any CPU
		{FC23E0F5-798E-4FE2-A8B4-AD2C6D2631EA}.Debug|Any CPU.ActiveCfg = Debug|Any CPU
		{FC23E0F5-798E-4FE2-A8B4-AD2C6D2631EA}.Debug|Any CPU.Build.0 = Debug|Any CPU
		{FC23E0F5-798E-4FE2-A8B4-AD2C6D2631EA}.Release|Any CPU.ActiveCfg = Release|Any CPU
		{FC23E0F5-798E-4FE2-A8B4-AD2C6D2631EA}.Release|Any CPU.Build.0 = Release|Any CPU
		{90F3555F-2746-4049-84EB-8F7B6FE57F94}.Debug|Any CPU.ActiveCfg = Debug|Any CPU
		{90F3555F-2746-4049-84EB-8F7B6FE57F94}.Debug|Any CPU.Build.0 = Debug|Any CPU
		{90F3555F-2746-4049-84EB-8F7B6FE57F94}.Release|Any CPU.ActiveCfg = Release|Any CPU
		{90F3555F-2746-4049-84EB-8F7B6FE57F94}.Release|Any CPU.Build.0 = Release|Any CPU
		{45EFE2D3-80C1-462F-ADFC-8A415D697BC3}.Debug|Any CPU.ActiveCfg = Debug|Any CPU
		{45EFE2D3-80C1-462F-ADFC-8A415D697BC3}.Debug|Any CPU.Build.0 = Debug|Any CPU
		{45EFE2D3-80C1-462F-ADFC-8A415D697BC3}.Release|Any CPU.ActiveCfg = Release|Any CPU
		{45EFE2D3-80C1-462F-ADFC-8A415D697BC3}.Release|Any CPU.Build.0 = Release|Any CPU
		{FD1EC887-7EDF-4F92-BF67-A4CD66466CAC}.Debug|Any CPU.ActiveCfg = Debug|Any CPU
		{FD1EC887-7EDF-4F92-BF67-A4CD66466CAC}.Debug|Any CPU.Build.0 = Debug|Any CPU
		{FD1EC887-7EDF-4F92-BF67-A4CD66466CAC}.Release|Any CPU.ActiveCfg = Release|Any CPU
		{FD1EC887-7EDF-4F92-BF67-A4CD66466CAC}.Release|Any CPU.Build.0 = Release|Any CPU
		{350A2673-9227-4387-BCE2-96019AE96576}.Debug|Any CPU.ActiveCfg = Debug|Any CPU
		{350A2673-9227-4387-BCE2-96019AE96576}.Debug|Any CPU.Build.0 = Debug|Any CPU
		{350A2673-9227-4387-BCE2-96019AE96576}.Release|Any CPU.ActiveCfg = Release|Any CPU
		{350A2673-9227-4387-BCE2-96019AE96576}.Release|Any CPU.Build.0 = Release|Any CPU
		{26F59819-7631-4F39-A590-D88DE2E6480D}.Debug|Any CPU.ActiveCfg = Debug|Any CPU
		{26F59819-7631-4F39-A590-D88DE2E6480D}.Debug|Any CPU.Build.0 = Debug|Any CPU
		{26F59819-7631-4F39-A590-D88DE2E6480D}.Release|Any CPU.ActiveCfg = Release|Any CPU
		{26F59819-7631-4F39-A590-D88DE2E6480D}.Release|Any CPU.Build.0 = Release|Any CPU
	EndGlobalSection
	GlobalSection(SolutionProperties) = preSolution
		HideSolutionNode = FALSE
	EndGlobalSection
	GlobalSection(NestedProjects) = preSolution
		{6FD3C5BB-AA7E-47BD-BA0F-B26DC01AA79E} = {BA81B256-CAE7-4840-AC69-2FB83C72C4CD}
		{83F16175-43B1-4C90-A1EE-8E351C33435D} = {A6A6AF7D-D6E3-442D-9B1E-58CC91879BE1}
		{8E6D5255-776D-4B61-85F9-73C37AA1FB9A} = {A6A6AF7D-D6E3-442D-9B1E-58CC91879BE1}
		{77FA7059-1DD7-48F9-AFA0-D02F20D4007B} = {ED8079DD-2B06-4030-9F0F-DC548F98E1C4}
		{FF7B0575-D27F-4DED-9A25-FABBBF0975AA} = {BA81B256-CAE7-4840-AC69-2FB83C72C4CD}
		{AF493818-AD1F-45C2-B068-62B788C2F6B6} = {BA81B256-CAE7-4840-AC69-2FB83C72C4CD}
		{247DDAEC-4B7B-488B-86C9-0329A7F6C02B} = {BA81B256-CAE7-4840-AC69-2FB83C72C4CD}
		{EDD59B82-FBAE-4B67-9C72-41DC0DD97E17} = {BA81B256-CAE7-4840-AC69-2FB83C72C4CD}
		{9EC49618-DF5C-4CBD-993E-E4D5992BA9C7} = {BA81B256-CAE7-4840-AC69-2FB83C72C4CD}
		{259F2D5A-88B3-4A39-944F-B04E64FF8D22} = {BA81B256-CAE7-4840-AC69-2FB83C72C4CD}
		{47D73AB1-5B28-4BAA-8F70-8D4E1E8F608D} = {BA81B256-CAE7-4840-AC69-2FB83C72C4CD}
		{51DA7B0E-FA40-4A9D-AAE8-CDBE77065E31} = {BA81B256-CAE7-4840-AC69-2FB83C72C4CD}
		{7A142614-9C1B-4317-938D-6CD5A65F07B3} = {BA81B256-CAE7-4840-AC69-2FB83C72C4CD}
		{83976BD9-61CC-4EC0-8649-88F38BB93467} = {BA81B256-CAE7-4840-AC69-2FB83C72C4CD}
		{23B7AB0A-3B5B-44B9-ACAC-B3B2E73B165F} = {BA81B256-CAE7-4840-AC69-2FB83C72C4CD}
		{938D4E80-2B35-4160-A0B2-E18513B8FDB6} = {BA81B256-CAE7-4840-AC69-2FB83C72C4CD}
		{A0702FF3-236B-433B-A9BF-B5D2530EFD6A} = {BA81B256-CAE7-4840-AC69-2FB83C72C4CD}
		{35D7E4C7-13D7-49C3-825D-FAC05A499EDB} = {BA81B256-CAE7-4840-AC69-2FB83C72C4CD}
		{21070AC7-74E7-4060-B7A8-E2ABAE32D645} = {BA81B256-CAE7-4840-AC69-2FB83C72C4CD}
		{F63C6B1E-A513-4ABB-87BD-E03147E05F5E} = {BA81B256-CAE7-4840-AC69-2FB83C72C4CD}
		{9A203921-C2C5-4488-8295-3D12870E8F50} = {ED8079DD-2B06-4030-9F0F-DC548F98E1C4}
		{16EA164E-624C-48E5-9690-C119ED4E2D49} = {ED8079DD-2B06-4030-9F0F-DC548F98E1C4}
		{E5534B2E-34D5-4338-8A7E-2A64627338A3} = {ED8079DD-2B06-4030-9F0F-DC548F98E1C4}
		{37BA01B7-9B6E-4E98-B6DE-E75F2AEC371F} = {ED8079DD-2B06-4030-9F0F-DC548F98E1C4}
		{F8D6B96C-8D4A-44C6-BB95-66C6C18AE0D1} = {ED8079DD-2B06-4030-9F0F-DC548F98E1C4}
		{E6AFA617-21B2-4655-B1E8-36E95061DDA2} = {ED8079DD-2B06-4030-9F0F-DC548F98E1C4}
		{3B924F7B-FCF0-4C5E-A3FF-B2CB9713C2CA} = {ED8079DD-2B06-4030-9F0F-DC548F98E1C4}
		{11604388-1F02-417A-9CB3-AB31594401B8} = {ED8079DD-2B06-4030-9F0F-DC548F98E1C4}
		{5D497AA8-15E6-4977-A963-4A9BA561AA71} = {ED8079DD-2B06-4030-9F0F-DC548F98E1C4}
		{49948F9F-2F4B-465B-A95E-CDAEB8CAF7C1} = {ED8079DD-2B06-4030-9F0F-DC548F98E1C4}
		{FC23E0F5-798E-4FE2-A8B4-AD2C6D2631EA} = {ED8079DD-2B06-4030-9F0F-DC548F98E1C4}
		{90F3555F-2746-4049-84EB-8F7B6FE57F94} = {ED8079DD-2B06-4030-9F0F-DC548F98E1C4}
		{45EFE2D3-80C1-462F-ADFC-8A415D697BC3} = {ED8079DD-2B06-4030-9F0F-DC548F98E1C4}
		{FD1EC887-7EDF-4F92-BF67-A4CD66466CAC} = {ED8079DD-2B06-4030-9F0F-DC548F98E1C4}
		{350A2673-9227-4387-BCE2-96019AE96576} = {BA81B256-CAE7-4840-AC69-2FB83C72C4CD}
		{26F59819-7631-4F39-A590-D88DE2E6480D} = {ED8079DD-2B06-4030-9F0F-DC548F98E1C4}
	EndGlobalSection
EndGlobal
